Microsoft Visual Studio Solution File, Format Version 10.00
# Visual Basic Express 2008
Project("{F184B08F-C81C-45F6-A57F-5ABD9991F28F}") = "atcUtility", "atcUtility\atcUtility.vbproj", "{67027820-9036-481E-80F6-077E5085F59D}"
EndProject
Project("{F184B08F-C81C-45F6-A57F-5ABD9991F28F}") = "atcData", "atcData\atcData.vbproj", "{A9A00CAD-9EAD-4228-AB08-6DC3BAF253AA}"
EndProject
Project("{F184B08F-C81C-45F6-A57F-5ABD9991F28F}") = "atcControls", "atcControls\atcControls.vbproj", "{B219575F-1541-41DB-9FA4-D9D7CD62B4A5}"
EndProject
Project("{F184B08F-C81C-45F6-A57F-5ABD9991F28F}") = "atcGraph", "atcGraphExperimental\atcGraph.vbproj", "{D52E1A9C-E219-4DF7-9CA8-B4FD1B28CEC9}"
EndProject
Project("{F184B08F-C81C-45F6-A57F-5ABD9991F28F}") = "atcTimeseriesMath", "atcTimeseriesMath\atcTimeseriesMath.vbproj", "{BD299EB7-7A62-4EF9-8806-86E9288C498F}"
EndProject
Project("{F184B08F-C81C-45F6-A57F-5ABD9991F28F}") = "atcWDM", "atcWDM\atcWDM.vbproj", "{F0F41E48-35ED-43F4-AB00-30252B0E5690}"
EndProject
Project("{F184B08F-C81C-45F6-A57F-5ABD9991F28F}") = "BASINS", "BASINS\BASINS.vbproj", "{FE50F2FD-56E7-421E-A85D-A1F2DDCD5D9A}"
EndProject
Project("{F184B08F-C81C-45F6-A57F-5ABD9991F28F}") = "atcHspfBinOut", "atcHspfBinOut\atcHspfBinOut.vbproj", "{61FAB3D2-9A2D-4D0A-BC4D-41C499DBE4B9}"
EndProject
Project("{F184B08F-C81C-45F6-A57F-5ABD9991F28F}") = "atcProjector", "atcProjector\atcProjector.vbproj", "{863771D3-EA5B-45D2-8416-B75E9ADA8D7B}"
EndProject
Project("{F184B08F-C81C-45F6-A57F-5ABD9991F28F}") = "atcList", "atcList\atcList.vbproj", "{A1A87CB8-8B9E-4C90-9549-C065357E499F}"
EndProject
Project("{F184B08F-C81C-45F6-A57F-5ABD9991F28F}") = "atcTimeseriesNdayHighLow", "atcTimeseriesNdayHighLow\atcTimeseriesNdayHighLow.vbproj", "{24EEBEFB-2B19-489D-B3AF-9FE00A56346E}"
EndProject
Project("{F184B08F-C81C-45F6-A57F-5ABD9991F28F}") = "atcSeasons", "atcSeasons\atcSeasons.vbproj", "{12F7FDD0-A6EC-4ABE-A01B-790AD8CAEF03}"
EndProject
Project("{F184B08F-C81C-45F6-A57F-5ABD9991F28F}") = "atcSeasonalAttributes", "atcSeasonalAttributes\atcSeasonalAttributes.vbproj", "{50FEF6BE-F961-4949-8658-2948DE7B777B}"
EndProject
Project("{F184B08F-C81C-45F6-A57F-5ABD9991F28F}") = "atcFrequencyGrid", "atcFrequencyGrid\atcFrequencyGrid.vbproj", "{1E20B43E-B33D-4396-A7E1-498F72EBA5A4}"
EndProject
Project("{F184B08F-C81C-45F6-A57F-5ABD9991F28F}") = "atcMwGisUtility", "atcMwGisUtility\atcMwGisUtility.vbproj", "{350D3BE7-35A4-4B09-9D28-DDE2F6B716CD}"
EndProject
Project("{F184B08F-C81C-45F6-A57F-5ABD9991F28F}") = "atcEvents", "atcEvents\atcEvents.vbproj", "{9F469FD8-4A92-4C1F-901C-93D84D457D8F}"
EndProject
Project("{F184B08F-C81C-45F6-A57F-5ABD9991F28F}") = "atcMetCmp", "atcMetCmp\atcMetCmp.vbproj", "{72264BDC-23F5-4A55-B53D-0752099CB263}"
EndProject
Project("{F184B08F-C81C-45F6-A57F-5ABD9991F28F}") = "atcDataTree", "atcDataTree\atcDataTree.vbproj", "{F4EF0925-945B-418C-9A81-8490D89985DB}"
EndProject
Project("{F184B08F-C81C-45F6-A57F-5ABD9991F28F}") = "atcLandUse", "atcLandUse\atcLandUse.vbproj", "{6EDD0CE5-8EF6-4BA3-9953-CFD027F7FCC9}"
EndProject
Project("{F184B08F-C81C-45F6-A57F-5ABD9991F28F}") = "atcManDelin", "atcManDelin\atcManDelin.vbproj", "{21CF6B20-3932-46DF-A8C1-0ADCCC61328F}"
EndProject
Project("{F184B08F-C81C-45F6-A57F-5ABD9991F28F}") = "atcLookup", "atcLookup\atcLookup.vbproj", "{EBAB4B57-1E71-4C28-BF3E-FA3E16D296DF}"
EndProject
Project("{F184B08F-C81C-45F6-A57F-5ABD9991F28F}") = "atcModelSetup", "atcModelSetup\atcModelSetup.vbproj", "{AF800243-4EC0-4ABA-A722-85872F7BD308}"
EndProject
Project("{F184B08F-C81C-45F6-A57F-5ABD9991F28F}") = "atcBasinsObsWQ", "atcBasinsObsWQ\atcBasinsObsWQ.vbproj", "{7DCB47A0-7B03-4B7C-BC42-B8D920D46604}"
EndProject
Project("{F184B08F-C81C-45F6-A57F-5ABD9991F28F}") = "atcSWATDBF", "atcSWATDBF\atcSWATDBF.vbproj", "{8DF179A4-2D5B-43B0-A78F-EF7B65F36AD5}"
EndProject
Project("{F184B08F-C81C-45F6-A57F-5ABD9991F28F}") = "atcReport", "atcReport\atcReport.vbproj", "{EE3BB0CA-BB0A-4FB6-9AB3-E73F57DD4A21}"
EndProject
Project("{F184B08F-C81C-45F6-A57F-5ABD9991F28F}") = "atcCligen", "atcCligen\atcCligen.vbproj", "{2EBD52CD-4BB4-4EC9-BE11-1101602958A2}"
EndProject
Project("{F184B08F-C81C-45F6-A57F-5ABD9991F28F}") = "atcCligenOutput", "atcCligenOutput\atcCligenOutput.vbproj", "{DA829F2D-1760-4A50-A545-05B43798CB06}"
EndProject
Project("{F184B08F-C81C-45F6-A57F-5ABD9991F28F}") = "atcClimateAssessmentTool", "atcClimateAssessmentTool\atcClimateAssessmentTool.vbproj", "{F40002FE-5698-4767-8198-997EE31A96A0}"
EndProject
Project("{F184B08F-C81C-45F6-A57F-5ABD9991F28F}") = "atcNOAA", "atcNOAA\atcNOAA.vbproj", "{0B5BECA9-83A8-4CEC-A476-380E9F630091}"
EndProject
Project("{F184B08F-C81C-45F6-A57F-5ABD9991F28F}") = "atcNOAAHPD", "atcNOAAHPD\atcNOAAHPD.vbproj", "{4A527E69-B21C-48C5-933E-2B45BADE7839}"
EndProject
Project("{F184B08F-C81C-45F6-A57F-5ABD9991F28F}") = "atcNOAAISH", "atcNOAAISH\atcNOAAISH.vbproj", "{24A67A2D-7C18-4DCB-976C-2C15C8AB9E6B}"
EndProject
Project("{F184B08F-C81C-45F6-A57F-5ABD9991F28F}") = "atcPollutantLoading", "atcPollutantLoading\atcPollutantLoading.vbproj", "{9F91345F-B696-40B0-A6A4-65D93B8489FD}"
EndProject
Project("{F184B08F-C81C-45F6-A57F-5ABD9991F28F}") = "atcSynopticAnalysis", "atcSynopticAnalysis\atcSynopticAnalysis.vbproj", "{FABF7AA3-DDE7-48A4-8226-ECD3AD423597}"
EndProject
Project("{F184B08F-C81C-45F6-A57F-5ABD9991F28F}") = "atcUCI", "atcUCI\atcUCI.vbproj", "{2FC4314B-792B-40A3-B540-ACA05B9EA86B}"
EndProject
Project("{F184B08F-C81C-45F6-A57F-5ABD9991F28F}") = "atcGisUtiliies", "atcGisUtilities\atcGisUtiliies.vbproj", "{E5D23BF6-95FE-4DDF-A1FF-3E0A7F5DCF5F}"
EndProject
Project("{F184B08F-C81C-45F6-A57F-5ABD9991F28F}") = "atcTimeseriesDbf", "atcTimeseriesDbf\atcTimeseriesDbf.vbproj", "{F05FE01B-E35C-4444-B5A2-47085D073631}"
EndProject
Project("{F184B08F-C81C-45F6-A57F-5ABD9991F28F}") = "D4EMDownloadData", "D4EMDownloadData\D4EMDownloadData.vbproj", "{ADD48409-FC1F-4A92-B07C-6B9A9A5BAC72}"
EndProject
Project("{F184B08F-C81C-45F6-A57F-5ABD9991F28F}") = "BASINS-D4EMNHDPlusDataExtension", "..\D4EM\DataManager\NHDPlusDataExtension\BASINS-D4EMNHDPlusDataExtension.vbproj", "{FA614D8D-3AFA-4F01-8A5F-6D1887BA2AF8}"
EndProject
Project("{F184B08F-C81C-45F6-A57F-5ABD9991F28F}") = "BASINS-D4EMBasinsDataExtension", "..\D4EM\DataManager\BasinsDataExtension\BASINS-D4EMBasinsDataExtension.vbproj", "{6B46450E-F526-4C3C-BC4D-0D11735022BF}"
EndProject
Project("{F184B08F-C81C-45F6-A57F-5ABD9991F28F}") = "atcHspfSupport", "atcHspfSupport\atcHspfSupport.vbproj", "{3B2EB97A-A305-4394-9843-72E138815152}"
EndProject
Project("{F184B08F-C81C-45F6-A57F-5ABD9991F28F}") = "BASINS-D4EMDataManager", "..\D4EM\DataManager\DataManager\BASINS-D4EMDataManager.vbproj", "{59E61F35-B014-4D34-8277-63FF6BE40DD6}"
EndProject
Project("{F184B08F-C81C-45F6-A57F-5ABD9991F28F}") = "atcTimeseriesWRDB", "atcTimeseriesWRDB\atcTimeseriesWRDB.vbproj", "{5E5A80B8-06DC-428F-A139-F1CF20D756B2}"
EndProject
Project("{F184B08F-C81C-45F6-A57F-5ABD9991F28F}") = "atcSegmentation", "atcSegmentation\atcSegmentation.vbproj", "{813E3F46-36CA-4320-BB05-325EEC553D3D}"
EndProject
Project("{F184B08F-C81C-45F6-A57F-5ABD9991F28F}") = "atcTimeseriesStatistics", "atcTimeseriesStatistics\atcTimeseriesStatistics.vbproj", "{7E40E3E6-BF8E-45B5-99AF-4E11DAF039FD}"
EndProject
Project("{F184B08F-C81C-45F6-A57F-5ABD9991F28F}") = "atcTimeseriesRDB", "atcTimeseriesRDB\atcTimeseriesRDB.vbproj", "{EA68C9C7-8A7A-4EDF-8944-413E4E7FA276}"
EndProject
Project("{F184B08F-C81C-45F6-A57F-5ABD9991F28F}") = "BASINS-D4EMNWISDataExtension", "..\D4EM\DataManager\NWISDataExtension\BASINS-D4EMNWISDataExtension.vbproj", "{A97D1620-BFDE-4733-B2DC-10F32323DF8E}"
EndProject
Project("{F184B08F-C81C-45F6-A57F-5ABD9991F28F}") = "BASINS-D4EMNLCD2001", "..\D4EM\DataManager\NLCD2001DataExtension\BASINS-D4EMNLCD2001.vbproj", "{3C3FF908-D16B-4866-9CF1-8A31D1B72F58}"
EndProject
Project("{F184B08F-C81C-45F6-A57F-5ABD9991F28F}") = "atcWASP", "atcWASP\atcWASP.vbproj", "{74201F53-B122-40F0-9678-1DCDC45E99BC}"
EndProject
Project("{F184B08F-C81C-45F6-A57F-5ABD9991F28F}") = "atcWASPPlugIn", "atcWASPPlugIn\atcWASPPlugIn.vbproj", "{701A6CF3-2347-4DD1-B6A8-589F4B98D26E}"
EndProject
Project("{F184B08F-C81C-45F6-A57F-5ABD9991F28F}") = "atcSWMM", "atcSWMM\atcSWMM.vbproj", "{EB1F831C-4588-4FA5-A9F9-68B0D9E1C390}"
EndProject
Project("{F184B08F-C81C-45F6-A57F-5ABD9991F28F}") = "atcSWMMPlugIn", "atcSWMMPlugIn\atcSWMMPlugIn.vbproj", "{CF2F19C1-7495-472C-B065-1C4DBE25107E}"
EndProject
Project("{F184B08F-C81C-45F6-A57F-5ABD9991F28F}") = "HTMLBuilder", "atcSediment\HTMLBuilder\HTMLBuilder.vbproj", "{6EA9D463-E649-4371-ADD3-80D2216C189B}"
EndProject
Project("{F184B08F-C81C-45F6-A57F-5ABD9991F28F}") = "atcTimeseriesSWAT", "atcTimeseriesSWAT\atcTimeseriesSWAT.vbproj", "{8157C92A-68A6-498D-84B7-EF2A299AB7BA}"
EndProject
Project("{F184B08F-C81C-45F6-A57F-5ABD9991F28F}") = "atcTimeseriesD4EM", "atcTimeseriesD4EM\atcTimeseriesD4EM.vbproj", "{31440B87-261C-4E1C-ADAB-76DA74B0A0FE}"
EndProject
Project("{F184B08F-C81C-45F6-A57F-5ABD9991F28F}") = "atcModelSegmentation", "atcModelSegmentation\atcModelSegmentation.vbproj", "{9CE0D790-6663-44B5-9902-4FB85EE36613}"
EndProject
Project("{F184B08F-C81C-45F6-A57F-5ABD9991F28F}") = "atcTimeseriesExcel", "atcTimeseriesExcel\atcTimeseriesExcel.vbproj", "{94048896-37EE-4760-8707-8E5989498943}"
EndProject
Project("{F184B08F-C81C-45F6-A57F-5ABD9991F28F}") = "atcTimeseriesSTORET", "atcTimeseriesSTORET\atcTimeseriesSTORET.vbproj", "{F1FE7C7D-3477-400C-96BE-6BD43C1D7896}"
EndProject
Project("{F184B08F-C81C-45F6-A57F-5ABD9991F28F}") = "atcSynopInput", "atcSynopInput\atcSynopInput.vbproj", "{69A2617A-01FB-457D-883E-22BF45EEAD64}"
EndProject
Project("{F184B08F-C81C-45F6-A57F-5ABD9991F28F}") = "DFLOWAnalysis", "..\DFLOW\DFLOWAnalysis.vbproj", "{B1998404-5A6C-49AB-BE38-ECFDAA8361B0}"
EndProject
Global
	GlobalSection(SolutionConfigurationPlatforms) = preSolution
		Debug|Any CPU = Debug|Any CPU
		Release|Any CPU = Release|Any CPU
	EndGlobalSection
	GlobalSection(ProjectConfigurationPlatforms) = postSolution
		{67027820-9036-481E-80F6-077E5085F59D}.Debug|Any CPU.ActiveCfg = Debug|Any CPU
		{67027820-9036-481E-80F6-077E5085F59D}.Debug|Any CPU.Build.0 = Debug|Any CPU
		{67027820-9036-481E-80F6-077E5085F59D}.Release|Any CPU.ActiveCfg = Release|Any CPU
		{67027820-9036-481E-80F6-077E5085F59D}.Release|Any CPU.Build.0 = Release|Any CPU
		{A9A00CAD-9EAD-4228-AB08-6DC3BAF253AA}.Debug|Any CPU.ActiveCfg = Debug|Any CPU
		{A9A00CAD-9EAD-4228-AB08-6DC3BAF253AA}.Debug|Any CPU.Build.0 = Debug|Any CPU
		{A9A00CAD-9EAD-4228-AB08-6DC3BAF253AA}.Release|Any CPU.ActiveCfg = Release|Any CPU
		{A9A00CAD-9EAD-4228-AB08-6DC3BAF253AA}.Release|Any CPU.Build.0 = Release|Any CPU
		{B219575F-1541-41DB-9FA4-D9D7CD62B4A5}.Debug|Any CPU.ActiveCfg = Debug|Any CPU
		{B219575F-1541-41DB-9FA4-D9D7CD62B4A5}.Debug|Any CPU.Build.0 = Debug|Any CPU
		{B219575F-1541-41DB-9FA4-D9D7CD62B4A5}.Release|Any CPU.ActiveCfg = Release|Any CPU
		{B219575F-1541-41DB-9FA4-D9D7CD62B4A5}.Release|Any CPU.Build.0 = Release|Any CPU
		{D52E1A9C-E219-4DF7-9CA8-B4FD1B28CEC9}.Debug|Any CPU.ActiveCfg = Debug|Any CPU
		{D52E1A9C-E219-4DF7-9CA8-B4FD1B28CEC9}.Debug|Any CPU.Build.0 = Debug|Any CPU
		{D52E1A9C-E219-4DF7-9CA8-B4FD1B28CEC9}.Release|Any CPU.ActiveCfg = Release|Any CPU
		{D52E1A9C-E219-4DF7-9CA8-B4FD1B28CEC9}.Release|Any CPU.Build.0 = Release|Any CPU
		{BD299EB7-7A62-4EF9-8806-86E9288C498F}.Debug|Any CPU.ActiveCfg = Debug|Any CPU
		{BD299EB7-7A62-4EF9-8806-86E9288C498F}.Debug|Any CPU.Build.0 = Debug|Any CPU
		{BD299EB7-7A62-4EF9-8806-86E9288C498F}.Release|Any CPU.ActiveCfg = Release|Any CPU
		{BD299EB7-7A62-4EF9-8806-86E9288C498F}.Release|Any CPU.Build.0 = Release|Any CPU
		{F0F41E48-35ED-43F4-AB00-30252B0E5690}.Debug|Any CPU.ActiveCfg = Debug|Any CPU
		{F0F41E48-35ED-43F4-AB00-30252B0E5690}.Debug|Any CPU.Build.0 = Debug|Any CPU
		{F0F41E48-35ED-43F4-AB00-30252B0E5690}.Release|Any CPU.ActiveCfg = Release|Any CPU
		{F0F41E48-35ED-43F4-AB00-30252B0E5690}.Release|Any CPU.Build.0 = Release|Any CPU
		{FE50F2FD-56E7-421E-A85D-A1F2DDCD5D9A}.Debug|Any CPU.ActiveCfg = Debug|Any CPU
		{FE50F2FD-56E7-421E-A85D-A1F2DDCD5D9A}.Debug|Any CPU.Build.0 = Debug|Any CPU
		{FE50F2FD-56E7-421E-A85D-A1F2DDCD5D9A}.Release|Any CPU.ActiveCfg = Release|Any CPU
		{FE50F2FD-56E7-421E-A85D-A1F2DDCD5D9A}.Release|Any CPU.Build.0 = Release|Any CPU
		{61FAB3D2-9A2D-4D0A-BC4D-41C499DBE4B9}.Debug|Any CPU.ActiveCfg = Debug|Any CPU
		{61FAB3D2-9A2D-4D0A-BC4D-41C499DBE4B9}.Debug|Any CPU.Build.0 = Debug|Any CPU
		{61FAB3D2-9A2D-4D0A-BC4D-41C499DBE4B9}.Release|Any CPU.ActiveCfg = Release|Any CPU
		{863771D3-EA5B-45D2-8416-B75E9ADA8D7B}.Debug|Any CPU.ActiveCfg = Debug|Any CPU
		{863771D3-EA5B-45D2-8416-B75E9ADA8D7B}.Debug|Any CPU.Build.0 = Debug|Any CPU
		{863771D3-EA5B-45D2-8416-B75E9ADA8D7B}.Release|Any CPU.ActiveCfg = Release|Any CPU
		{863771D3-EA5B-45D2-8416-B75E9ADA8D7B}.Release|Any CPU.Build.0 = Release|Any CPU
		{A1A87CB8-8B9E-4C90-9549-C065357E499F}.Debug|Any CPU.ActiveCfg = Debug|Any CPU
		{A1A87CB8-8B9E-4C90-9549-C065357E499F}.Debug|Any CPU.Build.0 = Debug|Any CPU
		{A1A87CB8-8B9E-4C90-9549-C065357E499F}.Release|Any CPU.ActiveCfg = Release|Any CPU
		{A1A87CB8-8B9E-4C90-9549-C065357E499F}.Release|Any CPU.Build.0 = Release|Any CPU
		{24EEBEFB-2B19-489D-B3AF-9FE00A56346E}.Debug|Any CPU.ActiveCfg = Debug|Any CPU
		{24EEBEFB-2B19-489D-B3AF-9FE00A56346E}.Debug|Any CPU.Build.0 = Debug|Any CPU
		{24EEBEFB-2B19-489D-B3AF-9FE00A56346E}.Release|Any CPU.ActiveCfg = Release|Any CPU
		{24EEBEFB-2B19-489D-B3AF-9FE00A56346E}.Release|Any CPU.Build.0 = Release|Any CPU
		{12F7FDD0-A6EC-4ABE-A01B-790AD8CAEF03}.Debug|Any CPU.ActiveCfg = Debug|Any CPU
		{12F7FDD0-A6EC-4ABE-A01B-790AD8CAEF03}.Debug|Any CPU.Build.0 = Debug|Any CPU
		{12F7FDD0-A6EC-4ABE-A01B-790AD8CAEF03}.Release|Any CPU.ActiveCfg = Release|Any CPU
		{12F7FDD0-A6EC-4ABE-A01B-790AD8CAEF03}.Release|Any CPU.Build.0 = Release|Any CPU
		{50FEF6BE-F961-4949-8658-2948DE7B777B}.Debug|Any CPU.ActiveCfg = Debug|Any CPU
		{50FEF6BE-F961-4949-8658-2948DE7B777B}.Debug|Any CPU.Build.0 = Debug|Any CPU
		{50FEF6BE-F961-4949-8658-2948DE7B777B}.Release|Any CPU.ActiveCfg = Release|Any CPU
		{50FEF6BE-F961-4949-8658-2948DE7B777B}.Release|Any CPU.Build.0 = Release|Any CPU
		{1E20B43E-B33D-4396-A7E1-498F72EBA5A4}.Debug|Any CPU.ActiveCfg = Debug|Any CPU
		{1E20B43E-B33D-4396-A7E1-498F72EBA5A4}.Debug|Any CPU.Build.0 = Debug|Any CPU
		{1E20B43E-B33D-4396-A7E1-498F72EBA5A4}.Release|Any CPU.ActiveCfg = Release|Any CPU
		{1E20B43E-B33D-4396-A7E1-498F72EBA5A4}.Release|Any CPU.Build.0 = Release|Any CPU
		{350D3BE7-35A4-4B09-9D28-DDE2F6B716CD}.Debug|Any CPU.ActiveCfg = Debug|Any CPU
		{350D3BE7-35A4-4B09-9D28-DDE2F6B716CD}.Debug|Any CPU.Build.0 = Debug|Any CPU
		{350D3BE7-35A4-4B09-9D28-DDE2F6B716CD}.Release|Any CPU.ActiveCfg = Release|Any CPU
		{350D3BE7-35A4-4B09-9D28-DDE2F6B716CD}.Release|Any CPU.Build.0 = Release|Any CPU
		{9F469FD8-4A92-4C1F-901C-93D84D457D8F}.Debug|Any CPU.ActiveCfg = Debug|Any CPU
		{9F469FD8-4A92-4C1F-901C-93D84D457D8F}.Debug|Any CPU.Build.0 = Debug|Any CPU
		{9F469FD8-4A92-4C1F-901C-93D84D457D8F}.Release|Any CPU.ActiveCfg = Release|Any CPU
		{9F469FD8-4A92-4C1F-901C-93D84D457D8F}.Release|Any CPU.Build.0 = Release|Any CPU
		{72264BDC-23F5-4A55-B53D-0752099CB263}.Debug|Any CPU.ActiveCfg = Debug|Any CPU
		{72264BDC-23F5-4A55-B53D-0752099CB263}.Debug|Any CPU.Build.0 = Debug|Any CPU
		{72264BDC-23F5-4A55-B53D-0752099CB263}.Release|Any CPU.ActiveCfg = Release|Any CPU
		{72264BDC-23F5-4A55-B53D-0752099CB263}.Release|Any CPU.Build.0 = Release|Any CPU
		{F4EF0925-945B-418C-9A81-8490D89985DB}.Debug|Any CPU.ActiveCfg = Debug|Any CPU
		{F4EF0925-945B-418C-9A81-8490D89985DB}.Debug|Any CPU.Build.0 = Debug|Any CPU
		{F4EF0925-945B-418C-9A81-8490D89985DB}.Release|Any CPU.ActiveCfg = Release|Any CPU
		{F4EF0925-945B-418C-9A81-8490D89985DB}.Release|Any CPU.Build.0 = Release|Any CPU
		{6EDD0CE5-8EF6-4BA3-9953-CFD027F7FCC9}.Debug|Any CPU.ActiveCfg = Debug|Any CPU
		{6EDD0CE5-8EF6-4BA3-9953-CFD027F7FCC9}.Debug|Any CPU.Build.0 = Debug|Any CPU
		{6EDD0CE5-8EF6-4BA3-9953-CFD027F7FCC9}.Release|Any CPU.ActiveCfg = Release|Any CPU
		{6EDD0CE5-8EF6-4BA3-9953-CFD027F7FCC9}.Release|Any CPU.Build.0 = Release|Any CPU
		{21CF6B20-3932-46DF-A8C1-0ADCCC61328F}.Debug|Any CPU.ActiveCfg = Debug|Any CPU
		{21CF6B20-3932-46DF-A8C1-0ADCCC61328F}.Debug|Any CPU.Build.0 = Debug|Any CPU
		{21CF6B20-3932-46DF-A8C1-0ADCCC61328F}.Release|Any CPU.ActiveCfg = Release|Any CPU
		{21CF6B20-3932-46DF-A8C1-0ADCCC61328F}.Release|Any CPU.Build.0 = Release|Any CPU
		{EBAB4B57-1E71-4C28-BF3E-FA3E16D296DF}.Debug|Any CPU.ActiveCfg = Debug|Any CPU
		{EBAB4B57-1E71-4C28-BF3E-FA3E16D296DF}.Debug|Any CPU.Build.0 = Debug|Any CPU
		{EBAB4B57-1E71-4C28-BF3E-FA3E16D296DF}.Release|Any CPU.ActiveCfg = Release|Any CPU
		{EBAB4B57-1E71-4C28-BF3E-FA3E16D296DF}.Release|Any CPU.Build.0 = Release|Any CPU
		{AF800243-4EC0-4ABA-A722-85872F7BD308}.Debug|Any CPU.ActiveCfg = Debug|Any CPU
		{AF800243-4EC0-4ABA-A722-85872F7BD308}.Debug|Any CPU.Build.0 = Debug|Any CPU
		{AF800243-4EC0-4ABA-A722-85872F7BD308}.Release|Any CPU.ActiveCfg = Release|Any CPU
		{AF800243-4EC0-4ABA-A722-85872F7BD308}.Release|Any CPU.Build.0 = Release|Any CPU
		{7DCB47A0-7B03-4B7C-BC42-B8D920D46604}.Debug|Any CPU.ActiveCfg = Debug|Any CPU
		{7DCB47A0-7B03-4B7C-BC42-B8D920D46604}.Debug|Any CPU.Build.0 = Debug|Any CPU
		{7DCB47A0-7B03-4B7C-BC42-B8D920D46604}.Release|Any CPU.ActiveCfg = Release|Any CPU
		{7DCB47A0-7B03-4B7C-BC42-B8D920D46604}.Release|Any CPU.Build.0 = Release|Any CPU
		{8DF179A4-2D5B-43B0-A78F-EF7B65F36AD5}.Debug|Any CPU.ActiveCfg = Debug|Any CPU
		{8DF179A4-2D5B-43B0-A78F-EF7B65F36AD5}.Debug|Any CPU.Build.0 = Debug|Any CPU
		{8DF179A4-2D5B-43B0-A78F-EF7B65F36AD5}.Release|Any CPU.ActiveCfg = Release|Any CPU
		{8DF179A4-2D5B-43B0-A78F-EF7B65F36AD5}.Release|Any CPU.Build.0 = Release|Any CPU
		{EE3BB0CA-BB0A-4FB6-9AB3-E73F57DD4A21}.Debug|Any CPU.ActiveCfg = Debug|Any CPU
		{EE3BB0CA-BB0A-4FB6-9AB3-E73F57DD4A21}.Debug|Any CPU.Build.0 = Debug|Any CPU
		{EE3BB0CA-BB0A-4FB6-9AB3-E73F57DD4A21}.Release|Any CPU.ActiveCfg = Release|Any CPU
		{EE3BB0CA-BB0A-4FB6-9AB3-E73F57DD4A21}.Release|Any CPU.Build.0 = Release|Any CPU
		{2EBD52CD-4BB4-4EC9-BE11-1101602958A2}.Debug|Any CPU.ActiveCfg = Debug|Any CPU
		{2EBD52CD-4BB4-4EC9-BE11-1101602958A2}.Debug|Any CPU.Build.0 = Debug|Any CPU
		{2EBD52CD-4BB4-4EC9-BE11-1101602958A2}.Release|Any CPU.ActiveCfg = Release|Any CPU
		{2EBD52CD-4BB4-4EC9-BE11-1101602958A2}.Release|Any CPU.Build.0 = Release|Any CPU
		{DA829F2D-1760-4A50-A545-05B43798CB06}.Debug|Any CPU.ActiveCfg = Debug|Any CPU
		{DA829F2D-1760-4A50-A545-05B43798CB06}.Debug|Any CPU.Build.0 = Debug|Any CPU
		{DA829F2D-1760-4A50-A545-05B43798CB06}.Release|Any CPU.ActiveCfg = Release|Any CPU
		{DA829F2D-1760-4A50-A545-05B43798CB06}.Release|Any CPU.Build.0 = Release|Any CPU
		{F40002FE-5698-4767-8198-997EE31A96A0}.Debug|Any CPU.ActiveCfg = Debug|Any CPU
		{F40002FE-5698-4767-8198-997EE31A96A0}.Debug|Any CPU.Build.0 = Debug|Any CPU
		{F40002FE-5698-4767-8198-997EE31A96A0}.Release|Any CPU.ActiveCfg = Release|Any CPU
		{F40002FE-5698-4767-8198-997EE31A96A0}.Release|Any CPU.Build.0 = Release|Any CPU
		{0B5BECA9-83A8-4CEC-A476-380E9F630091}.Debug|Any CPU.ActiveCfg = Debug|Any CPU
		{0B5BECA9-83A8-4CEC-A476-380E9F630091}.Debug|Any CPU.Build.0 = Debug|Any CPU
		{0B5BECA9-83A8-4CEC-A476-380E9F630091}.Release|Any CPU.ActiveCfg = Release|Any CPU
		{0B5BECA9-83A8-4CEC-A476-380E9F630091}.Release|Any CPU.Build.0 = Release|Any CPU
		{4A527E69-B21C-48C5-933E-2B45BADE7839}.Debug|Any CPU.ActiveCfg = Debug|Any CPU
		{4A527E69-B21C-48C5-933E-2B45BADE7839}.Debug|Any CPU.Build.0 = Debug|Any CPU
		{4A527E69-B21C-48C5-933E-2B45BADE7839}.Release|Any CPU.ActiveCfg = Release|Any CPU
		{4A527E69-B21C-48C5-933E-2B45BADE7839}.Release|Any CPU.Build.0 = Release|Any CPU
		{24A67A2D-7C18-4DCB-976C-2C15C8AB9E6B}.Debug|Any CPU.ActiveCfg = Debug|Any CPU
		{24A67A2D-7C18-4DCB-976C-2C15C8AB9E6B}.Debug|Any CPU.Build.0 = Debug|Any CPU
		{24A67A2D-7C18-4DCB-976C-2C15C8AB9E6B}.Release|Any CPU.ActiveCfg = Release|Any CPU
		{24A67A2D-7C18-4DCB-976C-2C15C8AB9E6B}.Release|Any CPU.Build.0 = Release|Any CPU
		{9F91345F-B696-40B0-A6A4-65D93B8489FD}.Debug|Any CPU.ActiveCfg = Debug|Any CPU
		{9F91345F-B696-40B0-A6A4-65D93B8489FD}.Debug|Any CPU.Build.0 = Debug|Any CPU
		{9F91345F-B696-40B0-A6A4-65D93B8489FD}.Release|Any CPU.ActiveCfg = Release|Any CPU
		{9F91345F-B696-40B0-A6A4-65D93B8489FD}.Release|Any CPU.Build.0 = Release|Any CPU
		{FABF7AA3-DDE7-48A4-8226-ECD3AD423597}.Debug|Any CPU.ActiveCfg = Debug|Any CPU
		{FABF7AA3-DDE7-48A4-8226-ECD3AD423597}.Debug|Any CPU.Build.0 = Debug|Any CPU
		{FABF7AA3-DDE7-48A4-8226-ECD3AD423597}.Release|Any CPU.ActiveCfg = Release|Any CPU
		{FABF7AA3-DDE7-48A4-8226-ECD3AD423597}.Release|Any CPU.Build.0 = Release|Any CPU
		{2FC4314B-792B-40A3-B540-ACA05B9EA86B}.Debug|Any CPU.ActiveCfg = Debug|Any CPU
		{2FC4314B-792B-40A3-B540-ACA05B9EA86B}.Debug|Any CPU.Build.0 = Debug|Any CPU
		{2FC4314B-792B-40A3-B540-ACA05B9EA86B}.Release|Any CPU.ActiveCfg = Release|Any CPU
		{2FC4314B-792B-40A3-B540-ACA05B9EA86B}.Release|Any CPU.Build.0 = Release|Any CPU
		{E5D23BF6-95FE-4DDF-A1FF-3E0A7F5DCF5F}.Debug|Any CPU.ActiveCfg = Debug|Any CPU
		{E5D23BF6-95FE-4DDF-A1FF-3E0A7F5DCF5F}.Debug|Any CPU.Build.0 = Debug|Any CPU
		{E5D23BF6-95FE-4DDF-A1FF-3E0A7F5DCF5F}.Release|Any CPU.ActiveCfg = Release|Any CPU
		{E5D23BF6-95FE-4DDF-A1FF-3E0A7F5DCF5F}.Release|Any CPU.Build.0 = Release|Any CPU
		{F05FE01B-E35C-4444-B5A2-47085D073631}.Debug|Any CPU.ActiveCfg = Debug|Any CPU
		{F05FE01B-E35C-4444-B5A2-47085D073631}.Debug|Any CPU.Build.0 = Debug|Any CPU
		{F05FE01B-E35C-4444-B5A2-47085D073631}.Release|Any CPU.ActiveCfg = Release|Any CPU
		{F05FE01B-E35C-4444-B5A2-47085D073631}.Release|Any CPU.Build.0 = Release|Any CPU
		{ADD48409-FC1F-4A92-B07C-6B9A9A5BAC72}.Debug|Any CPU.ActiveCfg = Debug|Any CPU
		{ADD48409-FC1F-4A92-B07C-6B9A9A5BAC72}.Debug|Any CPU.Build.0 = Debug|Any CPU
		{ADD48409-FC1F-4A92-B07C-6B9A9A5BAC72}.Release|Any CPU.ActiveCfg = Release|Any CPU
		{ADD48409-FC1F-4A92-B07C-6B9A9A5BAC72}.Release|Any CPU.Build.0 = Release|Any CPU
		{FA614D8D-3AFA-4F01-8A5F-6D1887BA2AF8}.Debug|Any CPU.ActiveCfg = Debug|Any CPU
		{FA614D8D-3AFA-4F01-8A5F-6D1887BA2AF8}.Debug|Any CPU.Build.0 = Debug|Any CPU
		{FA614D8D-3AFA-4F01-8A5F-6D1887BA2AF8}.Release|Any CPU.ActiveCfg = Release|Any CPU
		{FA614D8D-3AFA-4F01-8A5F-6D1887BA2AF8}.Release|Any CPU.Build.0 = Release|Any CPU
		{6B46450E-F526-4C3C-BC4D-0D11735022BF}.Debug|Any CPU.ActiveCfg = Debug|Any CPU
		{6B46450E-F526-4C3C-BC4D-0D11735022BF}.Debug|Any CPU.Build.0 = Debug|Any CPU
		{6B46450E-F526-4C3C-BC4D-0D11735022BF}.Release|Any CPU.ActiveCfg = Release|Any CPU
		{6B46450E-F526-4C3C-BC4D-0D11735022BF}.Release|Any CPU.Build.0 = Release|Any CPU
		{3B2EB97A-A305-4394-9843-72E138815152}.Debug|Any CPU.ActiveCfg = Debug|Any CPU
		{3B2EB97A-A305-4394-9843-72E138815152}.Debug|Any CPU.Build.0 = Debug|Any CPU
		{3B2EB97A-A305-4394-9843-72E138815152}.Release|Any CPU.ActiveCfg = Release|Any CPU
		{3B2EB97A-A305-4394-9843-72E138815152}.Release|Any CPU.Build.0 = Release|Any CPU
		{59E61F35-B014-4D34-8277-63FF6BE40DD6}.Debug|Any CPU.ActiveCfg = Debug|Any CPU
		{59E61F35-B014-4D34-8277-63FF6BE40DD6}.Debug|Any CPU.Build.0 = Debug|Any CPU
		{59E61F35-B014-4D34-8277-63FF6BE40DD6}.Release|Any CPU.ActiveCfg = Release|Any CPU
		{59E61F35-B014-4D34-8277-63FF6BE40DD6}.Release|Any CPU.Build.0 = Release|Any CPU
		{5E5A80B8-06DC-428F-A139-F1CF20D756B2}.Debug|Any CPU.ActiveCfg = Debug|Any CPU
		{5E5A80B8-06DC-428F-A139-F1CF20D756B2}.Debug|Any CPU.Build.0 = Debug|Any CPU
		{5E5A80B8-06DC-428F-A139-F1CF20D756B2}.Release|Any CPU.ActiveCfg = Release|Any CPU
		{5E5A80B8-06DC-428F-A139-F1CF20D756B2}.Release|Any CPU.Build.0 = Release|Any CPU
		{813E3F46-36CA-4320-BB05-325EEC553D3D}.Debug|Any CPU.ActiveCfg = Debug|Any CPU
		{813E3F46-36CA-4320-BB05-325EEC553D3D}.Debug|Any CPU.Build.0 = Debug|Any CPU
		{813E3F46-36CA-4320-BB05-325EEC553D3D}.Release|Any CPU.ActiveCfg = Release|Any CPU
		{813E3F46-36CA-4320-BB05-325EEC553D3D}.Release|Any CPU.Build.0 = Release|Any CPU
		{7E40E3E6-BF8E-45B5-99AF-4E11DAF039FD}.Debug|Any CPU.ActiveCfg = Debug|Any CPU
		{7E40E3E6-BF8E-45B5-99AF-4E11DAF039FD}.Debug|Any CPU.Build.0 = Debug|Any CPU
		{7E40E3E6-BF8E-45B5-99AF-4E11DAF039FD}.Release|Any CPU.ActiveCfg = Release|Any CPU
		{7E40E3E6-BF8E-45B5-99AF-4E11DAF039FD}.Release|Any CPU.Build.0 = Release|Any CPU
		{EA68C9C7-8A7A-4EDF-8944-413E4E7FA276}.Debug|Any CPU.ActiveCfg = Debug|Any CPU
		{EA68C9C7-8A7A-4EDF-8944-413E4E7FA276}.Debug|Any CPU.Build.0 = Debug|Any CPU
		{EA68C9C7-8A7A-4EDF-8944-413E4E7FA276}.Release|Any CPU.ActiveCfg = Release|Any CPU
		{EA68C9C7-8A7A-4EDF-8944-413E4E7FA276}.Release|Any CPU.Build.0 = Release|Any CPU
		{A97D1620-BFDE-4733-B2DC-10F32323DF8E}.Debug|Any CPU.ActiveCfg = Debug|Any CPU
		{A97D1620-BFDE-4733-B2DC-10F32323DF8E}.Debug|Any CPU.Build.0 = Debug|Any CPU
		{A97D1620-BFDE-4733-B2DC-10F32323DF8E}.Release|Any CPU.ActiveCfg = Release|Any CPU
		{A97D1620-BFDE-4733-B2DC-10F32323DF8E}.Release|Any CPU.Build.0 = Release|Any CPU
		{3C3FF908-D16B-4866-9CF1-8A31D1B72F58}.Debug|Any CPU.ActiveCfg = Debug|Any CPU
		{3C3FF908-D16B-4866-9CF1-8A31D1B72F58}.Debug|Any CPU.Build.0 = Debug|Any CPU
		{3C3FF908-D16B-4866-9CF1-8A31D1B72F58}.Release|Any CPU.ActiveCfg = Release|Any CPU
		{3C3FF908-D16B-4866-9CF1-8A31D1B72F58}.Release|Any CPU.Build.0 = Release|Any CPU
		{74201F53-B122-40F0-9678-1DCDC45E99BC}.Debug|Any CPU.ActiveCfg = Debug|Any CPU
		{74201F53-B122-40F0-9678-1DCDC45E99BC}.Debug|Any CPU.Build.0 = Debug|Any CPU
		{74201F53-B122-40F0-9678-1DCDC45E99BC}.Release|Any CPU.ActiveCfg = Release|Any CPU
		{74201F53-B122-40F0-9678-1DCDC45E99BC}.Release|Any CPU.Build.0 = Release|Any CPU
		{701A6CF3-2347-4DD1-B6A8-589F4B98D26E}.Debug|Any CPU.ActiveCfg = Debug|Any CPU
		{701A6CF3-2347-4DD1-B6A8-589F4B98D26E}.Debug|Any CPU.Build.0 = Debug|Any CPU
		{701A6CF3-2347-4DD1-B6A8-589F4B98D26E}.Release|Any CPU.ActiveCfg = Release|Any CPU
		{701A6CF3-2347-4DD1-B6A8-589F4B98D26E}.Release|Any CPU.Build.0 = Release|Any CPU
		{EB1F831C-4588-4FA5-A9F9-68B0D9E1C390}.Debug|Any CPU.ActiveCfg = Debug|Any CPU
		{EB1F831C-4588-4FA5-A9F9-68B0D9E1C390}.Debug|Any CPU.Build.0 = Debug|Any CPU
		{EB1F831C-4588-4FA5-A9F9-68B0D9E1C390}.Release|Any CPU.ActiveCfg = Release|Any CPU
		{EB1F831C-4588-4FA5-A9F9-68B0D9E1C390}.Release|Any CPU.Build.0 = Release|Any CPU
		{CF2F19C1-7495-472C-B065-1C4DBE25107E}.Debug|Any CPU.ActiveCfg = Debug|Any CPU
		{CF2F19C1-7495-472C-B065-1C4DBE25107E}.Debug|Any CPU.Build.0 = Debug|Any CPU
		{CF2F19C1-7495-472C-B065-1C4DBE25107E}.Release|Any CPU.ActiveCfg = Release|Any CPU
		{CF2F19C1-7495-472C-B065-1C4DBE25107E}.Release|Any CPU.Build.0 = Release|Any CPU
		{6EA9D463-E649-4371-ADD3-80D2216C189B}.Debug|Any CPU.ActiveCfg = Debug|Any CPU
		{6EA9D463-E649-4371-ADD3-80D2216C189B}.Debug|Any CPU.Build.0 = Debug|Any CPU
		{6EA9D463-E649-4371-ADD3-80D2216C189B}.Release|Any CPU.ActiveCfg = Release|Any CPU
		{6EA9D463-E649-4371-ADD3-80D2216C189B}.Release|Any CPU.Build.0 = Release|Any CPU
		{8157C92A-68A6-498D-84B7-EF2A299AB7BA}.Debug|Any CPU.ActiveCfg = Debug|Any CPU
		{8157C92A-68A6-498D-84B7-EF2A299AB7BA}.Debug|Any CPU.Build.0 = Debug|Any CPU
		{8157C92A-68A6-498D-84B7-EF2A299AB7BA}.Release|Any CPU.ActiveCfg = Release|Any CPU
		{8157C92A-68A6-498D-84B7-EF2A299AB7BA}.Release|Any CPU.Build.0 = Release|Any CPU
		{31440B87-261C-4E1C-ADAB-76DA74B0A0FE}.Debug|Any CPU.ActiveCfg = Debug|Any CPU
		{31440B87-261C-4E1C-ADAB-76DA74B0A0FE}.Debug|Any CPU.Build.0 = Debug|Any CPU
		{31440B87-261C-4E1C-ADAB-76DA74B0A0FE}.Release|Any CPU.ActiveCfg = Release|Any CPU
		{31440B87-261C-4E1C-ADAB-76DA74B0A0FE}.Release|Any CPU.Build.0 = Release|Any CPU
		{9CE0D790-6663-44B5-9902-4FB85EE36613}.Debug|Any CPU.ActiveCfg = Debug|Any CPU
		{9CE0D790-6663-44B5-9902-4FB85EE36613}.Debug|Any CPU.Build.0 = Debug|Any CPU
		{9CE0D790-6663-44B5-9902-4FB85EE36613}.Release|Any CPU.ActiveCfg = Release|Any CPU
		{9CE0D790-6663-44B5-9902-4FB85EE36613}.Release|Any CPU.Build.0 = Release|Any CPU
		{94048896-37EE-4760-8707-8E5989498943}.Debug|Any CPU.ActiveCfg = Debug|Any CPU
		{94048896-37EE-4760-8707-8E5989498943}.Debug|Any CPU.Build.0 = Debug|Any CPU
		{94048896-37EE-4760-8707-8E5989498943}.Release|Any CPU.ActiveCfg = Release|Any CPU
		{94048896-37EE-4760-8707-8E5989498943}.Release|Any CPU.Build.0 = Release|Any CPU
		{F1FE7C7D-3477-400C-96BE-6BD43C1D7896}.Debug|Any CPU.ActiveCfg = Debug|Any CPU
		{F1FE7C7D-3477-400C-96BE-6BD43C1D7896}.Debug|Any CPU.Build.0 = Debug|Any CPU
		{F1FE7C7D-3477-400C-96BE-6BD43C1D7896}.Release|Any CPU.ActiveCfg = Release|Any CPU
		{F1FE7C7D-3477-400C-96BE-6BD43C1D7896}.Release|Any CPU.Build.0 = Release|Any CPU
		{69A2617A-01FB-457D-883E-22BF45EEAD64}.Debug|Any CPU.ActiveCfg = Debug|Any CPU
		{69A2617A-01FB-457D-883E-22BF45EEAD64}.Debug|Any CPU.Build.0 = Debug|Any CPU
		{69A2617A-01FB-457D-883E-22BF45EEAD64}.Release|Any CPU.ActiveCfg = Release|Any CPU
		{69A2617A-01FB-457D-883E-22BF45EEAD64}.Release|Any CPU.Build.0 = Release|Any CPU
		{B1998404-5A6C-49AB-BE38-ECFDAA8361B0}.Debug|Any CPU.ActiveCfg = Debug|Any CPU
		{B1998404-5A6C-49AB-BE38-ECFDAA8361B0}.Debug|Any CPU.Build.0 = Debug|Any CPU
		{B1998404-5A6C-49AB-BE38-ECFDAA8361B0}.Release|Any CPU.ActiveCfg = Release|Any CPU
		{B1998404-5A6C-49AB-BE38-ECFDAA8361B0}.Release|Any CPU.Build.0 = Release|Any CPU
	EndGlobalSection
	GlobalSection(SolutionProperties) = preSolution
		HideSolutionNode = FALSE
	EndGlobalSection
EndGlobal
