Microsoft Visual Studio Solution File, Format Version 11.00
# Visual Studio 2010
Project("{F184B08F-C81C-45F6-A57F-5ABD9991F28F}") = "atcUtility10", "atcUtility\atcUtility10.vbproj", "{67027820-9036-481E-80F6-077E5085F59D}"
EndProject
Project("{F184B08F-C81C-45F6-A57F-5ABD9991F28F}") = "atcData10", "atcData\atcData10.vbproj", "{A9A00CAD-9EAD-4228-AB08-6DC3BAF253AA}"
EndProject
Project("{F184B08F-C81C-45F6-A57F-5ABD9991F28F}") = "atcControls10", "atcControls\atcControls10.vbproj", "{B219575F-1541-41DB-9FA4-D9D7CD62B4A5}"
EndProject
Project("{F184B08F-C81C-45F6-A57F-5ABD9991F28F}") = "atcGraph10", "atcGraphExperimental\atcGraph10.vbproj", "{D52E1A9C-E219-4DF7-9CA8-B4FD1B28CEC9}"
EndProject
Project("{F184B08F-C81C-45F6-A57F-5ABD9991F28F}") = "atcTimeseriesMath10", "atcTimeseriesMath\atcTimeseriesMath10.vbproj", "{BD299EB7-7A62-4EF9-8806-86E9288C498F}"
EndProject
Project("{F184B08F-C81C-45F6-A57F-5ABD9991F28F}") = "BASINS10", "BASINS\BASINS10.vbproj", "{FE50F2FD-56E7-421E-A85D-A1F2DDCD5D9A}"
EndProject
Project("{F184B08F-C81C-45F6-A57F-5ABD9991F28F}") = "atcHspfBinOut10", "atcHspfBinOut\atcHspfBinOut10.vbproj", "{61FAB3D2-9A2D-4D0A-BC4D-41C499DBE4B9}"
EndProject
Project("{F184B08F-C81C-45F6-A57F-5ABD9991F28F}") = "atcProjector10", "atcProjector\atcProjector10.vbproj", "{863771D3-EA5B-45D2-8416-B75E9ADA8D7B}"
EndProject
Project("{F184B08F-C81C-45F6-A57F-5ABD9991F28F}") = "atcList10", "atcList\atcList10.vbproj", "{A1A87CB8-8B9E-4C90-9549-C065357E499F}"
EndProject
Project("{F184B08F-C81C-45F6-A57F-5ABD9991F28F}") = "atcTimeseriesNdayHighLow10", "atcTimeseriesNdayHighLow\atcTimeseriesNdayHighLow10.vbproj", "{24EEBEFB-2B19-489D-B3AF-9FE00A56346E}"
EndProject
Project("{F184B08F-C81C-45F6-A57F-5ABD9991F28F}") = "atcSeasons10", "atcSeasons\atcSeasons10.vbproj", "{12F7FDD0-A6EC-4ABE-A01B-790AD8CAEF03}"
EndProject
Project("{F184B08F-C81C-45F6-A57F-5ABD9991F28F}") = "atcSeasonalAttributes10", "atcSeasonalAttributes\atcSeasonalAttributes10.vbproj", "{50FEF6BE-F961-4949-8658-2948DE7B777B}"
EndProject
Project("{F184B08F-C81C-45F6-A57F-5ABD9991F28F}") = "atcFrequencyGrid10", "atcFrequencyGrid\atcFrequencyGrid10.vbproj", "{1E20B43E-B33D-4396-A7E1-498F72EBA5A4}"
EndProject
Project("{F184B08F-C81C-45F6-A57F-5ABD9991F28F}") = "atcEvents10", "atcEvents\atcEvents10.vbproj", "{9F469FD8-4A92-4C1F-901C-93D84D457D8F}"
EndProject
Project("{F184B08F-C81C-45F6-A57F-5ABD9991F28F}") = "atcMetCmp10", "atcMetCmp\atcMetCmp10.vbproj", "{72264BDC-23F5-4A55-B53D-0752099CB263}"
EndProject
Project("{F184B08F-C81C-45F6-A57F-5ABD9991F28F}") = "atcDataTree10", "atcDataTree\atcDataTree10.vbproj", "{F4EF0925-945B-418C-9A81-8490D89985DB}"
EndProject
Project("{F184B08F-C81C-45F6-A57F-5ABD9991F28F}") = "atcLandUse10", "atcLandUse\atcLandUse10.vbproj", "{6EDD0CE5-8EF6-4BA3-9953-CFD027F7FCC9}"
EndProject
Project("{F184B08F-C81C-45F6-A57F-5ABD9991F28F}") = "atcManDelin10", "atcManDelin\atcManDelin10.vbproj", "{21CF6B20-3932-46DF-A8C1-0ADCCC61328F}"
EndProject
Project("{F184B08F-C81C-45F6-A57F-5ABD9991F28F}") = "atcLookup10", "atcLookup\atcLookup10.vbproj", "{EBAB4B57-1E71-4C28-BF3E-FA3E16D296DF}"
EndProject
Project("{F184B08F-C81C-45F6-A57F-5ABD9991F28F}") = "atcModelSetup10", "atcModelSetup\atcModelSetup10.vbproj", "{AF800243-4EC0-4ABA-A722-85872F7BD308}"
EndProject
Project("{F184B08F-C81C-45F6-A57F-5ABD9991F28F}") = "atcBasinsObsWQ10", "atcBasinsObsWQ\atcBasinsObsWQ10.vbproj", "{7DCB47A0-7B03-4B7C-BC42-B8D920D46604}"
EndProject
Project("{F184B08F-C81C-45F6-A57F-5ABD9991F28F}") = "atcSWATDBF10", "atcSWATDBF\atcSWATDBF10.vbproj", "{8DF179A4-2D5B-43B0-A78F-EF7B65F36AD5}"
EndProject
Project("{F184B08F-C81C-45F6-A57F-5ABD9991F28F}") = "atcReport10", "atcReport\atcReport10.vbproj", "{EE3BB0CA-BB0A-4FB6-9AB3-E73F57DD4A21}"
EndProject
Project("{F184B08F-C81C-45F6-A57F-5ABD9991F28F}") = "atcCligen10", "atcCligen\atcCligen10.vbproj", "{2EBD52CD-4BB4-4EC9-BE11-1101602958A2}"
EndProject
Project("{F184B08F-C81C-45F6-A57F-5ABD9991F28F}") = "atcCligenOutput10", "atcCligenOutput\atcCligenOutput10.vbproj", "{DA829F2D-1760-4A50-A545-05B43798CB06}"
EndProject
Project("{F184B08F-C81C-45F6-A57F-5ABD9991F28F}") = "atcClimateAssessmentTool10", "atcClimateAssessmentTool\atcClimateAssessmentTool10.vbproj", "{F40002FE-5698-4767-8198-997EE31A96A0}"
EndProject
Project("{F184B08F-C81C-45F6-A57F-5ABD9991F28F}") = "atcNOAA10", "atcNOAA\atcNOAA10.vbproj", "{0B5BECA9-83A8-4CEC-A476-380E9F630091}"
EndProject
Project("{F184B08F-C81C-45F6-A57F-5ABD9991F28F}") = "atcNOAAHPD10", "atcNOAAHPD\atcNOAAHPD10.vbproj", "{4A527E69-B21C-48C5-933E-2B45BADE7839}"
EndProject
Project("{F184B08F-C81C-45F6-A57F-5ABD9991F28F}") = "atcNOAAISH10", "atcNOAAISH\atcNOAAISH10.vbproj", "{24A67A2D-7C18-4DCB-976C-2C15C8AB9E6B}"
EndProject
Project("{F184B08F-C81C-45F6-A57F-5ABD9991F28F}") = "atcPollutantLoading10", "atcPollutantLoading\atcPollutantLoading10.vbproj", "{9F91345F-B696-40B0-A6A4-65D93B8489FD}"
EndProject
Project("{F184B08F-C81C-45F6-A57F-5ABD9991F28F}") = "atcSynopticAnalysis10", "atcSynopticAnalysis\atcSynopticAnalysis10.vbproj", "{FABF7AA3-DDE7-48A4-8226-ECD3AD423597}"
EndProject
Project("{F184B08F-C81C-45F6-A57F-5ABD9991F28F}") = "atcUCI10", "atcUCI\atcUCI10.vbproj", "{2FC4314B-792B-40A3-B540-ACA05B9EA86B}"
EndProject
Project("{F184B08F-C81C-45F6-A57F-5ABD9991F28F}") = "atcGisUtilities10", "atcGisUtilities\atcGisUtilities10.vbproj", "{E5D23BF6-95FE-4DDF-A1FF-3E0A7F5DCF5F}"
EndProject
Project("{F184B08F-C81C-45F6-A57F-5ABD9991F28F}") = "atcTimeseriesDbf10", "atcTimeseriesDbf\atcTimeseriesDbf10.vbproj", "{F05FE01B-E35C-4444-B5A2-47085D073631}"
EndProject
Project("{F184B08F-C81C-45F6-A57F-5ABD9991F28F}") = "atcHspfSupport10", "atcHspfSupport\atcHspfSupport10.vbproj", "{3B2EB97A-A305-4394-9843-72E138815152}"
EndProject
Project("{F184B08F-C81C-45F6-A57F-5ABD9991F28F}") = "atcTimeseriesWRDB10", "atcTimeseriesWRDB\atcTimeseriesWRDB10.vbproj", "{5E5A80B8-06DC-428F-A139-F1CF20D756B2}"
EndProject
Project("{F184B08F-C81C-45F6-A57F-5ABD9991F28F}") = "atcSegmentation10", "atcSegmentation\atcSegmentation10.vbproj", "{813E3F46-36CA-4320-BB05-325EEC553D3D}"
EndProject
Project("{F184B08F-C81C-45F6-A57F-5ABD9991F28F}") = "atcTimeseriesStatistics10", "atcTimeseriesStatistics\atcTimeseriesStatistics10.vbproj", "{7E40E3E6-BF8E-45B5-99AF-4E11DAF039FD}"
EndProject
Project("{F184B08F-C81C-45F6-A57F-5ABD9991F28F}") = "atcWASP10", "atcWASP\atcWASP10.vbproj", "{74201F53-B122-40F0-9678-1DCDC45E99BC}"
EndProject
Project("{F184B08F-C81C-45F6-A57F-5ABD9991F28F}") = "atcWASPPlugIn10", "atcWASPPlugIn\atcWASPPlugIn10.vbproj", "{701A6CF3-2347-4DD1-B6A8-589F4B98D26E}"
EndProject
Project("{F184B08F-C81C-45F6-A57F-5ABD9991F28F}") = "atcSWMM10", "atcSWMM\atcSWMM10.vbproj", "{EB1F831C-4588-4FA5-A9F9-68B0D9E1C390}"
EndProject
Project("{F184B08F-C81C-45F6-A57F-5ABD9991F28F}") = "atcSWMMPlugIn10", "atcSWMMPlugIn\atcSWMMPlugIn10.vbproj", "{CF2F19C1-7495-472C-B065-1C4DBE25107E}"
EndProject
Project("{F184B08F-C81C-45F6-A57F-5ABD9991F28F}") = "HTMLBuilder10", "atcSediment\HTMLBuilder\HTMLBuilder10.vbproj", "{6EA9D463-E649-4371-ADD3-80D2216C189B}"
EndProject
Project("{F184B08F-C81C-45F6-A57F-5ABD9991F28F}") = "atcTimeseriesSWAT10", "atcTimeseriesSWAT\atcTimeseriesSWAT10.vbproj", "{8157C92A-68A6-498D-84B7-EF2A299AB7BA}"
EndProject
Project("{F184B08F-C81C-45F6-A57F-5ABD9991F28F}") = "atcWDM10", "atcWDM\atcWDM10.vbproj", "{F0F41E48-35ED-43F4-AB00-30252B0E5690}"
EndProject
Project("{F184B08F-C81C-45F6-A57F-5ABD9991F28F}") = "atcMwGisUtility10", "atcMwGisUtility\atcMwGisUtility10.vbproj", "{350D3BE7-35A4-4B09-9D28-DDE2F6B716CD}"
EndProject
Project("{F184B08F-C81C-45F6-A57F-5ABD9991F28F}") = "atcDurationCompare10", "atcDurationCompare\atcDurationCompare10.vbproj", "{FBAA545B-7D95-43A3-8A4F-CC664D7DB201}"
EndProject
Project("{F184B08F-C81C-45F6-A57F-5ABD9991F28F}") = "atcHspfReadWrite10", "atcHspfReadWrite\atcHspfReadWrite10.vbproj", "{00D0F71D-4726-4ED1-835F-183FF6BF58D5}"
EndProject
Project("{F184B08F-C81C-45F6-A57F-5ABD9991F28F}") = "atcModelSegmentation10", "atcModelSegmentation\atcModelSegmentation10.vbproj", "{9CE0D790-6663-44B5-9902-4FB85EE36613}"
EndProject
Project("{F184B08F-C81C-45F6-A57F-5ABD9991F28F}") = "atcSediment10", "atcSediment\atcSediment10.vbproj", "{9A8B85B9-8BDF-4621-AF02-A7DB75724D5B}"
EndProject
Project("{F184B08F-C81C-45F6-A57F-5ABD9991F28F}") = "atcStatusMonitor10", "atcStatusMonitor\atcStatusMonitor10.vbproj", "{241DE3DB-4EE8-4839-948E-DE366DF0BD9F}"
EndProject
Project("{F184B08F-C81C-45F6-A57F-5ABD9991F28F}") = "atcTimeserieSWMM5Output10", "atcTimeseriesSWMMOutput\atcTimeserieSWMM5Output10.vbproj", "{4E255558-180A-4516-A342-EC7AA1D3BE92}"
EndProject
Project("{F184B08F-C81C-45F6-A57F-5ABD9991F28F}") = "SwatObject10", "..\SwatObject\SwatObject10.vbproj", "{724F2B12-E252-4493-BE02-708FF8C5D56E}"
EndProject
Project("{F184B08F-C81C-45F6-A57F-5ABD9991F28F}") = "atcTimeseriesD4EM10", "atcTimeseriesD4EM\atcTimeseriesD4EM10.vbproj", "{31440B87-261C-4E1C-ADAB-76DA74B0A0FE}"
EndProject
Project("{F184B08F-C81C-45F6-A57F-5ABD9991F28F}") = "BasinsAll", "BasinsAll\BasinsAll.vbproj", "{1F0CC763-D588-4FCD-8C31-3D0F3CCECD42}"
EndProject
Project("{F184B08F-C81C-45F6-A57F-5ABD9991F28F}") = "atcSWSTAT10", "atcSWSTAT\atcSWSTAT10.vbproj", "{C00718A3-FF1D-46C4-822E-C10964469DE2}"
EndProject
Project("{F184B08F-C81C-45F6-A57F-5ABD9991F28F}") = "atcSynopInput10", "atcSynopInput\atcSynopInput10.vbproj", "{69A2617A-01FB-457D-883E-22BF45EEAD64}"
EndProject
Project("{F184B08F-C81C-45F6-A57F-5ABD9991F28F}") = "atcTimeseriesSTORET10", "atcTimeseriesSTORET\atcTimeseriesSTORET10.vbproj", "{F1FE7C7D-3477-400C-96BE-6BD43C1D7896}"
EndProject
Project("{F184B08F-C81C-45F6-A57F-5ABD9991F28F}") = "atcWCS10", "atcWCS\atcWCS10.vbproj", "{0835A9E5-4C06-4D41-B25E-CD31E6979A35}"
EndProject
Project("{F184B08F-C81C-45F6-A57F-5ABD9991F28F}") = "atcUCIForms10", "atcUCIForms\atcUCIForms10.vbproj", "{CEEC2636-9312-47E0-8877-BF16E0955906}"
EndProject
Project("{F184B08F-C81C-45F6-A57F-5ABD9991F28F}") = "atcTimeseriesScript10", "atcTimeseriesScript\atcTimeseriesScript10.vbproj", "{40DE1F29-3531-4BC2-9D7E-324DC92689DF}"
EndProject
Project("{F184B08F-C81C-45F6-A57F-5ABD9991F28F}") = "D4EMDownloadData10", "D4EMDownloadData\D4EMDownloadData10.vbproj", "{ADD48409-FC1F-4A92-B07C-6B9A9A5BAC72}"
EndProject
Global
	GlobalSection(SolutionConfigurationPlatforms) = preSolution
		Debug|Any CPU = Debug|Any CPU
		Debug|Mixed Platforms = Debug|Mixed Platforms
		Debug|x64 = Debug|x64
		Debug|x86 = Debug|x86
		Release|Any CPU = Release|Any CPU
		Release|Mixed Platforms = Release|Mixed Platforms
		Release|x64 = Release|x64
		Release|x86 = Release|x86
	EndGlobalSection
	GlobalSection(ProjectConfigurationPlatforms) = postSolution
		{67027820-9036-481E-80F6-077E5085F59D}.Debug|Any CPU.ActiveCfg = Debug|Any CPU
		{67027820-9036-481E-80F6-077E5085F59D}.Debug|Any CPU.Build.0 = Debug|Any CPU
		{67027820-9036-481E-80F6-077E5085F59D}.Debug|Mixed Platforms.ActiveCfg = Debug|x64
		{67027820-9036-481E-80F6-077E5085F59D}.Debug|Mixed Platforms.Build.0 = Debug|x64
		{67027820-9036-481E-80F6-077E5085F59D}.Debug|x64.ActiveCfg = Debug|x64
		{67027820-9036-481E-80F6-077E5085F59D}.Debug|x64.Build.0 = Debug|x64
		{67027820-9036-481E-80F6-077E5085F59D}.Debug|x86.ActiveCfg = Debug|Any CPU
		{67027820-9036-481E-80F6-077E5085F59D}.Release|Any CPU.ActiveCfg = Release|Any CPU
		{67027820-9036-481E-80F6-077E5085F59D}.Release|Any CPU.Build.0 = Release|Any CPU
		{67027820-9036-481E-80F6-077E5085F59D}.Release|Mixed Platforms.ActiveCfg = Release|x64
		{67027820-9036-481E-80F6-077E5085F59D}.Release|Mixed Platforms.Build.0 = Release|x64
		{67027820-9036-481E-80F6-077E5085F59D}.Release|x64.ActiveCfg = Release|x64
		{67027820-9036-481E-80F6-077E5085F59D}.Release|x64.Build.0 = Release|x64
		{67027820-9036-481E-80F6-077E5085F59D}.Release|x86.ActiveCfg = Release|Any CPU
		{A9A00CAD-9EAD-4228-AB08-6DC3BAF253AA}.Debug|Any CPU.ActiveCfg = Debug|Any CPU
		{A9A00CAD-9EAD-4228-AB08-6DC3BAF253AA}.Debug|Any CPU.Build.0 = Debug|Any CPU
		{A9A00CAD-9EAD-4228-AB08-6DC3BAF253AA}.Debug|Mixed Platforms.ActiveCfg = Debug|x64
		{A9A00CAD-9EAD-4228-AB08-6DC3BAF253AA}.Debug|Mixed Platforms.Build.0 = Debug|x64
		{A9A00CAD-9EAD-4228-AB08-6DC3BAF253AA}.Debug|x64.ActiveCfg = Debug|x64
		{A9A00CAD-9EAD-4228-AB08-6DC3BAF253AA}.Debug|x64.Build.0 = Debug|x64
		{A9A00CAD-9EAD-4228-AB08-6DC3BAF253AA}.Debug|x86.ActiveCfg = Debug|Any CPU
		{A9A00CAD-9EAD-4228-AB08-6DC3BAF253AA}.Release|Any CPU.ActiveCfg = Release|Any CPU
		{A9A00CAD-9EAD-4228-AB08-6DC3BAF253AA}.Release|Any CPU.Build.0 = Release|Any CPU
		{A9A00CAD-9EAD-4228-AB08-6DC3BAF253AA}.Release|Mixed Platforms.ActiveCfg = Release|x64
		{A9A00CAD-9EAD-4228-AB08-6DC3BAF253AA}.Release|Mixed Platforms.Build.0 = Release|x64
		{A9A00CAD-9EAD-4228-AB08-6DC3BAF253AA}.Release|x64.ActiveCfg = Release|x64
		{A9A00CAD-9EAD-4228-AB08-6DC3BAF253AA}.Release|x64.Build.0 = Release|x64
		{A9A00CAD-9EAD-4228-AB08-6DC3BAF253AA}.Release|x86.ActiveCfg = Release|Any CPU
		{B219575F-1541-41DB-9FA4-D9D7CD62B4A5}.Debug|Any CPU.ActiveCfg = Debug|Any CPU
		{B219575F-1541-41DB-9FA4-D9D7CD62B4A5}.Debug|Any CPU.Build.0 = Debug|Any CPU
		{B219575F-1541-41DB-9FA4-D9D7CD62B4A5}.Debug|Mixed Platforms.ActiveCfg = Debug|x64
		{B219575F-1541-41DB-9FA4-D9D7CD62B4A5}.Debug|Mixed Platforms.Build.0 = Debug|x64
		{B219575F-1541-41DB-9FA4-D9D7CD62B4A5}.Debug|x64.ActiveCfg = Debug|x64
		{B219575F-1541-41DB-9FA4-D9D7CD62B4A5}.Debug|x64.Build.0 = Debug|x64
		{B219575F-1541-41DB-9FA4-D9D7CD62B4A5}.Debug|x86.ActiveCfg = Debug|Any CPU
		{B219575F-1541-41DB-9FA4-D9D7CD62B4A5}.Release|Any CPU.ActiveCfg = Release|Any CPU
		{B219575F-1541-41DB-9FA4-D9D7CD62B4A5}.Release|Any CPU.Build.0 = Release|Any CPU
		{B219575F-1541-41DB-9FA4-D9D7CD62B4A5}.Release|Mixed Platforms.ActiveCfg = Release|x64
		{B219575F-1541-41DB-9FA4-D9D7CD62B4A5}.Release|Mixed Platforms.Build.0 = Release|x64
		{B219575F-1541-41DB-9FA4-D9D7CD62B4A5}.Release|x64.ActiveCfg = Release|x64
		{B219575F-1541-41DB-9FA4-D9D7CD62B4A5}.Release|x64.Build.0 = Release|x64
		{B219575F-1541-41DB-9FA4-D9D7CD62B4A5}.Release|x86.ActiveCfg = Release|Any CPU
		{D52E1A9C-E219-4DF7-9CA8-B4FD1B28CEC9}.Debug|Any CPU.ActiveCfg = Debug|Any CPU
		{D52E1A9C-E219-4DF7-9CA8-B4FD1B28CEC9}.Debug|Any CPU.Build.0 = Debug|Any CPU
		{D52E1A9C-E219-4DF7-9CA8-B4FD1B28CEC9}.Debug|Mixed Platforms.ActiveCfg = Debug|x64
		{D52E1A9C-E219-4DF7-9CA8-B4FD1B28CEC9}.Debug|Mixed Platforms.Build.0 = Debug|x64
		{D52E1A9C-E219-4DF7-9CA8-B4FD1B28CEC9}.Debug|x64.ActiveCfg = Debug|x64
		{D52E1A9C-E219-4DF7-9CA8-B4FD1B28CEC9}.Debug|x64.Build.0 = Debug|x64
		{D52E1A9C-E219-4DF7-9CA8-B4FD1B28CEC9}.Debug|x86.ActiveCfg = Debug|Any CPU
		{D52E1A9C-E219-4DF7-9CA8-B4FD1B28CEC9}.Release|Any CPU.ActiveCfg = Release|Any CPU
		{D52E1A9C-E219-4DF7-9CA8-B4FD1B28CEC9}.Release|Any CPU.Build.0 = Release|Any CPU
		{D52E1A9C-E219-4DF7-9CA8-B4FD1B28CEC9}.Release|Mixed Platforms.ActiveCfg = Release|x64
		{D52E1A9C-E219-4DF7-9CA8-B4FD1B28CEC9}.Release|Mixed Platforms.Build.0 = Release|x64
		{D52E1A9C-E219-4DF7-9CA8-B4FD1B28CEC9}.Release|x64.ActiveCfg = Release|x64
		{D52E1A9C-E219-4DF7-9CA8-B4FD1B28CEC9}.Release|x64.Build.0 = Release|x64
		{D52E1A9C-E219-4DF7-9CA8-B4FD1B28CEC9}.Release|x86.ActiveCfg = Release|Any CPU
		{BD299EB7-7A62-4EF9-8806-86E9288C498F}.Debug|Any CPU.ActiveCfg = Debug|Any CPU
		{BD299EB7-7A62-4EF9-8806-86E9288C498F}.Debug|Any CPU.Build.0 = Debug|Any CPU
		{BD299EB7-7A62-4EF9-8806-86E9288C498F}.Debug|Mixed Platforms.ActiveCfg = Debug|x64
		{BD299EB7-7A62-4EF9-8806-86E9288C498F}.Debug|Mixed Platforms.Build.0 = Debug|x64
		{BD299EB7-7A62-4EF9-8806-86E9288C498F}.Debug|x64.ActiveCfg = Debug|x64
		{BD299EB7-7A62-4EF9-8806-86E9288C498F}.Debug|x64.Build.0 = Debug|x64
		{BD299EB7-7A62-4EF9-8806-86E9288C498F}.Debug|x86.ActiveCfg = Debug|Any CPU
		{BD299EB7-7A62-4EF9-8806-86E9288C498F}.Release|Any CPU.ActiveCfg = Release|Any CPU
		{BD299EB7-7A62-4EF9-8806-86E9288C498F}.Release|Any CPU.Build.0 = Release|Any CPU
		{BD299EB7-7A62-4EF9-8806-86E9288C498F}.Release|Mixed Platforms.ActiveCfg = Release|x64
		{BD299EB7-7A62-4EF9-8806-86E9288C498F}.Release|Mixed Platforms.Build.0 = Release|x64
		{BD299EB7-7A62-4EF9-8806-86E9288C498F}.Release|x64.ActiveCfg = Release|x64
		{BD299EB7-7A62-4EF9-8806-86E9288C498F}.Release|x64.Build.0 = Release|x64
		{BD299EB7-7A62-4EF9-8806-86E9288C498F}.Release|x86.ActiveCfg = Release|Any CPU
		{FE50F2FD-56E7-421E-A85D-A1F2DDCD5D9A}.Debug|Any CPU.ActiveCfg = Debug|Any CPU
		{FE50F2FD-56E7-421E-A85D-A1F2DDCD5D9A}.Debug|Any CPU.Build.0 = Debug|Any CPU
		{FE50F2FD-56E7-421E-A85D-A1F2DDCD5D9A}.Debug|Mixed Platforms.ActiveCfg = Debug|x64
		{FE50F2FD-56E7-421E-A85D-A1F2DDCD5D9A}.Debug|Mixed Platforms.Build.0 = Debug|x64
		{FE50F2FD-56E7-421E-A85D-A1F2DDCD5D9A}.Debug|x64.ActiveCfg = Debug|x64
		{FE50F2FD-56E7-421E-A85D-A1F2DDCD5D9A}.Debug|x64.Build.0 = Debug|x64
		{FE50F2FD-56E7-421E-A85D-A1F2DDCD5D9A}.Debug|x86.ActiveCfg = Debug|Any CPU
		{FE50F2FD-56E7-421E-A85D-A1F2DDCD5D9A}.Release|Any CPU.ActiveCfg = Release|Any CPU
		{FE50F2FD-56E7-421E-A85D-A1F2DDCD5D9A}.Release|Any CPU.Build.0 = Release|Any CPU
		{FE50F2FD-56E7-421E-A85D-A1F2DDCD5D9A}.Release|Mixed Platforms.ActiveCfg = Release|x64
		{FE50F2FD-56E7-421E-A85D-A1F2DDCD5D9A}.Release|Mixed Platforms.Build.0 = Release|x64
		{FE50F2FD-56E7-421E-A85D-A1F2DDCD5D9A}.Release|x64.ActiveCfg = Release|x64
		{FE50F2FD-56E7-421E-A85D-A1F2DDCD5D9A}.Release|x64.Build.0 = Release|x64
		{FE50F2FD-56E7-421E-A85D-A1F2DDCD5D9A}.Release|x86.ActiveCfg = Release|Any CPU
		{61FAB3D2-9A2D-4D0A-BC4D-41C499DBE4B9}.Debug|Any CPU.ActiveCfg = Debug|Any CPU
		{61FAB3D2-9A2D-4D0A-BC4D-41C499DBE4B9}.Debug|Any CPU.Build.0 = Debug|Any CPU
		{61FAB3D2-9A2D-4D0A-BC4D-41C499DBE4B9}.Debug|Mixed Platforms.ActiveCfg = Debug|x64
		{61FAB3D2-9A2D-4D0A-BC4D-41C499DBE4B9}.Debug|Mixed Platforms.Build.0 = Debug|x64
		{61FAB3D2-9A2D-4D0A-BC4D-41C499DBE4B9}.Debug|x64.ActiveCfg = Debug|x64
		{61FAB3D2-9A2D-4D0A-BC4D-41C499DBE4B9}.Debug|x64.Build.0 = Debug|x64
		{61FAB3D2-9A2D-4D0A-BC4D-41C499DBE4B9}.Debug|x86.ActiveCfg = Debug|Any CPU
		{61FAB3D2-9A2D-4D0A-BC4D-41C499DBE4B9}.Release|Any CPU.ActiveCfg = Release|Any CPU
		{61FAB3D2-9A2D-4D0A-BC4D-41C499DBE4B9}.Release|Mixed Platforms.ActiveCfg = Release|x64
		{61FAB3D2-9A2D-4D0A-BC4D-41C499DBE4B9}.Release|Mixed Platforms.Build.0 = Release|x64
		{61FAB3D2-9A2D-4D0A-BC4D-41C499DBE4B9}.Release|x64.ActiveCfg = Release|x64
		{61FAB3D2-9A2D-4D0A-BC4D-41C499DBE4B9}.Release|x64.Build.0 = Release|x64
		{61FAB3D2-9A2D-4D0A-BC4D-41C499DBE4B9}.Release|x86.ActiveCfg = Release|Any CPU
		{863771D3-EA5B-45D2-8416-B75E9ADA8D7B}.Debug|Any CPU.ActiveCfg = Debug|Any CPU
		{863771D3-EA5B-45D2-8416-B75E9ADA8D7B}.Debug|Any CPU.Build.0 = Debug|Any CPU
		{863771D3-EA5B-45D2-8416-B75E9ADA8D7B}.Debug|Mixed Platforms.ActiveCfg = Debug|x64
		{863771D3-EA5B-45D2-8416-B75E9ADA8D7B}.Debug|Mixed Platforms.Build.0 = Debug|x64
		{863771D3-EA5B-45D2-8416-B75E9ADA8D7B}.Debug|x64.ActiveCfg = Debug|x64
		{863771D3-EA5B-45D2-8416-B75E9ADA8D7B}.Debug|x64.Build.0 = Debug|x64
		{863771D3-EA5B-45D2-8416-B75E9ADA8D7B}.Debug|x86.ActiveCfg = Debug|Any CPU
		{863771D3-EA5B-45D2-8416-B75E9ADA8D7B}.Release|Any CPU.ActiveCfg = Release|Any CPU
		{863771D3-EA5B-45D2-8416-B75E9ADA8D7B}.Release|Any CPU.Build.0 = Release|Any CPU
		{863771D3-EA5B-45D2-8416-B75E9ADA8D7B}.Release|Mixed Platforms.ActiveCfg = Release|x64
		{863771D3-EA5B-45D2-8416-B75E9ADA8D7B}.Release|Mixed Platforms.Build.0 = Release|x64
		{863771D3-EA5B-45D2-8416-B75E9ADA8D7B}.Release|x64.ActiveCfg = Release|x64
		{863771D3-EA5B-45D2-8416-B75E9ADA8D7B}.Release|x64.Build.0 = Release|x64
		{863771D3-EA5B-45D2-8416-B75E9ADA8D7B}.Release|x86.ActiveCfg = Release|Any CPU
		{A1A87CB8-8B9E-4C90-9549-C065357E499F}.Debug|Any CPU.ActiveCfg = Debug|Any CPU
		{A1A87CB8-8B9E-4C90-9549-C065357E499F}.Debug|Any CPU.Build.0 = Debug|Any CPU
		{A1A87CB8-8B9E-4C90-9549-C065357E499F}.Debug|Mixed Platforms.ActiveCfg = Debug|x64
		{A1A87CB8-8B9E-4C90-9549-C065357E499F}.Debug|Mixed Platforms.Build.0 = Debug|x64
		{A1A87CB8-8B9E-4C90-9549-C065357E499F}.Debug|x64.ActiveCfg = Debug|x64
		{A1A87CB8-8B9E-4C90-9549-C065357E499F}.Debug|x64.Build.0 = Debug|x64
		{A1A87CB8-8B9E-4C90-9549-C065357E499F}.Debug|x86.ActiveCfg = Debug|Any CPU
		{A1A87CB8-8B9E-4C90-9549-C065357E499F}.Release|Any CPU.ActiveCfg = Release|Any CPU
		{A1A87CB8-8B9E-4C90-9549-C065357E499F}.Release|Any CPU.Build.0 = Release|Any CPU
		{A1A87CB8-8B9E-4C90-9549-C065357E499F}.Release|Mixed Platforms.ActiveCfg = Release|x64
		{A1A87CB8-8B9E-4C90-9549-C065357E499F}.Release|Mixed Platforms.Build.0 = Release|x64
		{A1A87CB8-8B9E-4C90-9549-C065357E499F}.Release|x64.ActiveCfg = Release|x64
		{A1A87CB8-8B9E-4C90-9549-C065357E499F}.Release|x64.Build.0 = Release|x64
		{A1A87CB8-8B9E-4C90-9549-C065357E499F}.Release|x86.ActiveCfg = Release|Any CPU
		{24EEBEFB-2B19-489D-B3AF-9FE00A56346E}.Debug|Any CPU.ActiveCfg = Debug|Any CPU
		{24EEBEFB-2B19-489D-B3AF-9FE00A56346E}.Debug|Any CPU.Build.0 = Debug|Any CPU
		{24EEBEFB-2B19-489D-B3AF-9FE00A56346E}.Debug|Mixed Platforms.ActiveCfg = Debug|x64
		{24EEBEFB-2B19-489D-B3AF-9FE00A56346E}.Debug|Mixed Platforms.Build.0 = Debug|x64
		{24EEBEFB-2B19-489D-B3AF-9FE00A56346E}.Debug|x64.ActiveCfg = Debug|x64
		{24EEBEFB-2B19-489D-B3AF-9FE00A56346E}.Debug|x64.Build.0 = Debug|x64
		{24EEBEFB-2B19-489D-B3AF-9FE00A56346E}.Debug|x86.ActiveCfg = Debug|Any CPU
		{24EEBEFB-2B19-489D-B3AF-9FE00A56346E}.Release|Any CPU.ActiveCfg = Release|Any CPU
		{24EEBEFB-2B19-489D-B3AF-9FE00A56346E}.Release|Any CPU.Build.0 = Release|Any CPU
		{24EEBEFB-2B19-489D-B3AF-9FE00A56346E}.Release|Mixed Platforms.ActiveCfg = Release|x64
		{24EEBEFB-2B19-489D-B3AF-9FE00A56346E}.Release|Mixed Platforms.Build.0 = Release|x64
		{24EEBEFB-2B19-489D-B3AF-9FE00A56346E}.Release|x64.ActiveCfg = Release|x64
		{24EEBEFB-2B19-489D-B3AF-9FE00A56346E}.Release|x64.Build.0 = Release|x64
		{24EEBEFB-2B19-489D-B3AF-9FE00A56346E}.Release|x86.ActiveCfg = Release|Any CPU
		{12F7FDD0-A6EC-4ABE-A01B-790AD8CAEF03}.Debug|Any CPU.ActiveCfg = Debug|Any CPU
		{12F7FDD0-A6EC-4ABE-A01B-790AD8CAEF03}.Debug|Any CPU.Build.0 = Debug|Any CPU
		{12F7FDD0-A6EC-4ABE-A01B-790AD8CAEF03}.Debug|Mixed Platforms.ActiveCfg = Debug|x64
		{12F7FDD0-A6EC-4ABE-A01B-790AD8CAEF03}.Debug|Mixed Platforms.Build.0 = Debug|x64
		{12F7FDD0-A6EC-4ABE-A01B-790AD8CAEF03}.Debug|x64.ActiveCfg = Debug|x64
		{12F7FDD0-A6EC-4ABE-A01B-790AD8CAEF03}.Debug|x64.Build.0 = Debug|x64
		{12F7FDD0-A6EC-4ABE-A01B-790AD8CAEF03}.Debug|x86.ActiveCfg = Debug|Any CPU
		{12F7FDD0-A6EC-4ABE-A01B-790AD8CAEF03}.Release|Any CPU.ActiveCfg = Release|Any CPU
		{12F7FDD0-A6EC-4ABE-A01B-790AD8CAEF03}.Release|Any CPU.Build.0 = Release|Any CPU
		{12F7FDD0-A6EC-4ABE-A01B-790AD8CAEF03}.Release|Mixed Platforms.ActiveCfg = Release|x64
		{12F7FDD0-A6EC-4ABE-A01B-790AD8CAEF03}.Release|Mixed Platforms.Build.0 = Release|x64
		{12F7FDD0-A6EC-4ABE-A01B-790AD8CAEF03}.Release|x64.ActiveCfg = Release|x64
		{12F7FDD0-A6EC-4ABE-A01B-790AD8CAEF03}.Release|x64.Build.0 = Release|x64
		{12F7FDD0-A6EC-4ABE-A01B-790AD8CAEF03}.Release|x86.ActiveCfg = Release|Any CPU
		{50FEF6BE-F961-4949-8658-2948DE7B777B}.Debug|Any CPU.ActiveCfg = Debug|Any CPU
		{50FEF6BE-F961-4949-8658-2948DE7B777B}.Debug|Any CPU.Build.0 = Debug|Any CPU
		{50FEF6BE-F961-4949-8658-2948DE7B777B}.Debug|Mixed Platforms.ActiveCfg = Debug|x64
		{50FEF6BE-F961-4949-8658-2948DE7B777B}.Debug|Mixed Platforms.Build.0 = Debug|x64
		{50FEF6BE-F961-4949-8658-2948DE7B777B}.Debug|x64.ActiveCfg = Debug|x64
		{50FEF6BE-F961-4949-8658-2948DE7B777B}.Debug|x64.Build.0 = Debug|x64
		{50FEF6BE-F961-4949-8658-2948DE7B777B}.Debug|x86.ActiveCfg = Debug|Any CPU
		{50FEF6BE-F961-4949-8658-2948DE7B777B}.Release|Any CPU.ActiveCfg = Release|Any CPU
		{50FEF6BE-F961-4949-8658-2948DE7B777B}.Release|Any CPU.Build.0 = Release|Any CPU
		{50FEF6BE-F961-4949-8658-2948DE7B777B}.Release|Mixed Platforms.ActiveCfg = Release|x64
		{50FEF6BE-F961-4949-8658-2948DE7B777B}.Release|Mixed Platforms.Build.0 = Release|x64
		{50FEF6BE-F961-4949-8658-2948DE7B777B}.Release|x64.ActiveCfg = Release|x64
		{50FEF6BE-F961-4949-8658-2948DE7B777B}.Release|x64.Build.0 = Release|x64
		{50FEF6BE-F961-4949-8658-2948DE7B777B}.Release|x86.ActiveCfg = Release|Any CPU
		{1E20B43E-B33D-4396-A7E1-498F72EBA5A4}.Debug|Any CPU.ActiveCfg = Debug|Any CPU
		{1E20B43E-B33D-4396-A7E1-498F72EBA5A4}.Debug|Any CPU.Build.0 = Debug|Any CPU
		{1E20B43E-B33D-4396-A7E1-498F72EBA5A4}.Debug|Mixed Platforms.ActiveCfg = Debug|x64
		{1E20B43E-B33D-4396-A7E1-498F72EBA5A4}.Debug|Mixed Platforms.Build.0 = Debug|x64
		{1E20B43E-B33D-4396-A7E1-498F72EBA5A4}.Debug|x64.ActiveCfg = Debug|x64
		{1E20B43E-B33D-4396-A7E1-498F72EBA5A4}.Debug|x64.Build.0 = Debug|x64
		{1E20B43E-B33D-4396-A7E1-498F72EBA5A4}.Debug|x86.ActiveCfg = Debug|Any CPU
		{1E20B43E-B33D-4396-A7E1-498F72EBA5A4}.Release|Any CPU.ActiveCfg = Release|Any CPU
		{1E20B43E-B33D-4396-A7E1-498F72EBA5A4}.Release|Any CPU.Build.0 = Release|Any CPU
		{1E20B43E-B33D-4396-A7E1-498F72EBA5A4}.Release|Mixed Platforms.ActiveCfg = Release|x64
		{1E20B43E-B33D-4396-A7E1-498F72EBA5A4}.Release|Mixed Platforms.Build.0 = Release|x64
		{1E20B43E-B33D-4396-A7E1-498F72EBA5A4}.Release|x64.ActiveCfg = Release|x64
		{1E20B43E-B33D-4396-A7E1-498F72EBA5A4}.Release|x64.Build.0 = Release|x64
		{1E20B43E-B33D-4396-A7E1-498F72EBA5A4}.Release|x86.ActiveCfg = Release|Any CPU
		{9F469FD8-4A92-4C1F-901C-93D84D457D8F}.Debug|Any CPU.ActiveCfg = Debug|Any CPU
		{9F469FD8-4A92-4C1F-901C-93D84D457D8F}.Debug|Any CPU.Build.0 = Debug|Any CPU
		{9F469FD8-4A92-4C1F-901C-93D84D457D8F}.Debug|Mixed Platforms.ActiveCfg = Debug|x64
		{9F469FD8-4A92-4C1F-901C-93D84D457D8F}.Debug|Mixed Platforms.Build.0 = Debug|x64
		{9F469FD8-4A92-4C1F-901C-93D84D457D8F}.Debug|x64.ActiveCfg = Debug|x64
		{9F469FD8-4A92-4C1F-901C-93D84D457D8F}.Debug|x64.Build.0 = Debug|x64
		{9F469FD8-4A92-4C1F-901C-93D84D457D8F}.Debug|x86.ActiveCfg = Debug|Any CPU
		{9F469FD8-4A92-4C1F-901C-93D84D457D8F}.Release|Any CPU.ActiveCfg = Release|Any CPU
		{9F469FD8-4A92-4C1F-901C-93D84D457D8F}.Release|Any CPU.Build.0 = Release|Any CPU
		{9F469FD8-4A92-4C1F-901C-93D84D457D8F}.Release|Mixed Platforms.ActiveCfg = Release|x64
		{9F469FD8-4A92-4C1F-901C-93D84D457D8F}.Release|Mixed Platforms.Build.0 = Release|x64
		{9F469FD8-4A92-4C1F-901C-93D84D457D8F}.Release|x64.ActiveCfg = Release|x64
		{9F469FD8-4A92-4C1F-901C-93D84D457D8F}.Release|x64.Build.0 = Release|x64
		{9F469FD8-4A92-4C1F-901C-93D84D457D8F}.Release|x86.ActiveCfg = Release|Any CPU
		{72264BDC-23F5-4A55-B53D-0752099CB263}.Debug|Any CPU.ActiveCfg = Debug|Any CPU
		{72264BDC-23F5-4A55-B53D-0752099CB263}.Debug|Any CPU.Build.0 = Debug|Any CPU
		{72264BDC-23F5-4A55-B53D-0752099CB263}.Debug|Mixed Platforms.ActiveCfg = Debug|x64
		{72264BDC-23F5-4A55-B53D-0752099CB263}.Debug|Mixed Platforms.Build.0 = Debug|x64
		{72264BDC-23F5-4A55-B53D-0752099CB263}.Debug|x64.ActiveCfg = Debug|x64
		{72264BDC-23F5-4A55-B53D-0752099CB263}.Debug|x64.Build.0 = Debug|x64
		{72264BDC-23F5-4A55-B53D-0752099CB263}.Debug|x86.ActiveCfg = Debug|Any CPU
		{72264BDC-23F5-4A55-B53D-0752099CB263}.Release|Any CPU.ActiveCfg = Release|Any CPU
		{72264BDC-23F5-4A55-B53D-0752099CB263}.Release|Any CPU.Build.0 = Release|Any CPU
		{72264BDC-23F5-4A55-B53D-0752099CB263}.Release|Mixed Platforms.ActiveCfg = Release|x64
		{72264BDC-23F5-4A55-B53D-0752099CB263}.Release|Mixed Platforms.Build.0 = Release|x64
		{72264BDC-23F5-4A55-B53D-0752099CB263}.Release|x64.ActiveCfg = Release|x64
		{72264BDC-23F5-4A55-B53D-0752099CB263}.Release|x64.Build.0 = Release|x64
		{72264BDC-23F5-4A55-B53D-0752099CB263}.Release|x86.ActiveCfg = Release|Any CPU
		{F4EF0925-945B-418C-9A81-8490D89985DB}.Debug|Any CPU.ActiveCfg = Debug|Any CPU
		{F4EF0925-945B-418C-9A81-8490D89985DB}.Debug|Any CPU.Build.0 = Debug|Any CPU
		{F4EF0925-945B-418C-9A81-8490D89985DB}.Debug|Mixed Platforms.ActiveCfg = Debug|x64
		{F4EF0925-945B-418C-9A81-8490D89985DB}.Debug|Mixed Platforms.Build.0 = Debug|x64
		{F4EF0925-945B-418C-9A81-8490D89985DB}.Debug|x64.ActiveCfg = Debug|x64
		{F4EF0925-945B-418C-9A81-8490D89985DB}.Debug|x64.Build.0 = Debug|x64
		{F4EF0925-945B-418C-9A81-8490D89985DB}.Debug|x86.ActiveCfg = Debug|Any CPU
		{F4EF0925-945B-418C-9A81-8490D89985DB}.Release|Any CPU.ActiveCfg = Release|Any CPU
		{F4EF0925-945B-418C-9A81-8490D89985DB}.Release|Any CPU.Build.0 = Release|Any CPU
		{F4EF0925-945B-418C-9A81-8490D89985DB}.Release|Mixed Platforms.ActiveCfg = Release|x64
		{F4EF0925-945B-418C-9A81-8490D89985DB}.Release|Mixed Platforms.Build.0 = Release|x64
		{F4EF0925-945B-418C-9A81-8490D89985DB}.Release|x64.ActiveCfg = Release|x64
		{F4EF0925-945B-418C-9A81-8490D89985DB}.Release|x64.Build.0 = Release|x64
		{F4EF0925-945B-418C-9A81-8490D89985DB}.Release|x86.ActiveCfg = Release|Any CPU
		{6EDD0CE5-8EF6-4BA3-9953-CFD027F7FCC9}.Debug|Any CPU.ActiveCfg = Debug|Any CPU
		{6EDD0CE5-8EF6-4BA3-9953-CFD027F7FCC9}.Debug|Any CPU.Build.0 = Debug|Any CPU
		{6EDD0CE5-8EF6-4BA3-9953-CFD027F7FCC9}.Debug|Mixed Platforms.ActiveCfg = Debug|x64
		{6EDD0CE5-8EF6-4BA3-9953-CFD027F7FCC9}.Debug|Mixed Platforms.Build.0 = Debug|x64
		{6EDD0CE5-8EF6-4BA3-9953-CFD027F7FCC9}.Debug|x64.ActiveCfg = Debug|x64
		{6EDD0CE5-8EF6-4BA3-9953-CFD027F7FCC9}.Debug|x64.Build.0 = Debug|x64
		{6EDD0CE5-8EF6-4BA3-9953-CFD027F7FCC9}.Debug|x86.ActiveCfg = Debug|Any CPU
		{6EDD0CE5-8EF6-4BA3-9953-CFD027F7FCC9}.Release|Any CPU.ActiveCfg = Release|Any CPU
		{6EDD0CE5-8EF6-4BA3-9953-CFD027F7FCC9}.Release|Any CPU.Build.0 = Release|Any CPU
		{6EDD0CE5-8EF6-4BA3-9953-CFD027F7FCC9}.Release|Mixed Platforms.ActiveCfg = Release|x64
		{6EDD0CE5-8EF6-4BA3-9953-CFD027F7FCC9}.Release|Mixed Platforms.Build.0 = Release|x64
		{6EDD0CE5-8EF6-4BA3-9953-CFD027F7FCC9}.Release|x64.ActiveCfg = Release|x64
		{6EDD0CE5-8EF6-4BA3-9953-CFD027F7FCC9}.Release|x64.Build.0 = Release|x64
		{6EDD0CE5-8EF6-4BA3-9953-CFD027F7FCC9}.Release|x86.ActiveCfg = Release|Any CPU
		{21CF6B20-3932-46DF-A8C1-0ADCCC61328F}.Debug|Any CPU.ActiveCfg = Debug|Any CPU
		{21CF6B20-3932-46DF-A8C1-0ADCCC61328F}.Debug|Any CPU.Build.0 = Debug|Any CPU
		{21CF6B20-3932-46DF-A8C1-0ADCCC61328F}.Debug|Mixed Platforms.ActiveCfg = Debug|x64
		{21CF6B20-3932-46DF-A8C1-0ADCCC61328F}.Debug|Mixed Platforms.Build.0 = Debug|x64
		{21CF6B20-3932-46DF-A8C1-0ADCCC61328F}.Debug|x64.ActiveCfg = Debug|x64
		{21CF6B20-3932-46DF-A8C1-0ADCCC61328F}.Debug|x64.Build.0 = Debug|x64
		{21CF6B20-3932-46DF-A8C1-0ADCCC61328F}.Debug|x86.ActiveCfg = Debug|Any CPU
		{21CF6B20-3932-46DF-A8C1-0ADCCC61328F}.Release|Any CPU.ActiveCfg = Release|Any CPU
		{21CF6B20-3932-46DF-A8C1-0ADCCC61328F}.Release|Any CPU.Build.0 = Release|Any CPU
		{21CF6B20-3932-46DF-A8C1-0ADCCC61328F}.Release|Mixed Platforms.ActiveCfg = Release|x64
		{21CF6B20-3932-46DF-A8C1-0ADCCC61328F}.Release|Mixed Platforms.Build.0 = Release|x64
		{21CF6B20-3932-46DF-A8C1-0ADCCC61328F}.Release|x64.ActiveCfg = Release|x64
		{21CF6B20-3932-46DF-A8C1-0ADCCC61328F}.Release|x64.Build.0 = Release|x64
		{21CF6B20-3932-46DF-A8C1-0ADCCC61328F}.Release|x86.ActiveCfg = Release|Any CPU
		{EBAB4B57-1E71-4C28-BF3E-FA3E16D296DF}.Debug|Any CPU.ActiveCfg = Debug|Any CPU
		{EBAB4B57-1E71-4C28-BF3E-FA3E16D296DF}.Debug|Any CPU.Build.0 = Debug|Any CPU
		{EBAB4B57-1E71-4C28-BF3E-FA3E16D296DF}.Debug|Mixed Platforms.ActiveCfg = Debug|x64
		{EBAB4B57-1E71-4C28-BF3E-FA3E16D296DF}.Debug|Mixed Platforms.Build.0 = Debug|x64
		{EBAB4B57-1E71-4C28-BF3E-FA3E16D296DF}.Debug|x64.ActiveCfg = Debug|x64
		{EBAB4B57-1E71-4C28-BF3E-FA3E16D296DF}.Debug|x64.Build.0 = Debug|x64
		{EBAB4B57-1E71-4C28-BF3E-FA3E16D296DF}.Debug|x86.ActiveCfg = Debug|Any CPU
		{EBAB4B57-1E71-4C28-BF3E-FA3E16D296DF}.Release|Any CPU.ActiveCfg = Release|Any CPU
		{EBAB4B57-1E71-4C28-BF3E-FA3E16D296DF}.Release|Any CPU.Build.0 = Release|Any CPU
		{EBAB4B57-1E71-4C28-BF3E-FA3E16D296DF}.Release|Mixed Platforms.ActiveCfg = Release|x64
		{EBAB4B57-1E71-4C28-BF3E-FA3E16D296DF}.Release|Mixed Platforms.Build.0 = Release|x64
		{EBAB4B57-1E71-4C28-BF3E-FA3E16D296DF}.Release|x64.ActiveCfg = Release|x64
		{EBAB4B57-1E71-4C28-BF3E-FA3E16D296DF}.Release|x64.Build.0 = Release|x64
		{EBAB4B57-1E71-4C28-BF3E-FA3E16D296DF}.Release|x86.ActiveCfg = Release|Any CPU
		{AF800243-4EC0-4ABA-A722-85872F7BD308}.Debug|Any CPU.ActiveCfg = Debug|Any CPU
		{AF800243-4EC0-4ABA-A722-85872F7BD308}.Debug|Any CPU.Build.0 = Debug|Any CPU
		{AF800243-4EC0-4ABA-A722-85872F7BD308}.Debug|Mixed Platforms.ActiveCfg = Debug|x64
		{AF800243-4EC0-4ABA-A722-85872F7BD308}.Debug|Mixed Platforms.Build.0 = Debug|x64
		{AF800243-4EC0-4ABA-A722-85872F7BD308}.Debug|x64.ActiveCfg = Debug|x64
		{AF800243-4EC0-4ABA-A722-85872F7BD308}.Debug|x64.Build.0 = Debug|x64
		{AF800243-4EC0-4ABA-A722-85872F7BD308}.Debug|x86.ActiveCfg = Debug|Any CPU
		{AF800243-4EC0-4ABA-A722-85872F7BD308}.Release|Any CPU.ActiveCfg = Release|Any CPU
		{AF800243-4EC0-4ABA-A722-85872F7BD308}.Release|Any CPU.Build.0 = Release|Any CPU
		{AF800243-4EC0-4ABA-A722-85872F7BD308}.Release|Mixed Platforms.ActiveCfg = Release|x64
		{AF800243-4EC0-4ABA-A722-85872F7BD308}.Release|Mixed Platforms.Build.0 = Release|x64
		{AF800243-4EC0-4ABA-A722-85872F7BD308}.Release|x64.ActiveCfg = Release|x64
		{AF800243-4EC0-4ABA-A722-85872F7BD308}.Release|x64.Build.0 = Release|x64
		{AF800243-4EC0-4ABA-A722-85872F7BD308}.Release|x86.ActiveCfg = Release|Any CPU
		{7DCB47A0-7B03-4B7C-BC42-B8D920D46604}.Debug|Any CPU.ActiveCfg = Debug|Any CPU
		{7DCB47A0-7B03-4B7C-BC42-B8D920D46604}.Debug|Any CPU.Build.0 = Debug|Any CPU
		{7DCB47A0-7B03-4B7C-BC42-B8D920D46604}.Debug|Mixed Platforms.ActiveCfg = Debug|x64
		{7DCB47A0-7B03-4B7C-BC42-B8D920D46604}.Debug|Mixed Platforms.Build.0 = Debug|x64
		{7DCB47A0-7B03-4B7C-BC42-B8D920D46604}.Debug|x64.ActiveCfg = Debug|x64
		{7DCB47A0-7B03-4B7C-BC42-B8D920D46604}.Debug|x64.Build.0 = Debug|x64
		{7DCB47A0-7B03-4B7C-BC42-B8D920D46604}.Debug|x86.ActiveCfg = Debug|Any CPU
		{7DCB47A0-7B03-4B7C-BC42-B8D920D46604}.Release|Any CPU.ActiveCfg = Release|Any CPU
		{7DCB47A0-7B03-4B7C-BC42-B8D920D46604}.Release|Any CPU.Build.0 = Release|Any CPU
		{7DCB47A0-7B03-4B7C-BC42-B8D920D46604}.Release|Mixed Platforms.ActiveCfg = Release|x64
		{7DCB47A0-7B03-4B7C-BC42-B8D920D46604}.Release|Mixed Platforms.Build.0 = Release|x64
		{7DCB47A0-7B03-4B7C-BC42-B8D920D46604}.Release|x64.ActiveCfg = Release|x64
		{7DCB47A0-7B03-4B7C-BC42-B8D920D46604}.Release|x64.Build.0 = Release|x64
		{7DCB47A0-7B03-4B7C-BC42-B8D920D46604}.Release|x86.ActiveCfg = Release|Any CPU
		{8DF179A4-2D5B-43B0-A78F-EF7B65F36AD5}.Debug|Any CPU.ActiveCfg = Debug|Any CPU
		{8DF179A4-2D5B-43B0-A78F-EF7B65F36AD5}.Debug|Any CPU.Build.0 = Debug|Any CPU
		{8DF179A4-2D5B-43B0-A78F-EF7B65F36AD5}.Debug|Mixed Platforms.ActiveCfg = Debug|x64
		{8DF179A4-2D5B-43B0-A78F-EF7B65F36AD5}.Debug|Mixed Platforms.Build.0 = Debug|x64
		{8DF179A4-2D5B-43B0-A78F-EF7B65F36AD5}.Debug|x64.ActiveCfg = Debug|x64
		{8DF179A4-2D5B-43B0-A78F-EF7B65F36AD5}.Debug|x64.Build.0 = Debug|x64
		{8DF179A4-2D5B-43B0-A78F-EF7B65F36AD5}.Debug|x86.ActiveCfg = Debug|Any CPU
		{8DF179A4-2D5B-43B0-A78F-EF7B65F36AD5}.Release|Any CPU.ActiveCfg = Release|Any CPU
		{8DF179A4-2D5B-43B0-A78F-EF7B65F36AD5}.Release|Any CPU.Build.0 = Release|Any CPU
		{8DF179A4-2D5B-43B0-A78F-EF7B65F36AD5}.Release|Mixed Platforms.ActiveCfg = Release|x64
		{8DF179A4-2D5B-43B0-A78F-EF7B65F36AD5}.Release|Mixed Platforms.Build.0 = Release|x64
		{8DF179A4-2D5B-43B0-A78F-EF7B65F36AD5}.Release|x64.ActiveCfg = Release|x64
		{8DF179A4-2D5B-43B0-A78F-EF7B65F36AD5}.Release|x64.Build.0 = Release|x64
		{8DF179A4-2D5B-43B0-A78F-EF7B65F36AD5}.Release|x86.ActiveCfg = Release|Any CPU
		{EE3BB0CA-BB0A-4FB6-9AB3-E73F57DD4A21}.Debug|Any CPU.ActiveCfg = Debug|Any CPU
		{EE3BB0CA-BB0A-4FB6-9AB3-E73F57DD4A21}.Debug|Any CPU.Build.0 = Debug|Any CPU
		{EE3BB0CA-BB0A-4FB6-9AB3-E73F57DD4A21}.Debug|Mixed Platforms.ActiveCfg = Debug|x64
		{EE3BB0CA-BB0A-4FB6-9AB3-E73F57DD4A21}.Debug|Mixed Platforms.Build.0 = Debug|x64
		{EE3BB0CA-BB0A-4FB6-9AB3-E73F57DD4A21}.Debug|x64.ActiveCfg = Debug|x64
		{EE3BB0CA-BB0A-4FB6-9AB3-E73F57DD4A21}.Debug|x64.Build.0 = Debug|x64
		{EE3BB0CA-BB0A-4FB6-9AB3-E73F57DD4A21}.Debug|x86.ActiveCfg = Debug|Any CPU
		{EE3BB0CA-BB0A-4FB6-9AB3-E73F57DD4A21}.Release|Any CPU.ActiveCfg = Release|Any CPU
		{EE3BB0CA-BB0A-4FB6-9AB3-E73F57DD4A21}.Release|Any CPU.Build.0 = Release|Any CPU
		{EE3BB0CA-BB0A-4FB6-9AB3-E73F57DD4A21}.Release|Mixed Platforms.ActiveCfg = Release|x64
		{EE3BB0CA-BB0A-4FB6-9AB3-E73F57DD4A21}.Release|Mixed Platforms.Build.0 = Release|x64
		{EE3BB0CA-BB0A-4FB6-9AB3-E73F57DD4A21}.Release|x64.ActiveCfg = Release|x64
		{EE3BB0CA-BB0A-4FB6-9AB3-E73F57DD4A21}.Release|x64.Build.0 = Release|x64
		{EE3BB0CA-BB0A-4FB6-9AB3-E73F57DD4A21}.Release|x86.ActiveCfg = Release|Any CPU
		{2EBD52CD-4BB4-4EC9-BE11-1101602958A2}.Debug|Any CPU.ActiveCfg = Debug|Any CPU
		{2EBD52CD-4BB4-4EC9-BE11-1101602958A2}.Debug|Any CPU.Build.0 = Debug|Any CPU
		{2EBD52CD-4BB4-4EC9-BE11-1101602958A2}.Debug|Mixed Platforms.ActiveCfg = Debug|x64
		{2EBD52CD-4BB4-4EC9-BE11-1101602958A2}.Debug|Mixed Platforms.Build.0 = Debug|x64
		{2EBD52CD-4BB4-4EC9-BE11-1101602958A2}.Debug|x64.ActiveCfg = Debug|x64
		{2EBD52CD-4BB4-4EC9-BE11-1101602958A2}.Debug|x64.Build.0 = Debug|x64
		{2EBD52CD-4BB4-4EC9-BE11-1101602958A2}.Debug|x86.ActiveCfg = Debug|Any CPU
		{2EBD52CD-4BB4-4EC9-BE11-1101602958A2}.Release|Any CPU.ActiveCfg = Release|Any CPU
		{2EBD52CD-4BB4-4EC9-BE11-1101602958A2}.Release|Any CPU.Build.0 = Release|Any CPU
		{2EBD52CD-4BB4-4EC9-BE11-1101602958A2}.Release|Mixed Platforms.ActiveCfg = Release|x64
		{2EBD52CD-4BB4-4EC9-BE11-1101602958A2}.Release|Mixed Platforms.Build.0 = Release|x64
		{2EBD52CD-4BB4-4EC9-BE11-1101602958A2}.Release|x64.ActiveCfg = Release|x64
		{2EBD52CD-4BB4-4EC9-BE11-1101602958A2}.Release|x64.Build.0 = Release|x64
		{2EBD52CD-4BB4-4EC9-BE11-1101602958A2}.Release|x86.ActiveCfg = Release|Any CPU
		{DA829F2D-1760-4A50-A545-05B43798CB06}.Debug|Any CPU.ActiveCfg = Debug|Any CPU
		{DA829F2D-1760-4A50-A545-05B43798CB06}.Debug|Any CPU.Build.0 = Debug|Any CPU
		{DA829F2D-1760-4A50-A545-05B43798CB06}.Debug|Mixed Platforms.ActiveCfg = Debug|x64
		{DA829F2D-1760-4A50-A545-05B43798CB06}.Debug|Mixed Platforms.Build.0 = Debug|x64
		{DA829F2D-1760-4A50-A545-05B43798CB06}.Debug|x64.ActiveCfg = Debug|x64
		{DA829F2D-1760-4A50-A545-05B43798CB06}.Debug|x64.Build.0 = Debug|x64
		{DA829F2D-1760-4A50-A545-05B43798CB06}.Debug|x86.ActiveCfg = Debug|Any CPU
		{DA829F2D-1760-4A50-A545-05B43798CB06}.Release|Any CPU.ActiveCfg = Release|Any CPU
		{DA829F2D-1760-4A50-A545-05B43798CB06}.Release|Any CPU.Build.0 = Release|Any CPU
		{DA829F2D-1760-4A50-A545-05B43798CB06}.Release|Mixed Platforms.ActiveCfg = Release|x64
		{DA829F2D-1760-4A50-A545-05B43798CB06}.Release|Mixed Platforms.Build.0 = Release|x64
		{DA829F2D-1760-4A50-A545-05B43798CB06}.Release|x64.ActiveCfg = Release|x64
		{DA829F2D-1760-4A50-A545-05B43798CB06}.Release|x64.Build.0 = Release|x64
		{DA829F2D-1760-4A50-A545-05B43798CB06}.Release|x86.ActiveCfg = Release|Any CPU
		{F40002FE-5698-4767-8198-997EE31A96A0}.Debug|Any CPU.ActiveCfg = Debug|Any CPU
		{F40002FE-5698-4767-8198-997EE31A96A0}.Debug|Any CPU.Build.0 = Debug|Any CPU
		{F40002FE-5698-4767-8198-997EE31A96A0}.Debug|Mixed Platforms.ActiveCfg = Debug|x64
		{F40002FE-5698-4767-8198-997EE31A96A0}.Debug|Mixed Platforms.Build.0 = Debug|x64
		{F40002FE-5698-4767-8198-997EE31A96A0}.Debug|x64.ActiveCfg = Debug|x64
		{F40002FE-5698-4767-8198-997EE31A96A0}.Debug|x64.Build.0 = Debug|x64
		{F40002FE-5698-4767-8198-997EE31A96A0}.Debug|x86.ActiveCfg = Debug|Any CPU
		{F40002FE-5698-4767-8198-997EE31A96A0}.Release|Any CPU.ActiveCfg = Release|Any CPU
		{F40002FE-5698-4767-8198-997EE31A96A0}.Release|Any CPU.Build.0 = Release|Any CPU
		{F40002FE-5698-4767-8198-997EE31A96A0}.Release|Mixed Platforms.ActiveCfg = Release|x64
		{F40002FE-5698-4767-8198-997EE31A96A0}.Release|Mixed Platforms.Build.0 = Release|x64
		{F40002FE-5698-4767-8198-997EE31A96A0}.Release|x64.ActiveCfg = Release|x64
		{F40002FE-5698-4767-8198-997EE31A96A0}.Release|x64.Build.0 = Release|x64
		{F40002FE-5698-4767-8198-997EE31A96A0}.Release|x86.ActiveCfg = Release|Any CPU
		{0B5BECA9-83A8-4CEC-A476-380E9F630091}.Debug|Any CPU.ActiveCfg = Debug|Any CPU
		{0B5BECA9-83A8-4CEC-A476-380E9F630091}.Debug|Any CPU.Build.0 = Debug|Any CPU
		{0B5BECA9-83A8-4CEC-A476-380E9F630091}.Debug|Mixed Platforms.ActiveCfg = Debug|x64
		{0B5BECA9-83A8-4CEC-A476-380E9F630091}.Debug|Mixed Platforms.Build.0 = Debug|x64
		{0B5BECA9-83A8-4CEC-A476-380E9F630091}.Debug|x64.ActiveCfg = Debug|x64
		{0B5BECA9-83A8-4CEC-A476-380E9F630091}.Debug|x64.Build.0 = Debug|x64
		{0B5BECA9-83A8-4CEC-A476-380E9F630091}.Debug|x86.ActiveCfg = Debug|Any CPU
		{0B5BECA9-83A8-4CEC-A476-380E9F630091}.Release|Any CPU.ActiveCfg = Release|Any CPU
		{0B5BECA9-83A8-4CEC-A476-380E9F630091}.Release|Any CPU.Build.0 = Release|Any CPU
		{0B5BECA9-83A8-4CEC-A476-380E9F630091}.Release|Mixed Platforms.ActiveCfg = Release|x64
		{0B5BECA9-83A8-4CEC-A476-380E9F630091}.Release|Mixed Platforms.Build.0 = Release|x64
		{0B5BECA9-83A8-4CEC-A476-380E9F630091}.Release|x64.ActiveCfg = Release|x64
		{0B5BECA9-83A8-4CEC-A476-380E9F630091}.Release|x64.Build.0 = Release|x64
		{0B5BECA9-83A8-4CEC-A476-380E9F630091}.Release|x86.ActiveCfg = Release|Any CPU
		{4A527E69-B21C-48C5-933E-2B45BADE7839}.Debug|Any CPU.ActiveCfg = Debug|Any CPU
		{4A527E69-B21C-48C5-933E-2B45BADE7839}.Debug|Any CPU.Build.0 = Debug|Any CPU
		{4A527E69-B21C-48C5-933E-2B45BADE7839}.Debug|Mixed Platforms.ActiveCfg = Debug|x64
		{4A527E69-B21C-48C5-933E-2B45BADE7839}.Debug|Mixed Platforms.Build.0 = Debug|x64
		{4A527E69-B21C-48C5-933E-2B45BADE7839}.Debug|x64.ActiveCfg = Debug|x64
		{4A527E69-B21C-48C5-933E-2B45BADE7839}.Debug|x64.Build.0 = Debug|x64
		{4A527E69-B21C-48C5-933E-2B45BADE7839}.Debug|x86.ActiveCfg = Debug|Any CPU
		{4A527E69-B21C-48C5-933E-2B45BADE7839}.Release|Any CPU.ActiveCfg = Release|Any CPU
		{4A527E69-B21C-48C5-933E-2B45BADE7839}.Release|Any CPU.Build.0 = Release|Any CPU
		{4A527E69-B21C-48C5-933E-2B45BADE7839}.Release|Mixed Platforms.ActiveCfg = Release|x64
		{4A527E69-B21C-48C5-933E-2B45BADE7839}.Release|Mixed Platforms.Build.0 = Release|x64
		{4A527E69-B21C-48C5-933E-2B45BADE7839}.Release|x64.ActiveCfg = Release|x64
		{4A527E69-B21C-48C5-933E-2B45BADE7839}.Release|x64.Build.0 = Release|x64
		{4A527E69-B21C-48C5-933E-2B45BADE7839}.Release|x86.ActiveCfg = Release|Any CPU
		{24A67A2D-7C18-4DCB-976C-2C15C8AB9E6B}.Debug|Any CPU.ActiveCfg = Debug|Any CPU
		{24A67A2D-7C18-4DCB-976C-2C15C8AB9E6B}.Debug|Any CPU.Build.0 = Debug|Any CPU
		{24A67A2D-7C18-4DCB-976C-2C15C8AB9E6B}.Debug|Mixed Platforms.ActiveCfg = Debug|x64
		{24A67A2D-7C18-4DCB-976C-2C15C8AB9E6B}.Debug|Mixed Platforms.Build.0 = Debug|x64
		{24A67A2D-7C18-4DCB-976C-2C15C8AB9E6B}.Debug|x64.ActiveCfg = Debug|x64
		{24A67A2D-7C18-4DCB-976C-2C15C8AB9E6B}.Debug|x64.Build.0 = Debug|x64
		{24A67A2D-7C18-4DCB-976C-2C15C8AB9E6B}.Debug|x86.ActiveCfg = Debug|Any CPU
		{24A67A2D-7C18-4DCB-976C-2C15C8AB9E6B}.Release|Any CPU.ActiveCfg = Release|Any CPU
		{24A67A2D-7C18-4DCB-976C-2C15C8AB9E6B}.Release|Any CPU.Build.0 = Release|Any CPU
		{24A67A2D-7C18-4DCB-976C-2C15C8AB9E6B}.Release|Mixed Platforms.ActiveCfg = Release|x64
		{24A67A2D-7C18-4DCB-976C-2C15C8AB9E6B}.Release|Mixed Platforms.Build.0 = Release|x64
		{24A67A2D-7C18-4DCB-976C-2C15C8AB9E6B}.Release|x64.ActiveCfg = Release|x64
		{24A67A2D-7C18-4DCB-976C-2C15C8AB9E6B}.Release|x64.Build.0 = Release|x64
		{24A67A2D-7C18-4DCB-976C-2C15C8AB9E6B}.Release|x86.ActiveCfg = Release|Any CPU
		{9F91345F-B696-40B0-A6A4-65D93B8489FD}.Debug|Any CPU.ActiveCfg = Debug|Any CPU
		{9F91345F-B696-40B0-A6A4-65D93B8489FD}.Debug|Any CPU.Build.0 = Debug|Any CPU
		{9F91345F-B696-40B0-A6A4-65D93B8489FD}.Debug|Mixed Platforms.ActiveCfg = Debug|x64
		{9F91345F-B696-40B0-A6A4-65D93B8489FD}.Debug|Mixed Platforms.Build.0 = Debug|x64
		{9F91345F-B696-40B0-A6A4-65D93B8489FD}.Debug|x64.ActiveCfg = Debug|x64
		{9F91345F-B696-40B0-A6A4-65D93B8489FD}.Debug|x64.Build.0 = Debug|x64
		{9F91345F-B696-40B0-A6A4-65D93B8489FD}.Debug|x86.ActiveCfg = Debug|Any CPU
		{9F91345F-B696-40B0-A6A4-65D93B8489FD}.Release|Any CPU.ActiveCfg = Release|Any CPU
		{9F91345F-B696-40B0-A6A4-65D93B8489FD}.Release|Any CPU.Build.0 = Release|Any CPU
		{9F91345F-B696-40B0-A6A4-65D93B8489FD}.Release|Mixed Platforms.ActiveCfg = Release|x64
		{9F91345F-B696-40B0-A6A4-65D93B8489FD}.Release|Mixed Platforms.Build.0 = Release|x64
		{9F91345F-B696-40B0-A6A4-65D93B8489FD}.Release|x64.ActiveCfg = Release|x64
		{9F91345F-B696-40B0-A6A4-65D93B8489FD}.Release|x64.Build.0 = Release|x64
		{9F91345F-B696-40B0-A6A4-65D93B8489FD}.Release|x86.ActiveCfg = Release|Any CPU
		{FABF7AA3-DDE7-48A4-8226-ECD3AD423597}.Debug|Any CPU.ActiveCfg = Debug|Any CPU
		{FABF7AA3-DDE7-48A4-8226-ECD3AD423597}.Debug|Any CPU.Build.0 = Debug|Any CPU
		{FABF7AA3-DDE7-48A4-8226-ECD3AD423597}.Debug|Mixed Platforms.ActiveCfg = Debug|x64
		{FABF7AA3-DDE7-48A4-8226-ECD3AD423597}.Debug|Mixed Platforms.Build.0 = Debug|x64
		{FABF7AA3-DDE7-48A4-8226-ECD3AD423597}.Debug|x64.ActiveCfg = Debug|x64
		{FABF7AA3-DDE7-48A4-8226-ECD3AD423597}.Debug|x64.Build.0 = Debug|x64
		{FABF7AA3-DDE7-48A4-8226-ECD3AD423597}.Debug|x86.ActiveCfg = Debug|Any CPU
		{FABF7AA3-DDE7-48A4-8226-ECD3AD423597}.Release|Any CPU.ActiveCfg = Release|Any CPU
		{FABF7AA3-DDE7-48A4-8226-ECD3AD423597}.Release|Any CPU.Build.0 = Release|Any CPU
		{FABF7AA3-DDE7-48A4-8226-ECD3AD423597}.Release|Mixed Platforms.ActiveCfg = Release|x64
		{FABF7AA3-DDE7-48A4-8226-ECD3AD423597}.Release|Mixed Platforms.Build.0 = Release|x64
		{FABF7AA3-DDE7-48A4-8226-ECD3AD423597}.Release|x64.ActiveCfg = Release|x64
		{FABF7AA3-DDE7-48A4-8226-ECD3AD423597}.Release|x64.Build.0 = Release|x64
		{FABF7AA3-DDE7-48A4-8226-ECD3AD423597}.Release|x86.ActiveCfg = Release|Any CPU
		{2FC4314B-792B-40A3-B540-ACA05B9EA86B}.Debug|Any CPU.ActiveCfg = Debug|Any CPU
		{2FC4314B-792B-40A3-B540-ACA05B9EA86B}.Debug|Any CPU.Build.0 = Debug|Any CPU
		{2FC4314B-792B-40A3-B540-ACA05B9EA86B}.Debug|Mixed Platforms.ActiveCfg = Debug|x64
		{2FC4314B-792B-40A3-B540-ACA05B9EA86B}.Debug|Mixed Platforms.Build.0 = Debug|x64
		{2FC4314B-792B-40A3-B540-ACA05B9EA86B}.Debug|x64.ActiveCfg = Debug|x64
		{2FC4314B-792B-40A3-B540-ACA05B9EA86B}.Debug|x64.Build.0 = Debug|x64
		{2FC4314B-792B-40A3-B540-ACA05B9EA86B}.Debug|x86.ActiveCfg = Debug|Any CPU
		{2FC4314B-792B-40A3-B540-ACA05B9EA86B}.Release|Any CPU.ActiveCfg = Release|Any CPU
		{2FC4314B-792B-40A3-B540-ACA05B9EA86B}.Release|Any CPU.Build.0 = Release|Any CPU
		{2FC4314B-792B-40A3-B540-ACA05B9EA86B}.Release|Mixed Platforms.ActiveCfg = Release|x64
		{2FC4314B-792B-40A3-B540-ACA05B9EA86B}.Release|Mixed Platforms.Build.0 = Release|x64
		{2FC4314B-792B-40A3-B540-ACA05B9EA86B}.Release|x64.ActiveCfg = Release|x64
		{2FC4314B-792B-40A3-B540-ACA05B9EA86B}.Release|x64.Build.0 = Release|x64
		{2FC4314B-792B-40A3-B540-ACA05B9EA86B}.Release|x86.ActiveCfg = Release|Any CPU
		{E5D23BF6-95FE-4DDF-A1FF-3E0A7F5DCF5F}.Debug|Any CPU.ActiveCfg = Debug|Any CPU
		{E5D23BF6-95FE-4DDF-A1FF-3E0A7F5DCF5F}.Debug|Any CPU.Build.0 = Debug|Any CPU
		{E5D23BF6-95FE-4DDF-A1FF-3E0A7F5DCF5F}.Debug|Mixed Platforms.ActiveCfg = Debug|x64
		{E5D23BF6-95FE-4DDF-A1FF-3E0A7F5DCF5F}.Debug|Mixed Platforms.Build.0 = Debug|x64
		{E5D23BF6-95FE-4DDF-A1FF-3E0A7F5DCF5F}.Debug|x64.ActiveCfg = Debug|x64
		{E5D23BF6-95FE-4DDF-A1FF-3E0A7F5DCF5F}.Debug|x64.Build.0 = Debug|x64
		{E5D23BF6-95FE-4DDF-A1FF-3E0A7F5DCF5F}.Debug|x86.ActiveCfg = Debug|Any CPU
		{E5D23BF6-95FE-4DDF-A1FF-3E0A7F5DCF5F}.Release|Any CPU.ActiveCfg = Release|Any CPU
		{E5D23BF6-95FE-4DDF-A1FF-3E0A7F5DCF5F}.Release|Any CPU.Build.0 = Release|Any CPU
		{E5D23BF6-95FE-4DDF-A1FF-3E0A7F5DCF5F}.Release|Mixed Platforms.ActiveCfg = Release|x64
		{E5D23BF6-95FE-4DDF-A1FF-3E0A7F5DCF5F}.Release|Mixed Platforms.Build.0 = Release|x64
		{E5D23BF6-95FE-4DDF-A1FF-3E0A7F5DCF5F}.Release|x64.ActiveCfg = Release|x64
		{E5D23BF6-95FE-4DDF-A1FF-3E0A7F5DCF5F}.Release|x64.Build.0 = Release|x64
		{E5D23BF6-95FE-4DDF-A1FF-3E0A7F5DCF5F}.Release|x86.ActiveCfg = Release|Any CPU
		{F05FE01B-E35C-4444-B5A2-47085D073631}.Debug|Any CPU.ActiveCfg = Debug|Any CPU
		{F05FE01B-E35C-4444-B5A2-47085D073631}.Debug|Any CPU.Build.0 = Debug|Any CPU
		{F05FE01B-E35C-4444-B5A2-47085D073631}.Debug|Mixed Platforms.ActiveCfg = Debug|x64
		{F05FE01B-E35C-4444-B5A2-47085D073631}.Debug|Mixed Platforms.Build.0 = Debug|x64
		{F05FE01B-E35C-4444-B5A2-47085D073631}.Debug|x64.ActiveCfg = Debug|x64
		{F05FE01B-E35C-4444-B5A2-47085D073631}.Debug|x64.Build.0 = Debug|x64
		{F05FE01B-E35C-4444-B5A2-47085D073631}.Debug|x86.ActiveCfg = Debug|Any CPU
		{F05FE01B-E35C-4444-B5A2-47085D073631}.Release|Any CPU.ActiveCfg = Release|Any CPU
		{F05FE01B-E35C-4444-B5A2-47085D073631}.Release|Any CPU.Build.0 = Release|Any CPU
		{F05FE01B-E35C-4444-B5A2-47085D073631}.Release|Mixed Platforms.ActiveCfg = Release|x64
		{F05FE01B-E35C-4444-B5A2-47085D073631}.Release|Mixed Platforms.Build.0 = Release|x64
		{F05FE01B-E35C-4444-B5A2-47085D073631}.Release|x64.ActiveCfg = Release|x64
		{F05FE01B-E35C-4444-B5A2-47085D073631}.Release|x64.Build.0 = Release|x64
		{F05FE01B-E35C-4444-B5A2-47085D073631}.Release|x86.ActiveCfg = Release|Any CPU
		{3B2EB97A-A305-4394-9843-72E138815152}.Debug|Any CPU.ActiveCfg = Debug|Any CPU
		{3B2EB97A-A305-4394-9843-72E138815152}.Debug|Any CPU.Build.0 = Debug|Any CPU
		{3B2EB97A-A305-4394-9843-72E138815152}.Debug|Mixed Platforms.ActiveCfg = Debug|x64
		{3B2EB97A-A305-4394-9843-72E138815152}.Debug|Mixed Platforms.Build.0 = Debug|x64
		{3B2EB97A-A305-4394-9843-72E138815152}.Debug|x64.ActiveCfg = Debug|x64
		{3B2EB97A-A305-4394-9843-72E138815152}.Debug|x64.Build.0 = Debug|x64
		{3B2EB97A-A305-4394-9843-72E138815152}.Debug|x86.ActiveCfg = Debug|Any CPU
		{3B2EB97A-A305-4394-9843-72E138815152}.Release|Any CPU.ActiveCfg = Release|Any CPU
		{3B2EB97A-A305-4394-9843-72E138815152}.Release|Any CPU.Build.0 = Release|Any CPU
		{3B2EB97A-A305-4394-9843-72E138815152}.Release|Mixed Platforms.ActiveCfg = Release|x64
		{3B2EB97A-A305-4394-9843-72E138815152}.Release|Mixed Platforms.Build.0 = Release|x64
		{3B2EB97A-A305-4394-9843-72E138815152}.Release|x64.ActiveCfg = Release|x64
		{3B2EB97A-A305-4394-9843-72E138815152}.Release|x64.Build.0 = Release|x64
		{3B2EB97A-A305-4394-9843-72E138815152}.Release|x86.ActiveCfg = Release|Any CPU
		{5E5A80B8-06DC-428F-A139-F1CF20D756B2}.Debug|Any CPU.ActiveCfg = Debug|Any CPU
		{5E5A80B8-06DC-428F-A139-F1CF20D756B2}.Debug|Any CPU.Build.0 = Debug|Any CPU
		{5E5A80B8-06DC-428F-A139-F1CF20D756B2}.Debug|Mixed Platforms.ActiveCfg = Debug|x64
		{5E5A80B8-06DC-428F-A139-F1CF20D756B2}.Debug|Mixed Platforms.Build.0 = Debug|x64
		{5E5A80B8-06DC-428F-A139-F1CF20D756B2}.Debug|x64.ActiveCfg = Debug|x64
		{5E5A80B8-06DC-428F-A139-F1CF20D756B2}.Debug|x64.Build.0 = Debug|x64
		{5E5A80B8-06DC-428F-A139-F1CF20D756B2}.Debug|x86.ActiveCfg = Debug|Any CPU
		{5E5A80B8-06DC-428F-A139-F1CF20D756B2}.Release|Any CPU.ActiveCfg = Release|Any CPU
		{5E5A80B8-06DC-428F-A139-F1CF20D756B2}.Release|Any CPU.Build.0 = Release|Any CPU
		{5E5A80B8-06DC-428F-A139-F1CF20D756B2}.Release|Mixed Platforms.ActiveCfg = Release|x64
		{5E5A80B8-06DC-428F-A139-F1CF20D756B2}.Release|Mixed Platforms.Build.0 = Release|x64
		{5E5A80B8-06DC-428F-A139-F1CF20D756B2}.Release|x64.ActiveCfg = Release|x64
		{5E5A80B8-06DC-428F-A139-F1CF20D756B2}.Release|x64.Build.0 = Release|x64
		{5E5A80B8-06DC-428F-A139-F1CF20D756B2}.Release|x86.ActiveCfg = Release|Any CPU
		{813E3F46-36CA-4320-BB05-325EEC553D3D}.Debug|Any CPU.ActiveCfg = Debug|Any CPU
		{813E3F46-36CA-4320-BB05-325EEC553D3D}.Debug|Any CPU.Build.0 = Debug|Any CPU
		{813E3F46-36CA-4320-BB05-325EEC553D3D}.Debug|Mixed Platforms.ActiveCfg = Debug|x64
		{813E3F46-36CA-4320-BB05-325EEC553D3D}.Debug|Mixed Platforms.Build.0 = Debug|x64
		{813E3F46-36CA-4320-BB05-325EEC553D3D}.Debug|x64.ActiveCfg = Debug|x64
		{813E3F46-36CA-4320-BB05-325EEC553D3D}.Debug|x64.Build.0 = Debug|x64
		{813E3F46-36CA-4320-BB05-325EEC553D3D}.Debug|x86.ActiveCfg = Debug|Any CPU
		{813E3F46-36CA-4320-BB05-325EEC553D3D}.Release|Any CPU.ActiveCfg = Release|Any CPU
		{813E3F46-36CA-4320-BB05-325EEC553D3D}.Release|Any CPU.Build.0 = Release|Any CPU
		{813E3F46-36CA-4320-BB05-325EEC553D3D}.Release|Mixed Platforms.ActiveCfg = Release|x64
		{813E3F46-36CA-4320-BB05-325EEC553D3D}.Release|Mixed Platforms.Build.0 = Release|x64
		{813E3F46-36CA-4320-BB05-325EEC553D3D}.Release|x64.ActiveCfg = Release|x64
		{813E3F46-36CA-4320-BB05-325EEC553D3D}.Release|x64.Build.0 = Release|x64
		{813E3F46-36CA-4320-BB05-325EEC553D3D}.Release|x86.ActiveCfg = Release|Any CPU
		{7E40E3E6-BF8E-45B5-99AF-4E11DAF039FD}.Debug|Any CPU.ActiveCfg = Debug|Any CPU
		{7E40E3E6-BF8E-45B5-99AF-4E11DAF039FD}.Debug|Any CPU.Build.0 = Debug|Any CPU
		{7E40E3E6-BF8E-45B5-99AF-4E11DAF039FD}.Debug|Mixed Platforms.ActiveCfg = Debug|x64
		{7E40E3E6-BF8E-45B5-99AF-4E11DAF039FD}.Debug|Mixed Platforms.Build.0 = Debug|x64
		{7E40E3E6-BF8E-45B5-99AF-4E11DAF039FD}.Debug|x64.ActiveCfg = Debug|x64
		{7E40E3E6-BF8E-45B5-99AF-4E11DAF039FD}.Debug|x64.Build.0 = Debug|x64
		{7E40E3E6-BF8E-45B5-99AF-4E11DAF039FD}.Debug|x86.ActiveCfg = Debug|Any CPU
		{7E40E3E6-BF8E-45B5-99AF-4E11DAF039FD}.Release|Any CPU.ActiveCfg = Release|Any CPU
		{7E40E3E6-BF8E-45B5-99AF-4E11DAF039FD}.Release|Any CPU.Build.0 = Release|Any CPU
		{7E40E3E6-BF8E-45B5-99AF-4E11DAF039FD}.Release|Mixed Platforms.ActiveCfg = Release|x64
		{7E40E3E6-BF8E-45B5-99AF-4E11DAF039FD}.Release|Mixed Platforms.Build.0 = Release|x64
		{7E40E3E6-BF8E-45B5-99AF-4E11DAF039FD}.Release|x64.ActiveCfg = Release|x64
		{7E40E3E6-BF8E-45B5-99AF-4E11DAF039FD}.Release|x64.Build.0 = Release|x64
		{7E40E3E6-BF8E-45B5-99AF-4E11DAF039FD}.Release|x86.ActiveCfg = Release|Any CPU
		{74201F53-B122-40F0-9678-1DCDC45E99BC}.Debug|Any CPU.ActiveCfg = Debug|Any CPU
		{74201F53-B122-40F0-9678-1DCDC45E99BC}.Debug|Any CPU.Build.0 = Debug|Any CPU
		{74201F53-B122-40F0-9678-1DCDC45E99BC}.Debug|Mixed Platforms.ActiveCfg = Debug|x64
		{74201F53-B122-40F0-9678-1DCDC45E99BC}.Debug|Mixed Platforms.Build.0 = Debug|x64
		{74201F53-B122-40F0-9678-1DCDC45E99BC}.Debug|x64.ActiveCfg = Debug|x64
		{74201F53-B122-40F0-9678-1DCDC45E99BC}.Debug|x64.Build.0 = Debug|x64
		{74201F53-B122-40F0-9678-1DCDC45E99BC}.Debug|x86.ActiveCfg = Debug|Any CPU
		{74201F53-B122-40F0-9678-1DCDC45E99BC}.Release|Any CPU.ActiveCfg = Release|Any CPU
		{74201F53-B122-40F0-9678-1DCDC45E99BC}.Release|Any CPU.Build.0 = Release|Any CPU
		{74201F53-B122-40F0-9678-1DCDC45E99BC}.Release|Mixed Platforms.ActiveCfg = Release|x64
		{74201F53-B122-40F0-9678-1DCDC45E99BC}.Release|Mixed Platforms.Build.0 = Release|x64
		{74201F53-B122-40F0-9678-1DCDC45E99BC}.Release|x64.ActiveCfg = Release|x64
		{74201F53-B122-40F0-9678-1DCDC45E99BC}.Release|x64.Build.0 = Release|x64
		{74201F53-B122-40F0-9678-1DCDC45E99BC}.Release|x86.ActiveCfg = Release|Any CPU
		{701A6CF3-2347-4DD1-B6A8-589F4B98D26E}.Debug|Any CPU.ActiveCfg = Debug|Any CPU
		{701A6CF3-2347-4DD1-B6A8-589F4B98D26E}.Debug|Any CPU.Build.0 = Debug|Any CPU
		{701A6CF3-2347-4DD1-B6A8-589F4B98D26E}.Debug|Mixed Platforms.ActiveCfg = Debug|x64
		{701A6CF3-2347-4DD1-B6A8-589F4B98D26E}.Debug|Mixed Platforms.Build.0 = Debug|x64
		{701A6CF3-2347-4DD1-B6A8-589F4B98D26E}.Debug|x64.ActiveCfg = Debug|x64
		{701A6CF3-2347-4DD1-B6A8-589F4B98D26E}.Debug|x64.Build.0 = Debug|x64
		{701A6CF3-2347-4DD1-B6A8-589F4B98D26E}.Debug|x86.ActiveCfg = Debug|Any CPU
		{701A6CF3-2347-4DD1-B6A8-589F4B98D26E}.Release|Any CPU.ActiveCfg = Release|Any CPU
		{701A6CF3-2347-4DD1-B6A8-589F4B98D26E}.Release|Any CPU.Build.0 = Release|Any CPU
		{701A6CF3-2347-4DD1-B6A8-589F4B98D26E}.Release|Mixed Platforms.ActiveCfg = Release|x64
		{701A6CF3-2347-4DD1-B6A8-589F4B98D26E}.Release|Mixed Platforms.Build.0 = Release|x64
		{701A6CF3-2347-4DD1-B6A8-589F4B98D26E}.Release|x64.ActiveCfg = Release|x64
		{701A6CF3-2347-4DD1-B6A8-589F4B98D26E}.Release|x64.Build.0 = Release|x64
		{701A6CF3-2347-4DD1-B6A8-589F4B98D26E}.Release|x86.ActiveCfg = Release|Any CPU
		{EB1F831C-4588-4FA5-A9F9-68B0D9E1C390}.Debug|Any CPU.ActiveCfg = Debug|Any CPU
		{EB1F831C-4588-4FA5-A9F9-68B0D9E1C390}.Debug|Any CPU.Build.0 = Debug|Any CPU
		{EB1F831C-4588-4FA5-A9F9-68B0D9E1C390}.Debug|Mixed Platforms.ActiveCfg = Debug|x64
		{EB1F831C-4588-4FA5-A9F9-68B0D9E1C390}.Debug|Mixed Platforms.Build.0 = Debug|x64
		{EB1F831C-4588-4FA5-A9F9-68B0D9E1C390}.Debug|x64.ActiveCfg = Debug|x64
		{EB1F831C-4588-4FA5-A9F9-68B0D9E1C390}.Debug|x64.Build.0 = Debug|x64
		{EB1F831C-4588-4FA5-A9F9-68B0D9E1C390}.Debug|x86.ActiveCfg = Debug|Any CPU
		{EB1F831C-4588-4FA5-A9F9-68B0D9E1C390}.Release|Any CPU.ActiveCfg = Release|Any CPU
		{EB1F831C-4588-4FA5-A9F9-68B0D9E1C390}.Release|Any CPU.Build.0 = Release|Any CPU
		{EB1F831C-4588-4FA5-A9F9-68B0D9E1C390}.Release|Mixed Platforms.ActiveCfg = Release|x64
		{EB1F831C-4588-4FA5-A9F9-68B0D9E1C390}.Release|Mixed Platforms.Build.0 = Release|x64
		{EB1F831C-4588-4FA5-A9F9-68B0D9E1C390}.Release|x64.ActiveCfg = Release|x64
		{EB1F831C-4588-4FA5-A9F9-68B0D9E1C390}.Release|x64.Build.0 = Release|x64
		{EB1F831C-4588-4FA5-A9F9-68B0D9E1C390}.Release|x86.ActiveCfg = Release|Any CPU
		{CF2F19C1-7495-472C-B065-1C4DBE25107E}.Debug|Any CPU.ActiveCfg = Debug|Any CPU
		{CF2F19C1-7495-472C-B065-1C4DBE25107E}.Debug|Any CPU.Build.0 = Debug|Any CPU
		{CF2F19C1-7495-472C-B065-1C4DBE25107E}.Debug|Mixed Platforms.ActiveCfg = Debug|x64
		{CF2F19C1-7495-472C-B065-1C4DBE25107E}.Debug|Mixed Platforms.Build.0 = Debug|x64
		{CF2F19C1-7495-472C-B065-1C4DBE25107E}.Debug|x64.ActiveCfg = Debug|x64
		{CF2F19C1-7495-472C-B065-1C4DBE25107E}.Debug|x64.Build.0 = Debug|x64
		{CF2F19C1-7495-472C-B065-1C4DBE25107E}.Debug|x86.ActiveCfg = Debug|Any CPU
		{CF2F19C1-7495-472C-B065-1C4DBE25107E}.Release|Any CPU.ActiveCfg = Release|Any CPU
		{CF2F19C1-7495-472C-B065-1C4DBE25107E}.Release|Any CPU.Build.0 = Release|Any CPU
		{CF2F19C1-7495-472C-B065-1C4DBE25107E}.Release|Mixed Platforms.ActiveCfg = Release|x64
		{CF2F19C1-7495-472C-B065-1C4DBE25107E}.Release|Mixed Platforms.Build.0 = Release|x64
		{CF2F19C1-7495-472C-B065-1C4DBE25107E}.Release|x64.ActiveCfg = Release|x64
		{CF2F19C1-7495-472C-B065-1C4DBE25107E}.Release|x64.Build.0 = Release|x64
		{CF2F19C1-7495-472C-B065-1C4DBE25107E}.Release|x86.ActiveCfg = Release|Any CPU
		{6EA9D463-E649-4371-ADD3-80D2216C189B}.Debug|Any CPU.ActiveCfg = Debug|Any CPU
		{6EA9D463-E649-4371-ADD3-80D2216C189B}.Debug|Any CPU.Build.0 = Debug|Any CPU
		{6EA9D463-E649-4371-ADD3-80D2216C189B}.Debug|Mixed Platforms.ActiveCfg = Debug|x64
		{6EA9D463-E649-4371-ADD3-80D2216C189B}.Debug|Mixed Platforms.Build.0 = Debug|x64
		{6EA9D463-E649-4371-ADD3-80D2216C189B}.Debug|x64.ActiveCfg = Debug|x64
		{6EA9D463-E649-4371-ADD3-80D2216C189B}.Debug|x64.Build.0 = Debug|x64
		{6EA9D463-E649-4371-ADD3-80D2216C189B}.Debug|x86.ActiveCfg = Debug|x86
		{6EA9D463-E649-4371-ADD3-80D2216C189B}.Debug|x86.Build.0 = Debug|x86
		{6EA9D463-E649-4371-ADD3-80D2216C189B}.Release|Any CPU.ActiveCfg = Release|Any CPU
		{6EA9D463-E649-4371-ADD3-80D2216C189B}.Release|Any CPU.Build.0 = Release|Any CPU
		{6EA9D463-E649-4371-ADD3-80D2216C189B}.Release|Mixed Platforms.ActiveCfg = Release|x64
		{6EA9D463-E649-4371-ADD3-80D2216C189B}.Release|Mixed Platforms.Build.0 = Release|x64
		{6EA9D463-E649-4371-ADD3-80D2216C189B}.Release|x64.ActiveCfg = Release|x64
		{6EA9D463-E649-4371-ADD3-80D2216C189B}.Release|x64.Build.0 = Release|x64
		{6EA9D463-E649-4371-ADD3-80D2216C189B}.Release|x86.ActiveCfg = Release|x86
		{6EA9D463-E649-4371-ADD3-80D2216C189B}.Release|x86.Build.0 = Release|x86
		{8157C92A-68A6-498D-84B7-EF2A299AB7BA}.Debug|Any CPU.ActiveCfg = Debug|Any CPU
		{8157C92A-68A6-498D-84B7-EF2A299AB7BA}.Debug|Any CPU.Build.0 = Debug|Any CPU
		{8157C92A-68A6-498D-84B7-EF2A299AB7BA}.Debug|Mixed Platforms.ActiveCfg = Debug|x64
		{8157C92A-68A6-498D-84B7-EF2A299AB7BA}.Debug|Mixed Platforms.Build.0 = Debug|x64
		{8157C92A-68A6-498D-84B7-EF2A299AB7BA}.Debug|x64.ActiveCfg = Debug|x64
		{8157C92A-68A6-498D-84B7-EF2A299AB7BA}.Debug|x64.Build.0 = Debug|x64
		{8157C92A-68A6-498D-84B7-EF2A299AB7BA}.Debug|x86.ActiveCfg = Debug|Any CPU
		{8157C92A-68A6-498D-84B7-EF2A299AB7BA}.Release|Any CPU.ActiveCfg = Release|Any CPU
		{8157C92A-68A6-498D-84B7-EF2A299AB7BA}.Release|Any CPU.Build.0 = Release|Any CPU
		{8157C92A-68A6-498D-84B7-EF2A299AB7BA}.Release|Mixed Platforms.ActiveCfg = Release|x64
		{8157C92A-68A6-498D-84B7-EF2A299AB7BA}.Release|Mixed Platforms.Build.0 = Release|x64
		{8157C92A-68A6-498D-84B7-EF2A299AB7BA}.Release|x64.ActiveCfg = Release|x64
		{8157C92A-68A6-498D-84B7-EF2A299AB7BA}.Release|x64.Build.0 = Release|x64
		{8157C92A-68A6-498D-84B7-EF2A299AB7BA}.Release|x86.ActiveCfg = Release|Any CPU
		{F0F41E48-35ED-43F4-AB00-30252B0E5690}.Debug|Any CPU.ActiveCfg = Debug|Any CPU
		{F0F41E48-35ED-43F4-AB00-30252B0E5690}.Debug|Any CPU.Build.0 = Debug|Any CPU
		{F0F41E48-35ED-43F4-AB00-30252B0E5690}.Debug|Mixed Platforms.ActiveCfg = Debug|x64
		{F0F41E48-35ED-43F4-AB00-30252B0E5690}.Debug|Mixed Platforms.Build.0 = Debug|x64
		{F0F41E48-35ED-43F4-AB00-30252B0E5690}.Debug|x64.ActiveCfg = Debug|x64
		{F0F41E48-35ED-43F4-AB00-30252B0E5690}.Debug|x64.Build.0 = Debug|x64
		{F0F41E48-35ED-43F4-AB00-30252B0E5690}.Debug|x86.ActiveCfg = Debug|Any CPU
		{F0F41E48-35ED-43F4-AB00-30252B0E5690}.Release|Any CPU.ActiveCfg = Release|Any CPU
		{F0F41E48-35ED-43F4-AB00-30252B0E5690}.Release|Any CPU.Build.0 = Release|Any CPU
		{F0F41E48-35ED-43F4-AB00-30252B0E5690}.Release|Mixed Platforms.ActiveCfg = Release|x64
		{F0F41E48-35ED-43F4-AB00-30252B0E5690}.Release|Mixed Platforms.Build.0 = Release|x64
		{F0F41E48-35ED-43F4-AB00-30252B0E5690}.Release|x64.ActiveCfg = Release|x64
		{F0F41E48-35ED-43F4-AB00-30252B0E5690}.Release|x64.Build.0 = Release|x64
		{F0F41E48-35ED-43F4-AB00-30252B0E5690}.Release|x86.ActiveCfg = Release|Any CPU
		{350D3BE7-35A4-4B09-9D28-DDE2F6B716CD}.Debug|Any CPU.ActiveCfg = Debug|Any CPU
		{350D3BE7-35A4-4B09-9D28-DDE2F6B716CD}.Debug|Any CPU.Build.0 = Debug|Any CPU
		{350D3BE7-35A4-4B09-9D28-DDE2F6B716CD}.Debug|Mixed Platforms.ActiveCfg = Debug|x64
		{350D3BE7-35A4-4B09-9D28-DDE2F6B716CD}.Debug|Mixed Platforms.Build.0 = Debug|x64
		{350D3BE7-35A4-4B09-9D28-DDE2F6B716CD}.Debug|x64.ActiveCfg = Debug|x64
		{350D3BE7-35A4-4B09-9D28-DDE2F6B716CD}.Debug|x64.Build.0 = Debug|x64
		{350D3BE7-35A4-4B09-9D28-DDE2F6B716CD}.Debug|x86.ActiveCfg = Debug|Any CPU
		{350D3BE7-35A4-4B09-9D28-DDE2F6B716CD}.Release|Any CPU.ActiveCfg = Release|Any CPU
		{350D3BE7-35A4-4B09-9D28-DDE2F6B716CD}.Release|Any CPU.Build.0 = Release|Any CPU
		{350D3BE7-35A4-4B09-9D28-DDE2F6B716CD}.Release|Mixed Platforms.ActiveCfg = Release|x64
		{350D3BE7-35A4-4B09-9D28-DDE2F6B716CD}.Release|Mixed Platforms.Build.0 = Release|x64
		{350D3BE7-35A4-4B09-9D28-DDE2F6B716CD}.Release|x64.ActiveCfg = Release|x64
		{350D3BE7-35A4-4B09-9D28-DDE2F6B716CD}.Release|x64.Build.0 = Release|x64
		{350D3BE7-35A4-4B09-9D28-DDE2F6B716CD}.Release|x86.ActiveCfg = Release|Any CPU
		{FBAA545B-7D95-43A3-8A4F-CC664D7DB201}.Debug|Any CPU.ActiveCfg = Debug|Any CPU
		{FBAA545B-7D95-43A3-8A4F-CC664D7DB201}.Debug|Any CPU.Build.0 = Debug|Any CPU
		{FBAA545B-7D95-43A3-8A4F-CC664D7DB201}.Debug|Mixed Platforms.ActiveCfg = Debug|x64
		{FBAA545B-7D95-43A3-8A4F-CC664D7DB201}.Debug|Mixed Platforms.Build.0 = Debug|x64
		{FBAA545B-7D95-43A3-8A4F-CC664D7DB201}.Debug|x64.ActiveCfg = Debug|x64
		{FBAA545B-7D95-43A3-8A4F-CC664D7DB201}.Debug|x64.Build.0 = Debug|x64
		{FBAA545B-7D95-43A3-8A4F-CC664D7DB201}.Debug|x86.ActiveCfg = Debug|Any CPU
		{FBAA545B-7D95-43A3-8A4F-CC664D7DB201}.Release|Any CPU.ActiveCfg = Release|Any CPU
		{FBAA545B-7D95-43A3-8A4F-CC664D7DB201}.Release|Any CPU.Build.0 = Release|Any CPU
		{FBAA545B-7D95-43A3-8A4F-CC664D7DB201}.Release|Mixed Platforms.ActiveCfg = Release|x64
		{FBAA545B-7D95-43A3-8A4F-CC664D7DB201}.Release|Mixed Platforms.Build.0 = Release|x64
		{FBAA545B-7D95-43A3-8A4F-CC664D7DB201}.Release|x64.ActiveCfg = Release|x64
		{FBAA545B-7D95-43A3-8A4F-CC664D7DB201}.Release|x64.Build.0 = Release|x64
		{FBAA545B-7D95-43A3-8A4F-CC664D7DB201}.Release|x86.ActiveCfg = Release|Any CPU
		{00D0F71D-4726-4ED1-835F-183FF6BF58D5}.Debug|Any CPU.ActiveCfg = Debug|Any CPU
		{00D0F71D-4726-4ED1-835F-183FF6BF58D5}.Debug|Any CPU.Build.0 = Debug|Any CPU
		{00D0F71D-4726-4ED1-835F-183FF6BF58D5}.Debug|Mixed Platforms.ActiveCfg = Debug|x64
		{00D0F71D-4726-4ED1-835F-183FF6BF58D5}.Debug|Mixed Platforms.Build.0 = Debug|x64
		{00D0F71D-4726-4ED1-835F-183FF6BF58D5}.Debug|x64.ActiveCfg = Debug|x64
		{00D0F71D-4726-4ED1-835F-183FF6BF58D5}.Debug|x64.Build.0 = Debug|x64
		{00D0F71D-4726-4ED1-835F-183FF6BF58D5}.Debug|x86.ActiveCfg = Debug|Any CPU
		{00D0F71D-4726-4ED1-835F-183FF6BF58D5}.Release|Any CPU.ActiveCfg = Release|Any CPU
		{00D0F71D-4726-4ED1-835F-183FF6BF58D5}.Release|Any CPU.Build.0 = Release|Any CPU
		{00D0F71D-4726-4ED1-835F-183FF6BF58D5}.Release|Mixed Platforms.ActiveCfg = Release|x64
		{00D0F71D-4726-4ED1-835F-183FF6BF58D5}.Release|Mixed Platforms.Build.0 = Release|x64
		{00D0F71D-4726-4ED1-835F-183FF6BF58D5}.Release|x64.ActiveCfg = Release|x64
		{00D0F71D-4726-4ED1-835F-183FF6BF58D5}.Release|x64.Build.0 = Release|x64
		{00D0F71D-4726-4ED1-835F-183FF6BF58D5}.Release|x86.ActiveCfg = Release|Any CPU
		{9CE0D790-6663-44B5-9902-4FB85EE36613}.Debug|Any CPU.ActiveCfg = Debug|Any CPU
		{9CE0D790-6663-44B5-9902-4FB85EE36613}.Debug|Any CPU.Build.0 = Debug|Any CPU
		{9CE0D790-6663-44B5-9902-4FB85EE36613}.Debug|Mixed Platforms.ActiveCfg = Debug|x64
		{9CE0D790-6663-44B5-9902-4FB85EE36613}.Debug|Mixed Platforms.Build.0 = Debug|x64
		{9CE0D790-6663-44B5-9902-4FB85EE36613}.Debug|x64.ActiveCfg = Debug|x64
		{9CE0D790-6663-44B5-9902-4FB85EE36613}.Debug|x64.Build.0 = Debug|x64
		{9CE0D790-6663-44B5-9902-4FB85EE36613}.Debug|x86.ActiveCfg = Debug|Any CPU
		{9CE0D790-6663-44B5-9902-4FB85EE36613}.Release|Any CPU.ActiveCfg = Release|Any CPU
		{9CE0D790-6663-44B5-9902-4FB85EE36613}.Release|Any CPU.Build.0 = Release|Any CPU
		{9CE0D790-6663-44B5-9902-4FB85EE36613}.Release|Mixed Platforms.ActiveCfg = Release|x64
		{9CE0D790-6663-44B5-9902-4FB85EE36613}.Release|Mixed Platforms.Build.0 = Release|x64
		{9CE0D790-6663-44B5-9902-4FB85EE36613}.Release|x64.ActiveCfg = Release|x64
		{9CE0D790-6663-44B5-9902-4FB85EE36613}.Release|x64.Build.0 = Release|x64
		{9CE0D790-6663-44B5-9902-4FB85EE36613}.Release|x86.ActiveCfg = Release|Any CPU
		{9A8B85B9-8BDF-4621-AF02-A7DB75724D5B}.Debug|Any CPU.ActiveCfg = Debug|Any CPU
		{9A8B85B9-8BDF-4621-AF02-A7DB75724D5B}.Debug|Any CPU.Build.0 = Debug|Any CPU
		{9A8B85B9-8BDF-4621-AF02-A7DB75724D5B}.Debug|Mixed Platforms.ActiveCfg = Debug|x64
		{9A8B85B9-8BDF-4621-AF02-A7DB75724D5B}.Debug|Mixed Platforms.Build.0 = Debug|x64
		{9A8B85B9-8BDF-4621-AF02-A7DB75724D5B}.Debug|x64.ActiveCfg = Debug|x64
		{9A8B85B9-8BDF-4621-AF02-A7DB75724D5B}.Debug|x64.Build.0 = Debug|x64
		{9A8B85B9-8BDF-4621-AF02-A7DB75724D5B}.Debug|x86.ActiveCfg = Debug|Any CPU
		{9A8B85B9-8BDF-4621-AF02-A7DB75724D5B}.Release|Any CPU.ActiveCfg = Release|Any CPU
		{9A8B85B9-8BDF-4621-AF02-A7DB75724D5B}.Release|Any CPU.Build.0 = Release|Any CPU
		{9A8B85B9-8BDF-4621-AF02-A7DB75724D5B}.Release|Mixed Platforms.ActiveCfg = Release|x64
		{9A8B85B9-8BDF-4621-AF02-A7DB75724D5B}.Release|Mixed Platforms.Build.0 = Release|x64
		{9A8B85B9-8BDF-4621-AF02-A7DB75724D5B}.Release|x64.ActiveCfg = Release|x64
		{9A8B85B9-8BDF-4621-AF02-A7DB75724D5B}.Release|x64.Build.0 = Release|x64
		{9A8B85B9-8BDF-4621-AF02-A7DB75724D5B}.Release|x86.ActiveCfg = Release|Any CPU
		{241DE3DB-4EE8-4839-948E-DE366DF0BD9F}.Debug|Any CPU.ActiveCfg = Debug|Any CPU
		{241DE3DB-4EE8-4839-948E-DE366DF0BD9F}.Debug|Any CPU.Build.0 = Debug|Any CPU
		{241DE3DB-4EE8-4839-948E-DE366DF0BD9F}.Debug|Mixed Platforms.ActiveCfg = Debug|x64
		{241DE3DB-4EE8-4839-948E-DE366DF0BD9F}.Debug|Mixed Platforms.Build.0 = Debug|x64
		{241DE3DB-4EE8-4839-948E-DE366DF0BD9F}.Debug|x64.ActiveCfg = Debug|x64
		{241DE3DB-4EE8-4839-948E-DE366DF0BD9F}.Debug|x64.Build.0 = Debug|x64
		{241DE3DB-4EE8-4839-948E-DE366DF0BD9F}.Debug|x86.ActiveCfg = Debug|Any CPU
		{241DE3DB-4EE8-4839-948E-DE366DF0BD9F}.Release|Any CPU.ActiveCfg = Release|Any CPU
		{241DE3DB-4EE8-4839-948E-DE366DF0BD9F}.Release|Any CPU.Build.0 = Release|Any CPU
		{241DE3DB-4EE8-4839-948E-DE366DF0BD9F}.Release|Mixed Platforms.ActiveCfg = Release|x64
		{241DE3DB-4EE8-4839-948E-DE366DF0BD9F}.Release|Mixed Platforms.Build.0 = Release|x64
		{241DE3DB-4EE8-4839-948E-DE366DF0BD9F}.Release|x64.ActiveCfg = Release|x64
		{241DE3DB-4EE8-4839-948E-DE366DF0BD9F}.Release|x64.Build.0 = Release|x64
		{241DE3DB-4EE8-4839-948E-DE366DF0BD9F}.Release|x86.ActiveCfg = Release|Any CPU
		{4E255558-180A-4516-A342-EC7AA1D3BE92}.Debug|Any CPU.ActiveCfg = Debug|Any CPU
		{4E255558-180A-4516-A342-EC7AA1D3BE92}.Debug|Any CPU.Build.0 = Debug|Any CPU
		{4E255558-180A-4516-A342-EC7AA1D3BE92}.Debug|Mixed Platforms.ActiveCfg = Debug|x64
		{4E255558-180A-4516-A342-EC7AA1D3BE92}.Debug|Mixed Platforms.Build.0 = Debug|x64
		{4E255558-180A-4516-A342-EC7AA1D3BE92}.Debug|x64.ActiveCfg = Debug|x64
		{4E255558-180A-4516-A342-EC7AA1D3BE92}.Debug|x64.Build.0 = Debug|x64
		{4E255558-180A-4516-A342-EC7AA1D3BE92}.Debug|x86.ActiveCfg = Debug|Any CPU
		{4E255558-180A-4516-A342-EC7AA1D3BE92}.Release|Any CPU.ActiveCfg = Release|Any CPU
		{4E255558-180A-4516-A342-EC7AA1D3BE92}.Release|Any CPU.Build.0 = Release|Any CPU
		{4E255558-180A-4516-A342-EC7AA1D3BE92}.Release|Mixed Platforms.ActiveCfg = Release|x64
		{4E255558-180A-4516-A342-EC7AA1D3BE92}.Release|Mixed Platforms.Build.0 = Release|x64
		{4E255558-180A-4516-A342-EC7AA1D3BE92}.Release|x64.ActiveCfg = Release|x64
		{4E255558-180A-4516-A342-EC7AA1D3BE92}.Release|x64.Build.0 = Release|x64
		{4E255558-180A-4516-A342-EC7AA1D3BE92}.Release|x86.ActiveCfg = Release|Any CPU
		{724F2B12-E252-4493-BE02-708FF8C5D56E}.Debug|Any CPU.ActiveCfg = Debug|Any CPU
		{724F2B12-E252-4493-BE02-708FF8C5D56E}.Debug|Any CPU.Build.0 = Debug|Any CPU
		{724F2B12-E252-4493-BE02-708FF8C5D56E}.Debug|Mixed Platforms.ActiveCfg = Debug|x64
		{724F2B12-E252-4493-BE02-708FF8C5D56E}.Debug|Mixed Platforms.Build.0 = Debug|x64
		{724F2B12-E252-4493-BE02-708FF8C5D56E}.Debug|x64.ActiveCfg = Debug|x64
		{724F2B12-E252-4493-BE02-708FF8C5D56E}.Debug|x64.Build.0 = Debug|x64
		{724F2B12-E252-4493-BE02-708FF8C5D56E}.Debug|x86.ActiveCfg = Debug|x64
		{724F2B12-E252-4493-BE02-708FF8C5D56E}.Release|Any CPU.ActiveCfg = Release|Any CPU
		{724F2B12-E252-4493-BE02-708FF8C5D56E}.Release|Any CPU.Build.0 = Release|Any CPU
		{724F2B12-E252-4493-BE02-708FF8C5D56E}.Release|Mixed Platforms.ActiveCfg = Release|x64
		{724F2B12-E252-4493-BE02-708FF8C5D56E}.Release|Mixed Platforms.Build.0 = Release|x64
		{724F2B12-E252-4493-BE02-708FF8C5D56E}.Release|x64.ActiveCfg = Release|x64
		{724F2B12-E252-4493-BE02-708FF8C5D56E}.Release|x64.Build.0 = Release|x64
		{724F2B12-E252-4493-BE02-708FF8C5D56E}.Release|x86.ActiveCfg = Release|x64
		{31440B87-261C-4E1C-ADAB-76DA74B0A0FE}.Debug|Any CPU.ActiveCfg = Debug|Any CPU
		{31440B87-261C-4E1C-ADAB-76DA74B0A0FE}.Debug|Any CPU.Build.0 = Debug|Any CPU
		{31440B87-261C-4E1C-ADAB-76DA74B0A0FE}.Debug|Mixed Platforms.ActiveCfg = Debug|x64
		{31440B87-261C-4E1C-ADAB-76DA74B0A0FE}.Debug|Mixed Platforms.Build.0 = Debug|x64
		{31440B87-261C-4E1C-ADAB-76DA74B0A0FE}.Debug|x64.ActiveCfg = Debug|x64
		{31440B87-261C-4E1C-ADAB-76DA74B0A0FE}.Debug|x64.Build.0 = Debug|x64
		{31440B87-261C-4E1C-ADAB-76DA74B0A0FE}.Debug|x86.ActiveCfg = Debug|x64
		{31440B87-261C-4E1C-ADAB-76DA74B0A0FE}.Release|Any CPU.ActiveCfg = Release|Any CPU
		{31440B87-261C-4E1C-ADAB-76DA74B0A0FE}.Release|Any CPU.Build.0 = Release|Any CPU
		{31440B87-261C-4E1C-ADAB-76DA74B0A0FE}.Release|Mixed Platforms.ActiveCfg = Release|x64
		{31440B87-261C-4E1C-ADAB-76DA74B0A0FE}.Release|Mixed Platforms.Build.0 = Release|x64
		{31440B87-261C-4E1C-ADAB-76DA74B0A0FE}.Release|x64.ActiveCfg = Release|x64
		{31440B87-261C-4E1C-ADAB-76DA74B0A0FE}.Release|x64.Build.0 = Release|x64
		{31440B87-261C-4E1C-ADAB-76DA74B0A0FE}.Release|x86.ActiveCfg = Release|x64
		{1F0CC763-D588-4FCD-8C31-3D0F3CCECD42}.Debug|Any CPU.ActiveCfg = Debug|x86
		{1F0CC763-D588-4FCD-8C31-3D0F3CCECD42}.Debug|Mixed Platforms.ActiveCfg = Debug|x86
		{1F0CC763-D588-4FCD-8C31-3D0F3CCECD42}.Debug|Mixed Platforms.Build.0 = Debug|x86
		{1F0CC763-D588-4FCD-8C31-3D0F3CCECD42}.Debug|x64.ActiveCfg = Debug|x64
		{1F0CC763-D588-4FCD-8C31-3D0F3CCECD42}.Debug|x64.Build.0 = Debug|x64
		{1F0CC763-D588-4FCD-8C31-3D0F3CCECD42}.Debug|x86.ActiveCfg = Debug|x86
		{1F0CC763-D588-4FCD-8C31-3D0F3CCECD42}.Debug|x86.Build.0 = Debug|x86
		{1F0CC763-D588-4FCD-8C31-3D0F3CCECD42}.Release|Any CPU.ActiveCfg = Release|x86
		{1F0CC763-D588-4FCD-8C31-3D0F3CCECD42}.Release|Mixed Platforms.ActiveCfg = Release|x86
		{1F0CC763-D588-4FCD-8C31-3D0F3CCECD42}.Release|Mixed Platforms.Build.0 = Release|x86
		{1F0CC763-D588-4FCD-8C31-3D0F3CCECD42}.Release|x64.ActiveCfg = Release|x64
		{1F0CC763-D588-4FCD-8C31-3D0F3CCECD42}.Release|x64.Build.0 = Release|x64
		{1F0CC763-D588-4FCD-8C31-3D0F3CCECD42}.Release|x86.ActiveCfg = Release|x86
		{1F0CC763-D588-4FCD-8C31-3D0F3CCECD42}.Release|x86.Build.0 = Release|x86
		{C00718A3-FF1D-46C4-822E-C10964469DE2}.Debug|Any CPU.ActiveCfg = Debug|Any CPU
		{C00718A3-FF1D-46C4-822E-C10964469DE2}.Debug|Any CPU.Build.0 = Debug|Any CPU
		{C00718A3-FF1D-46C4-822E-C10964469DE2}.Debug|Mixed Platforms.ActiveCfg = Debug|x64
		{C00718A3-FF1D-46C4-822E-C10964469DE2}.Debug|Mixed Platforms.Build.0 = Debug|x64
		{C00718A3-FF1D-46C4-822E-C10964469DE2}.Debug|x64.ActiveCfg = Debug|x64
		{C00718A3-FF1D-46C4-822E-C10964469DE2}.Debug|x64.Build.0 = Debug|x64
		{C00718A3-FF1D-46C4-822E-C10964469DE2}.Debug|x86.ActiveCfg = Debug|x64
		{C00718A3-FF1D-46C4-822E-C10964469DE2}.Release|Any CPU.ActiveCfg = Release|Any CPU
		{C00718A3-FF1D-46C4-822E-C10964469DE2}.Release|Any CPU.Build.0 = Release|Any CPU
		{C00718A3-FF1D-46C4-822E-C10964469DE2}.Release|Mixed Platforms.ActiveCfg = Release|x64
		{C00718A3-FF1D-46C4-822E-C10964469DE2}.Release|Mixed Platforms.Build.0 = Release|x64
		{C00718A3-FF1D-46C4-822E-C10964469DE2}.Release|x64.ActiveCfg = Release|x64
		{C00718A3-FF1D-46C4-822E-C10964469DE2}.Release|x64.Build.0 = Release|x64
		{C00718A3-FF1D-46C4-822E-C10964469DE2}.Release|x86.ActiveCfg = Release|x64
		{69A2617A-01FB-457D-883E-22BF45EEAD64}.Debug|Any CPU.ActiveCfg = Debug|Any CPU
		{69A2617A-01FB-457D-883E-22BF45EEAD64}.Debug|Any CPU.Build.0 = Debug|Any CPU
		{69A2617A-01FB-457D-883E-22BF45EEAD64}.Debug|Mixed Platforms.ActiveCfg = Debug|Any CPU
		{69A2617A-01FB-457D-883E-22BF45EEAD64}.Debug|Mixed Platforms.Build.0 = Debug|Any CPU
		{69A2617A-01FB-457D-883E-22BF45EEAD64}.Debug|x64.ActiveCfg = Debug|Any CPU
		{69A2617A-01FB-457D-883E-22BF45EEAD64}.Debug|x86.ActiveCfg = Debug|Any CPU
		{69A2617A-01FB-457D-883E-22BF45EEAD64}.Release|Any CPU.ActiveCfg = Release|Any CPU
		{69A2617A-01FB-457D-883E-22BF45EEAD64}.Release|Any CPU.Build.0 = Release|Any CPU
		{69A2617A-01FB-457D-883E-22BF45EEAD64}.Release|Mixed Platforms.ActiveCfg = Release|Any CPU
		{69A2617A-01FB-457D-883E-22BF45EEAD64}.Release|Mixed Platforms.Build.0 = Release|Any CPU
		{69A2617A-01FB-457D-883E-22BF45EEAD64}.Release|x64.ActiveCfg = Release|x64
		{69A2617A-01FB-457D-883E-22BF45EEAD64}.Release|x64.Build.0 = Release|x64
		{69A2617A-01FB-457D-883E-22BF45EEAD64}.Release|x86.ActiveCfg = Release|Any CPU
		{F1FE7C7D-3477-400C-96BE-6BD43C1D7896}.Debug|Any CPU.ActiveCfg = Debug|Any CPU
		{F1FE7C7D-3477-400C-96BE-6BD43C1D7896}.Debug|Any CPU.Build.0 = Debug|Any CPU
		{F1FE7C7D-3477-400C-96BE-6BD43C1D7896}.Debug|Mixed Platforms.ActiveCfg = Debug|Any CPU
		{F1FE7C7D-3477-400C-96BE-6BD43C1D7896}.Debug|Mixed Platforms.Build.0 = Debug|Any CPU
		{F1FE7C7D-3477-400C-96BE-6BD43C1D7896}.Debug|x64.ActiveCfg = Debug|Any CPU
		{F1FE7C7D-3477-400C-96BE-6BD43C1D7896}.Debug|x86.ActiveCfg = Debug|Any CPU
		{F1FE7C7D-3477-400C-96BE-6BD43C1D7896}.Release|Any CPU.ActiveCfg = Release|Any CPU
		{F1FE7C7D-3477-400C-96BE-6BD43C1D7896}.Release|Any CPU.Build.0 = Release|Any CPU
		{F1FE7C7D-3477-400C-96BE-6BD43C1D7896}.Release|Mixed Platforms.ActiveCfg = Release|Any CPU
		{F1FE7C7D-3477-400C-96BE-6BD43C1D7896}.Release|Mixed Platforms.Build.0 = Release|Any CPU
		{F1FE7C7D-3477-400C-96BE-6BD43C1D7896}.Release|x64.ActiveCfg = Release|x64
		{F1FE7C7D-3477-400C-96BE-6BD43C1D7896}.Release|x64.Build.0 = Release|x64
		{F1FE7C7D-3477-400C-96BE-6BD43C1D7896}.Release|x86.ActiveCfg = Release|Any CPU
		{0835A9E5-4C06-4D41-B25E-CD31E6979A35}.Debug|Any CPU.ActiveCfg = Debug|Any CPU
		{0835A9E5-4C06-4D41-B25E-CD31E6979A35}.Debug|Any CPU.Build.0 = Debug|Any CPU
		{0835A9E5-4C06-4D41-B25E-CD31E6979A35}.Debug|Mixed Platforms.ActiveCfg = Debug|Any CPU
		{0835A9E5-4C06-4D41-B25E-CD31E6979A35}.Debug|Mixed Platforms.Build.0 = Debug|Any CPU
		{0835A9E5-4C06-4D41-B25E-CD31E6979A35}.Debug|x64.ActiveCfg = Debug|Any CPU
		{0835A9E5-4C06-4D41-B25E-CD31E6979A35}.Debug|x86.ActiveCfg = Debug|Any CPU
		{0835A9E5-4C06-4D41-B25E-CD31E6979A35}.Release|Any CPU.ActiveCfg = Release|Any CPU
		{0835A9E5-4C06-4D41-B25E-CD31E6979A35}.Release|Any CPU.Build.0 = Release|Any CPU
		{0835A9E5-4C06-4D41-B25E-CD31E6979A35}.Release|Mixed Platforms.ActiveCfg = Release|Any CPU
		{0835A9E5-4C06-4D41-B25E-CD31E6979A35}.Release|Mixed Platforms.Build.0 = Release|Any CPU
		{0835A9E5-4C06-4D41-B25E-CD31E6979A35}.Release|x64.ActiveCfg = Release|x64
		{0835A9E5-4C06-4D41-B25E-CD31E6979A35}.Release|x64.Build.0 = Release|x64
		{0835A9E5-4C06-4D41-B25E-CD31E6979A35}.Release|x86.ActiveCfg = Release|Any CPU
		{CEEC2636-9312-47E0-8877-BF16E0955906}.Debug|Any CPU.ActiveCfg = Debug|Any CPU
		{CEEC2636-9312-47E0-8877-BF16E0955906}.Debug|Any CPU.Build.0 = Debug|Any CPU
		{CEEC2636-9312-47E0-8877-BF16E0955906}.Debug|Mixed Platforms.ActiveCfg = Debug|Any CPU
		{CEEC2636-9312-47E0-8877-BF16E0955906}.Debug|Mixed Platforms.Build.0 = Debug|Any CPU
		{CEEC2636-9312-47E0-8877-BF16E0955906}.Debug|x64.ActiveCfg = Debug|Any CPU
		{CEEC2636-9312-47E0-8877-BF16E0955906}.Debug|x86.ActiveCfg = Debug|Any CPU
		{CEEC2636-9312-47E0-8877-BF16E0955906}.Release|Any CPU.ActiveCfg = Release|Any CPU
		{CEEC2636-9312-47E0-8877-BF16E0955906}.Release|Any CPU.Build.0 = Release|Any CPU
		{CEEC2636-9312-47E0-8877-BF16E0955906}.Release|Mixed Platforms.ActiveCfg = Release|Any CPU
		{CEEC2636-9312-47E0-8877-BF16E0955906}.Release|Mixed Platforms.Build.0 = Release|Any CPU
		{CEEC2636-9312-47E0-8877-BF16E0955906}.Release|x64.ActiveCfg = Release|x64
		{CEEC2636-9312-47E0-8877-BF16E0955906}.Release|x64.Build.0 = Release|x64
		{CEEC2636-9312-47E0-8877-BF16E0955906}.Release|x86.ActiveCfg = Release|Any CPU
		{40DE1F29-3531-4BC2-9D7E-324DC92689DF}.Debug|Any CPU.ActiveCfg = Debug|Any CPU
		{40DE1F29-3531-4BC2-9D7E-324DC92689DF}.Debug|Any CPU.Build.0 = Debug|Any CPU
		{40DE1F29-3531-4BC2-9D7E-324DC92689DF}.Debug|Mixed Platforms.ActiveCfg = Debug|Any CPU
		{40DE1F29-3531-4BC2-9D7E-324DC92689DF}.Debug|Mixed Platforms.Build.0 = Debug|Any CPU
		{40DE1F29-3531-4BC2-9D7E-324DC92689DF}.Debug|x64.ActiveCfg = Debug|Any CPU
		{40DE1F29-3531-4BC2-9D7E-324DC92689DF}.Debug|x86.ActiveCfg = Debug|Any CPU
		{40DE1F29-3531-4BC2-9D7E-324DC92689DF}.Release|Any CPU.ActiveCfg = Release|Any CPU
		{40DE1F29-3531-4BC2-9D7E-324DC92689DF}.Release|Any CPU.Build.0 = Release|Any CPU
		{40DE1F29-3531-4BC2-9D7E-324DC92689DF}.Release|Mixed Platforms.ActiveCfg = Release|Any CPU
		{40DE1F29-3531-4BC2-9D7E-324DC92689DF}.Release|Mixed Platforms.Build.0 = Release|Any CPU
		{40DE1F29-3531-4BC2-9D7E-324DC92689DF}.Release|x64.ActiveCfg = Release|x64
		{40DE1F29-3531-4BC2-9D7E-324DC92689DF}.Release|x64.Build.0 = Release|x64
		{40DE1F29-3531-4BC2-9D7E-324DC92689DF}.Release|x86.ActiveCfg = Release|Any CPU
		{ADD48409-FC1F-4A92-B07C-6B9A9A5BAC72}.Debug|Any CPU.ActiveCfg = Debug|Any CPU
		{ADD48409-FC1F-4A92-B07C-6B9A9A5BAC72}.Debug|Any CPU.Build.0 = Debug|Any CPU
		{ADD48409-FC1F-4A92-B07C-6B9A9A5BAC72}.Debug|Mixed Platforms.ActiveCfg = Debug|Any CPU
		{ADD48409-FC1F-4A92-B07C-6B9A9A5BAC72}.Debug|Mixed Platforms.Build.0 = Debug|Any CPU
		{ADD48409-FC1F-4A92-B07C-6B9A9A5BAC72}.Debug|x64.ActiveCfg = Debug|Any CPU
		{ADD48409-FC1F-4A92-B07C-6B9A9A5BAC72}.Debug|x86.ActiveCfg = Debug|Any CPU
		{ADD48409-FC1F-4A92-B07C-6B9A9A5BAC72}.Release|Any CPU.ActiveCfg = Release|Any CPU
		{ADD48409-FC1F-4A92-B07C-6B9A9A5BAC72}.Release|Any CPU.Build.0 = Release|Any CPU
		{ADD48409-FC1F-4A92-B07C-6B9A9A5BAC72}.Release|Mixed Platforms.ActiveCfg = Release|Any CPU
		{ADD48409-FC1F-4A92-B07C-6B9A9A5BAC72}.Release|Mixed Platforms.Build.0 = Release|Any CPU
		{ADD48409-FC1F-4A92-B07C-6B9A9A5BAC72}.Release|x64.ActiveCfg = Release|x64
		{ADD48409-FC1F-4A92-B07C-6B9A9A5BAC72}.Release|x64.Build.0 = Release|x64
		{ADD48409-FC1F-4A92-B07C-6B9A9A5BAC72}.Release|x86.ActiveCfg = Release|Any CPU
	EndGlobalSection
	GlobalSection(SolutionProperties) = preSolution
		HideSolutionNode = FALSE
	EndGlobalSection
EndGlobal
