
Microsoft Visual Studio Solution File, Format Version 12.00
# Visual Studio Version 16
VisualStudioVersion = 16.0.29306.81
MinimumVisualStudioVersion = 10.0.40219.1
Project("{FAE04EC0-301F-11D3-BF4B-00C04F79EFBC}") = "BASINSDS", "BASINSDS\BASINSDS.csproj", "{6C957998-836E-4355-BF12-906A034FF609}"
EndProject
Project("{F184B08F-C81C-45F6-A57F-5ABD9991F28F}") = "atcUSGSBaseflow-DS", "atcUSGSBaseflow\atcUSGSBaseflow-DS.vbproj", "{9F09A31B-DE05-4FF8-8E89-867AFFE0ACE7}"
EndProject
Project("{F184B08F-C81C-45F6-A57F-5ABD9991F28F}") = "MapWinUtility-DS", "MapWinUtility\MapWinUtility-DS.vbproj", "{3C991AE4-9EDB-4C24-BAF3-42F7303D7DF3}"
EndProject
Project("{F184B08F-C81C-45F6-A57F-5ABD9991F28F}") = "atcUtility-DS", "atcUtility\atcUtility-DS.vbproj", "{67027820-9036-481E-80F6-077E5085F59D}"
EndProject
Project("{F184B08F-C81C-45F6-A57F-5ABD9991F28F}") = "atcData-DS", "atcData\atcData-DS.vbproj", "{A9A00CAD-9EAD-4228-AB08-6DC3BAF253AA}"
EndProject
Project("{F184B08F-C81C-45F6-A57F-5ABD9991F28F}") = "atcControls-DS", "atcControls\atcControls-DS.vbproj", "{B219575F-1541-41DB-9FA4-D9D7CD62B4A5}"
EndProject
Project("{F184B08F-C81C-45F6-A57F-5ABD9991F28F}") = "atcBasinsObsWQ-DS", "atcBasinsObsWQ\atcBasinsObsWQ-DS.vbproj", "{7DCB47A0-7B03-4B7C-BC42-B8D920D46604}"
EndProject
Project("{F184B08F-C81C-45F6-A57F-5ABD9991F28F}") = "atcBatchProcessing-DS", "atcBatchProcessing\atcBatchProcessing-DS.vbproj", "{7E95FCAA-7B7C-4585-8EE2-58DB97ED9110}"
EndProject
Project("{F184B08F-C81C-45F6-A57F-5ABD9991F28F}") = "atcTimeseriesRDB-DS", "atcTimeseriesRDB\atcTimeseriesRDB-DS.vbproj", "{82530A5B-FF39-4B9F-8A04-881468DFC662}"
EndProject
Project("{F184B08F-C81C-45F6-A57F-5ABD9991F28F}") = "atcList-DS", "atcList\atcList-DS.vbproj", "{A1A87CB8-8B9E-4C90-9549-C065357E499F}"
EndProject
Project("{F184B08F-C81C-45F6-A57F-5ABD9991F28F}") = "atcDurationCompare-DS", "atcDurationCompare\atcDurationCompare-DS.vbproj", "{92EA3681-9EA9-438A-A598-2531F483A0C6}"
EndProject
Project("{F184B08F-C81C-45F6-A57F-5ABD9991F28F}") = "atcGraph-DS", "atcGraphExperimental\atcGraph-DS.vbproj", "{D52E1A9C-E219-4DF7-9CA8-B4FD1B28CEC9}"
EndProject
Project("{F184B08F-C81C-45F6-A57F-5ABD9991F28F}") = "atcTimeseriesMath-DS", "atcTimeseriesMath\atcTimeseriesMath-DS.vbproj", "{BD299EB7-7A62-4EF9-8806-86E9288C498F}"
EndProject
Project("{F184B08F-C81C-45F6-A57F-5ABD9991F28F}") = "atcD4EMLauncher-DS", "atcD4EMLauncher\atcD4EMLauncher-DS.vbproj", "{6CDE2FE3-DEBA-46BA-B395-8F71F87159B0}"
EndProject
Project("{F184B08F-C81C-45F6-A57F-5ABD9991F28F}") = "atcTimeseriesBaseflow-DS", "atcTimeseriesBaseflow\atcTimeseriesBaseflow-DS.vbproj", "{F9A4070C-1FAF-4D17-A8E6-7EB19D414B05}"
EndProject
Project("{F184B08F-C81C-45F6-A57F-5ABD9991F28F}") = "atcUSGSUtility-DS", "atcUSGSUtility\atcUSGSUtility-DS.vbproj", "{4DBC8159-1072-41FA-9242-933E12A88EE6}"
EndProject
Project("{F184B08F-C81C-45F6-A57F-5ABD9991F28F}") = "atcUSGSDF2P-DS", "atcUSGSDF2P\atcUSGSDF2P-DS.vbproj", "{4CDFEB5C-1808-44AD-9206-0049FF26FA2E}"
EndProject
Project("{FAE04EC0-301F-11D3-BF4B-00C04F79EFBC}") = "USGS.Plugins", "USGS.Plugins.Trial\USGS.Plugins.csproj", "{D7926BE4-E79B-4263-AF3B-351DEB860174}"
EndProject
Project("{F184B08F-C81C-45F6-A57F-5ABD9991F28F}") = "atcTimeseriesStatistics-DS", "atcTimeseriesStatistics\atcTimeseriesStatistics-DS.vbproj", "{7E40E3E6-BF8E-45B5-99AF-4E11DAF039FD}"
EndProject
Project("{FAE04EC0-301F-11D3-BF4B-00C04F79EFBC}") = "DataManager", "DataManager\DataManager.csproj", "{5CADF1DB-6F23-40C4-A718-ADD510F58722}"
EndProject
Project("{FAE04EC0-301F-11D3-BF4B-00C04F79EFBC}") = "GWTools", "GWTools\GWTools.csproj", "{8CFCA379-577F-434D-B4C7-D0ECA2459EC4}"
EndProject
Project("{FAE04EC0-301F-11D3-BF4B-00C04F79EFBC}") = "SWTools", "SWTools\SWTools.csproj", "{770C5C40-1055-4692-A50B-59EBF588A3B9}"
EndProject
Global
	GlobalSection(SolutionConfigurationPlatforms) = preSolution
		Debug|Any CPU = Debug|Any CPU
		Debug|x64 = Debug|x64
		Debug|x86 = Debug|x86
		Release|Any CPU = Release|Any CPU
		Release|x64 = Release|x64
		Release|x86 = Release|x86
	EndGlobalSection
	GlobalSection(ProjectConfigurationPlatforms) = postSolution
		{6C957998-836E-4355-BF12-906A034FF609}.Debug|Any CPU.ActiveCfg = Debug|Any CPU
		{6C957998-836E-4355-BF12-906A034FF609}.Debug|Any CPU.Build.0 = Debug|Any CPU
		{6C957998-836E-4355-BF12-906A034FF609}.Debug|x64.ActiveCfg = Debug|Any CPU
		{6C957998-836E-4355-BF12-906A034FF609}.Debug|x64.Build.0 = Debug|Any CPU
		{6C957998-836E-4355-BF12-906A034FF609}.Debug|x86.ActiveCfg = Debug|x86
		{6C957998-836E-4355-BF12-906A034FF609}.Debug|x86.Build.0 = Debug|x86
		{6C957998-836E-4355-BF12-906A034FF609}.Release|Any CPU.ActiveCfg = Release|Any CPU
		{6C957998-836E-4355-BF12-906A034FF609}.Release|Any CPU.Build.0 = Release|Any CPU
		{6C957998-836E-4355-BF12-906A034FF609}.Release|x64.ActiveCfg = Release|Any CPU
		{6C957998-836E-4355-BF12-906A034FF609}.Release|x64.Build.0 = Release|Any CPU
		{6C957998-836E-4355-BF12-906A034FF609}.Release|x86.ActiveCfg = Release|Any CPU
		{6C957998-836E-4355-BF12-906A034FF609}.Release|x86.Build.0 = Release|Any CPU
		{9F09A31B-DE05-4FF8-8E89-867AFFE0ACE7}.Debug|Any CPU.ActiveCfg = Debug|Any CPU
		{9F09A31B-DE05-4FF8-8E89-867AFFE0ACE7}.Debug|Any CPU.Build.0 = Debug|Any CPU
		{9F09A31B-DE05-4FF8-8E89-867AFFE0ACE7}.Debug|x64.ActiveCfg = Debug|Any CPU
		{9F09A31B-DE05-4FF8-8E89-867AFFE0ACE7}.Debug|x64.Build.0 = Debug|Any CPU
		{9F09A31B-DE05-4FF8-8E89-867AFFE0ACE7}.Debug|x86.ActiveCfg = Debug|x86
		{9F09A31B-DE05-4FF8-8E89-867AFFE0ACE7}.Debug|x86.Build.0 = Debug|x86
		{9F09A31B-DE05-4FF8-8E89-867AFFE0ACE7}.Release|Any CPU.ActiveCfg = Release|Any CPU
		{9F09A31B-DE05-4FF8-8E89-867AFFE0ACE7}.Release|Any CPU.Build.0 = Release|Any CPU
		{9F09A31B-DE05-4FF8-8E89-867AFFE0ACE7}.Release|x64.ActiveCfg = Release|Any CPU
		{9F09A31B-DE05-4FF8-8E89-867AFFE0ACE7}.Release|x64.Build.0 = Release|Any CPU
		{9F09A31B-DE05-4FF8-8E89-867AFFE0ACE7}.Release|x86.ActiveCfg = Release|x86
		{9F09A31B-DE05-4FF8-8E89-867AFFE0ACE7}.Release|x86.Build.0 = Release|x86
		{3C991AE4-9EDB-4C24-BAF3-42F7303D7DF3}.Debug|Any CPU.ActiveCfg = Debug|Any CPU
		{3C991AE4-9EDB-4C24-BAF3-42F7303D7DF3}.Debug|Any CPU.Build.0 = Debug|Any CPU
		{3C991AE4-9EDB-4C24-BAF3-42F7303D7DF3}.Debug|x64.ActiveCfg = Debug|x64
		{3C991AE4-9EDB-4C24-BAF3-42F7303D7DF3}.Debug|x64.Build.0 = Debug|x64
		{3C991AE4-9EDB-4C24-BAF3-42F7303D7DF3}.Debug|x86.ActiveCfg = Debug|x86
		{3C991AE4-9EDB-4C24-BAF3-42F7303D7DF3}.Debug|x86.Build.0 = Debug|x86
		{3C991AE4-9EDB-4C24-BAF3-42F7303D7DF3}.Release|Any CPU.ActiveCfg = Release|Any CPU
		{3C991AE4-9EDB-4C24-BAF3-42F7303D7DF3}.Release|Any CPU.Build.0 = Release|Any CPU
		{3C991AE4-9EDB-4C24-BAF3-42F7303D7DF3}.Release|x64.ActiveCfg = Release|x64
		{3C991AE4-9EDB-4C24-BAF3-42F7303D7DF3}.Release|x64.Build.0 = Release|x64
		{3C991AE4-9EDB-4C24-BAF3-42F7303D7DF3}.Release|x86.ActiveCfg = Release|x86
		{3C991AE4-9EDB-4C24-BAF3-42F7303D7DF3}.Release|x86.Build.0 = Release|x86
		{67027820-9036-481E-80F6-077E5085F59D}.Debug|Any CPU.ActiveCfg = Debug|Any CPU
		{67027820-9036-481E-80F6-077E5085F59D}.Debug|Any CPU.Build.0 = Debug|Any CPU
		{67027820-9036-481E-80F6-077E5085F59D}.Debug|x64.ActiveCfg = Debug|Any CPU
		{67027820-9036-481E-80F6-077E5085F59D}.Debug|x64.Build.0 = Debug|Any CPU
		{67027820-9036-481E-80F6-077E5085F59D}.Debug|x86.ActiveCfg = Debug|x86
		{67027820-9036-481E-80F6-077E5085F59D}.Debug|x86.Build.0 = Debug|x86
		{67027820-9036-481E-80F6-077E5085F59D}.Release|Any CPU.ActiveCfg = Release|Any CPU
		{67027820-9036-481E-80F6-077E5085F59D}.Release|Any CPU.Build.0 = Release|Any CPU
		{67027820-9036-481E-80F6-077E5085F59D}.Release|x64.ActiveCfg = Release|Any CPU
		{67027820-9036-481E-80F6-077E5085F59D}.Release|x64.Build.0 = Release|Any CPU
		{67027820-9036-481E-80F6-077E5085F59D}.Release|x86.ActiveCfg = Release|x86
		{67027820-9036-481E-80F6-077E5085F59D}.Release|x86.Build.0 = Release|x86
		{A9A00CAD-9EAD-4228-AB08-6DC3BAF253AA}.Debug|Any CPU.ActiveCfg = Debug|Any CPU
		{A9A00CAD-9EAD-4228-AB08-6DC3BAF253AA}.Debug|Any CPU.Build.0 = Debug|Any CPU
		{A9A00CAD-9EAD-4228-AB08-6DC3BAF253AA}.Debug|x64.ActiveCfg = Debug|x64
		{A9A00CAD-9EAD-4228-AB08-6DC3BAF253AA}.Debug|x64.Build.0 = Debug|x64
		{A9A00CAD-9EAD-4228-AB08-6DC3BAF253AA}.Debug|x86.ActiveCfg = Debug|x86
		{A9A00CAD-9EAD-4228-AB08-6DC3BAF253AA}.Debug|x86.Build.0 = Debug|x86
		{A9A00CAD-9EAD-4228-AB08-6DC3BAF253AA}.Release|Any CPU.ActiveCfg = Release|Any CPU
		{A9A00CAD-9EAD-4228-AB08-6DC3BAF253AA}.Release|Any CPU.Build.0 = Release|Any CPU
		{A9A00CAD-9EAD-4228-AB08-6DC3BAF253AA}.Release|x64.ActiveCfg = Release|x64
		{A9A00CAD-9EAD-4228-AB08-6DC3BAF253AA}.Release|x64.Build.0 = Release|x64
		{A9A00CAD-9EAD-4228-AB08-6DC3BAF253AA}.Release|x86.ActiveCfg = Release|x86
		{A9A00CAD-9EAD-4228-AB08-6DC3BAF253AA}.Release|x86.Build.0 = Release|x86
		{B219575F-1541-41DB-9FA4-D9D7CD62B4A5}.Debug|Any CPU.ActiveCfg = Debug|Any CPU
		{B219575F-1541-41DB-9FA4-D9D7CD62B4A5}.Debug|Any CPU.Build.0 = Debug|Any CPU
		{B219575F-1541-41DB-9FA4-D9D7CD62B4A5}.Debug|x64.ActiveCfg = Debug|x64
		{B219575F-1541-41DB-9FA4-D9D7CD62B4A5}.Debug|x64.Build.0 = Debug|x64
		{B219575F-1541-41DB-9FA4-D9D7CD62B4A5}.Debug|x86.ActiveCfg = Debug|x86
		{B219575F-1541-41DB-9FA4-D9D7CD62B4A5}.Debug|x86.Build.0 = Debug|x86
		{B219575F-1541-41DB-9FA4-D9D7CD62B4A5}.Release|Any CPU.ActiveCfg = Release|Any CPU
		{B219575F-1541-41DB-9FA4-D9D7CD62B4A5}.Release|Any CPU.Build.0 = Release|Any CPU
		{B219575F-1541-41DB-9FA4-D9D7CD62B4A5}.Release|x64.ActiveCfg = Release|x64
		{B219575F-1541-41DB-9FA4-D9D7CD62B4A5}.Release|x64.Build.0 = Release|x64
		{B219575F-1541-41DB-9FA4-D9D7CD62B4A5}.Release|x86.ActiveCfg = Release|x86
		{B219575F-1541-41DB-9FA4-D9D7CD62B4A5}.Release|x86.Build.0 = Release|x86
		{7DCB47A0-7B03-4B7C-BC42-B8D920D46604}.Debug|Any CPU.ActiveCfg = Debug|Any CPU
		{7DCB47A0-7B03-4B7C-BC42-B8D920D46604}.Debug|Any CPU.Build.0 = Debug|Any CPU
		{7DCB47A0-7B03-4B7C-BC42-B8D920D46604}.Debug|x64.ActiveCfg = Debug|x64
		{7DCB47A0-7B03-4B7C-BC42-B8D920D46604}.Debug|x64.Build.0 = Debug|x64
		{7DCB47A0-7B03-4B7C-BC42-B8D920D46604}.Debug|x86.ActiveCfg = Debug|x86
		{7DCB47A0-7B03-4B7C-BC42-B8D920D46604}.Debug|x86.Build.0 = Debug|x86
		{7DCB47A0-7B03-4B7C-BC42-B8D920D46604}.Release|Any CPU.ActiveCfg = Release|Any CPU
		{7DCB47A0-7B03-4B7C-BC42-B8D920D46604}.Release|Any CPU.Build.0 = Release|Any CPU
		{7DCB47A0-7B03-4B7C-BC42-B8D920D46604}.Release|x64.ActiveCfg = Release|x64
		{7DCB47A0-7B03-4B7C-BC42-B8D920D46604}.Release|x64.Build.0 = Release|x64
		{7DCB47A0-7B03-4B7C-BC42-B8D920D46604}.Release|x86.ActiveCfg = Release|x86
		{7DCB47A0-7B03-4B7C-BC42-B8D920D46604}.Release|x86.Build.0 = Release|x86
		{7E95FCAA-7B7C-4585-8EE2-58DB97ED9110}.Debug|Any CPU.ActiveCfg = Debug|Any CPU
		{7E95FCAA-7B7C-4585-8EE2-58DB97ED9110}.Debug|Any CPU.Build.0 = Debug|Any CPU
		{7E95FCAA-7B7C-4585-8EE2-58DB97ED9110}.Debug|x64.ActiveCfg = Debug|Any CPU
		{7E95FCAA-7B7C-4585-8EE2-58DB97ED9110}.Debug|x64.Build.0 = Debug|Any CPU
		{7E95FCAA-7B7C-4585-8EE2-58DB97ED9110}.Debug|x86.ActiveCfg = Debug|x86
		{7E95FCAA-7B7C-4585-8EE2-58DB97ED9110}.Debug|x86.Build.0 = Debug|x86
		{7E95FCAA-7B7C-4585-8EE2-58DB97ED9110}.Release|Any CPU.ActiveCfg = Release|Any CPU
		{7E95FCAA-7B7C-4585-8EE2-58DB97ED9110}.Release|Any CPU.Build.0 = Release|Any CPU
		{7E95FCAA-7B7C-4585-8EE2-58DB97ED9110}.Release|x64.ActiveCfg = Release|Any CPU
		{7E95FCAA-7B7C-4585-8EE2-58DB97ED9110}.Release|x64.Build.0 = Release|Any CPU
		{7E95FCAA-7B7C-4585-8EE2-58DB97ED9110}.Release|x86.ActiveCfg = Release|x86
		{7E95FCAA-7B7C-4585-8EE2-58DB97ED9110}.Release|x86.Build.0 = Release|x86
		{82530A5B-FF39-4B9F-8A04-881468DFC662}.Debug|Any CPU.ActiveCfg = Debug|Any CPU
		{82530A5B-FF39-4B9F-8A04-881468DFC662}.Debug|Any CPU.Build.0 = Debug|Any CPU
		{82530A5B-FF39-4B9F-8A04-881468DFC662}.Debug|x64.ActiveCfg = Debug|x64
		{82530A5B-FF39-4B9F-8A04-881468DFC662}.Debug|x64.Build.0 = Debug|x64
		{82530A5B-FF39-4B9F-8A04-881468DFC662}.Debug|x86.ActiveCfg = Debug|x86
		{82530A5B-FF39-4B9F-8A04-881468DFC662}.Debug|x86.Build.0 = Debug|x86
		{82530A5B-FF39-4B9F-8A04-881468DFC662}.Release|Any CPU.ActiveCfg = Release|Any CPU
		{82530A5B-FF39-4B9F-8A04-881468DFC662}.Release|Any CPU.Build.0 = Release|Any CPU
		{82530A5B-FF39-4B9F-8A04-881468DFC662}.Release|x64.ActiveCfg = Release|x64
		{82530A5B-FF39-4B9F-8A04-881468DFC662}.Release|x64.Build.0 = Release|x64
		{82530A5B-FF39-4B9F-8A04-881468DFC662}.Release|x86.ActiveCfg = Release|x86
		{82530A5B-FF39-4B9F-8A04-881468DFC662}.Release|x86.Build.0 = Release|x86
		{A1A87CB8-8B9E-4C90-9549-C065357E499F}.Debug|Any CPU.ActiveCfg = Debug|Any CPU
		{A1A87CB8-8B9E-4C90-9549-C065357E499F}.Debug|Any CPU.Build.0 = Debug|Any CPU
		{A1A87CB8-8B9E-4C90-9549-C065357E499F}.Debug|x64.ActiveCfg = Debug|x64
		{A1A87CB8-8B9E-4C90-9549-C065357E499F}.Debug|x64.Build.0 = Debug|x64
		{A1A87CB8-8B9E-4C90-9549-C065357E499F}.Debug|x86.ActiveCfg = Debug|x86
		{A1A87CB8-8B9E-4C90-9549-C065357E499F}.Debug|x86.Build.0 = Debug|x86
		{A1A87CB8-8B9E-4C90-9549-C065357E499F}.Release|Any CPU.ActiveCfg = Release|Any CPU
		{A1A87CB8-8B9E-4C90-9549-C065357E499F}.Release|Any CPU.Build.0 = Release|Any CPU
		{A1A87CB8-8B9E-4C90-9549-C065357E499F}.Release|x64.ActiveCfg = Release|x64
		{A1A87CB8-8B9E-4C90-9549-C065357E499F}.Release|x64.Build.0 = Release|x64
		{A1A87CB8-8B9E-4C90-9549-C065357E499F}.Release|x86.ActiveCfg = Release|x86
		{A1A87CB8-8B9E-4C90-9549-C065357E499F}.Release|x86.Build.0 = Release|x86
		{92EA3681-9EA9-438A-A598-2531F483A0C6}.Debug|Any CPU.ActiveCfg = Debug|Any CPU
		{92EA3681-9EA9-438A-A598-2531F483A0C6}.Debug|Any CPU.Build.0 = Debug|Any CPU
		{92EA3681-9EA9-438A-A598-2531F483A0C6}.Debug|x64.ActiveCfg = Debug|Any CPU
		{92EA3681-9EA9-438A-A598-2531F483A0C6}.Debug|x64.Build.0 = Debug|Any CPU
		{92EA3681-9EA9-438A-A598-2531F483A0C6}.Debug|x86.ActiveCfg = Debug|x86
		{92EA3681-9EA9-438A-A598-2531F483A0C6}.Debug|x86.Build.0 = Debug|x86
		{92EA3681-9EA9-438A-A598-2531F483A0C6}.Release|Any CPU.ActiveCfg = Release|Any CPU
		{92EA3681-9EA9-438A-A598-2531F483A0C6}.Release|Any CPU.Build.0 = Release|Any CPU
		{92EA3681-9EA9-438A-A598-2531F483A0C6}.Release|x64.ActiveCfg = Release|Any CPU
		{92EA3681-9EA9-438A-A598-2531F483A0C6}.Release|x64.Build.0 = Release|Any CPU
		{92EA3681-9EA9-438A-A598-2531F483A0C6}.Release|x86.ActiveCfg = Release|x86
		{92EA3681-9EA9-438A-A598-2531F483A0C6}.Release|x86.Build.0 = Release|x86
		{D52E1A9C-E219-4DF7-9CA8-B4FD1B28CEC9}.Debug|Any CPU.ActiveCfg = Debug|Any CPU
		{D52E1A9C-E219-4DF7-9CA8-B4FD1B28CEC9}.Debug|Any CPU.Build.0 = Debug|Any CPU
		{D52E1A9C-E219-4DF7-9CA8-B4FD1B28CEC9}.Debug|x64.ActiveCfg = Debug|Any CPU
		{D52E1A9C-E219-4DF7-9CA8-B4FD1B28CEC9}.Debug|x64.Build.0 = Debug|Any CPU
		{D52E1A9C-E219-4DF7-9CA8-B4FD1B28CEC9}.Debug|x86.ActiveCfg = Debug|x86
		{D52E1A9C-E219-4DF7-9CA8-B4FD1B28CEC9}.Debug|x86.Build.0 = Debug|x86
		{D52E1A9C-E219-4DF7-9CA8-B4FD1B28CEC9}.Release|Any CPU.ActiveCfg = Release|Any CPU
		{D52E1A9C-E219-4DF7-9CA8-B4FD1B28CEC9}.Release|Any CPU.Build.0 = Release|Any CPU
		{D52E1A9C-E219-4DF7-9CA8-B4FD1B28CEC9}.Release|x64.ActiveCfg = Release|Any CPU
		{D52E1A9C-E219-4DF7-9CA8-B4FD1B28CEC9}.Release|x64.Build.0 = Release|Any CPU
		{D52E1A9C-E219-4DF7-9CA8-B4FD1B28CEC9}.Release|x86.ActiveCfg = Release|x86
		{D52E1A9C-E219-4DF7-9CA8-B4FD1B28CEC9}.Release|x86.Build.0 = Release|x86
		{BD299EB7-7A62-4EF9-8806-86E9288C498F}.Debug|Any CPU.ActiveCfg = Debug|Any CPU
		{BD299EB7-7A62-4EF9-8806-86E9288C498F}.Debug|Any CPU.Build.0 = Debug|Any CPU
		{BD299EB7-7A62-4EF9-8806-86E9288C498F}.Debug|x64.ActiveCfg = Debug|x64
		{BD299EB7-7A62-4EF9-8806-86E9288C498F}.Debug|x64.Build.0 = Debug|x64
		{BD299EB7-7A62-4EF9-8806-86E9288C498F}.Debug|x86.ActiveCfg = Debug|x86
		{BD299EB7-7A62-4EF9-8806-86E9288C498F}.Debug|x86.Build.0 = Debug|x86
		{BD299EB7-7A62-4EF9-8806-86E9288C498F}.Release|Any CPU.ActiveCfg = Release|Any CPU
		{BD299EB7-7A62-4EF9-8806-86E9288C498F}.Release|Any CPU.Build.0 = Release|Any CPU
		{BD299EB7-7A62-4EF9-8806-86E9288C498F}.Release|x64.ActiveCfg = Release|x64
		{BD299EB7-7A62-4EF9-8806-86E9288C498F}.Release|x64.Build.0 = Release|x64
		{BD299EB7-7A62-4EF9-8806-86E9288C498F}.Release|x86.ActiveCfg = Release|x86
		{BD299EB7-7A62-4EF9-8806-86E9288C498F}.Release|x86.Build.0 = Release|x86
		{6CDE2FE3-DEBA-46BA-B395-8F71F87159B0}.Debug|Any CPU.ActiveCfg = Debug|Any CPU
		{6CDE2FE3-DEBA-46BA-B395-8F71F87159B0}.Debug|Any CPU.Build.0 = Debug|Any CPU
		{6CDE2FE3-DEBA-46BA-B395-8F71F87159B0}.Debug|x64.ActiveCfg = Debug|Any CPU
		{6CDE2FE3-DEBA-46BA-B395-8F71F87159B0}.Debug|x64.Build.0 = Debug|Any CPU
		{6CDE2FE3-DEBA-46BA-B395-8F71F87159B0}.Debug|x86.ActiveCfg = Debug|x86
		{6CDE2FE3-DEBA-46BA-B395-8F71F87159B0}.Debug|x86.Build.0 = Debug|x86
		{6CDE2FE3-DEBA-46BA-B395-8F71F87159B0}.Release|Any CPU.ActiveCfg = Release|Any CPU
		{6CDE2FE3-DEBA-46BA-B395-8F71F87159B0}.Release|Any CPU.Build.0 = Release|Any CPU
		{6CDE2FE3-DEBA-46BA-B395-8F71F87159B0}.Release|x64.ActiveCfg = Release|Any CPU
		{6CDE2FE3-DEBA-46BA-B395-8F71F87159B0}.Release|x64.Build.0 = Release|Any CPU
		{6CDE2FE3-DEBA-46BA-B395-8F71F87159B0}.Release|x86.ActiveCfg = Release|x86
		{6CDE2FE3-DEBA-46BA-B395-8F71F87159B0}.Release|x86.Build.0 = Release|x86
		{F9A4070C-1FAF-4D17-A8E6-7EB19D414B05}.Debug|Any CPU.ActiveCfg = Debug|Any CPU
		{F9A4070C-1FAF-4D17-A8E6-7EB19D414B05}.Debug|Any CPU.Build.0 = Debug|Any CPU
		{F9A4070C-1FAF-4D17-A8E6-7EB19D414B05}.Debug|x64.ActiveCfg = Debug|Any CPU
		{F9A4070C-1FAF-4D17-A8E6-7EB19D414B05}.Debug|x64.Build.0 = Debug|Any CPU
		{F9A4070C-1FAF-4D17-A8E6-7EB19D414B05}.Debug|x86.ActiveCfg = Debug|x86
		{F9A4070C-1FAF-4D17-A8E6-7EB19D414B05}.Debug|x86.Build.0 = Debug|x86
		{F9A4070C-1FAF-4D17-A8E6-7EB19D414B05}.Release|Any CPU.ActiveCfg = Release|Any CPU
		{F9A4070C-1FAF-4D17-A8E6-7EB19D414B05}.Release|Any CPU.Build.0 = Release|Any CPU
		{F9A4070C-1FAF-4D17-A8E6-7EB19D414B05}.Release|x64.ActiveCfg = Release|Any CPU
		{F9A4070C-1FAF-4D17-A8E6-7EB19D414B05}.Release|x64.Build.0 = Release|Any CPU
		{F9A4070C-1FAF-4D17-A8E6-7EB19D414B05}.Release|x86.ActiveCfg = Release|x86
		{F9A4070C-1FAF-4D17-A8E6-7EB19D414B05}.Release|x86.Build.0 = Release|x86
		{4DBC8159-1072-41FA-9242-933E12A88EE6}.Debug|Any CPU.ActiveCfg = Debug|Any CPU
		{4DBC8159-1072-41FA-9242-933E12A88EE6}.Debug|Any CPU.Build.0 = Debug|Any CPU
		{4DBC8159-1072-41FA-9242-933E12A88EE6}.Debug|x64.ActiveCfg = Debug|Any CPU
		{4DBC8159-1072-41FA-9242-933E12A88EE6}.Debug|x64.Build.0 = Debug|Any CPU
		{4DBC8159-1072-41FA-9242-933E12A88EE6}.Debug|x86.ActiveCfg = Debug|x86
		{4DBC8159-1072-41FA-9242-933E12A88EE6}.Debug|x86.Build.0 = Debug|x86
		{4DBC8159-1072-41FA-9242-933E12A88EE6}.Release|Any CPU.ActiveCfg = Release|Any CPU
		{4DBC8159-1072-41FA-9242-933E12A88EE6}.Release|Any CPU.Build.0 = Release|Any CPU
		{4DBC8159-1072-41FA-9242-933E12A88EE6}.Release|x64.ActiveCfg = Release|Any CPU
		{4DBC8159-1072-41FA-9242-933E12A88EE6}.Release|x64.Build.0 = Release|Any CPU
		{4DBC8159-1072-41FA-9242-933E12A88EE6}.Release|x86.ActiveCfg = Release|x86
		{4DBC8159-1072-41FA-9242-933E12A88EE6}.Release|x86.Build.0 = Release|x86
		{4CDFEB5C-1808-44AD-9206-0049FF26FA2E}.Debug|Any CPU.ActiveCfg = Debug|Any CPU
		{4CDFEB5C-1808-44AD-9206-0049FF26FA2E}.Debug|Any CPU.Build.0 = Debug|Any CPU
		{4CDFEB5C-1808-44AD-9206-0049FF26FA2E}.Debug|x64.ActiveCfg = Debug|Any CPU
		{4CDFEB5C-1808-44AD-9206-0049FF26FA2E}.Debug|x64.Build.0 = Debug|Any CPU
		{4CDFEB5C-1808-44AD-9206-0049FF26FA2E}.Debug|x86.ActiveCfg = Debug|x86
		{4CDFEB5C-1808-44AD-9206-0049FF26FA2E}.Debug|x86.Build.0 = Debug|x86
		{4CDFEB5C-1808-44AD-9206-0049FF26FA2E}.Release|Any CPU.ActiveCfg = Release|Any CPU
		{4CDFEB5C-1808-44AD-9206-0049FF26FA2E}.Release|Any CPU.Build.0 = Release|Any CPU
		{4CDFEB5C-1808-44AD-9206-0049FF26FA2E}.Release|x64.ActiveCfg = Release|Any CPU
		{4CDFEB5C-1808-44AD-9206-0049FF26FA2E}.Release|x64.Build.0 = Release|Any CPU
		{4CDFEB5C-1808-44AD-9206-0049FF26FA2E}.Release|x86.ActiveCfg = Release|x86
		{4CDFEB5C-1808-44AD-9206-0049FF26FA2E}.Release|x86.Build.0 = Release|x86
		{D7926BE4-E79B-4263-AF3B-351DEB860174}.Debug|Any CPU.ActiveCfg = Debug|Any CPU
		{D7926BE4-E79B-4263-AF3B-351DEB860174}.Debug|Any CPU.Build.0 = Debug|Any CPU
		{D7926BE4-E79B-4263-AF3B-351DEB860174}.Debug|x64.ActiveCfg = Debug|Any CPU
		{D7926BE4-E79B-4263-AF3B-351DEB860174}.Debug|x64.Build.0 = Debug|Any CPU
		{D7926BE4-E79B-4263-AF3B-351DEB860174}.Debug|x86.ActiveCfg = Debug|Any CPU
		{D7926BE4-E79B-4263-AF3B-351DEB860174}.Debug|x86.Build.0 = Debug|Any CPU
		{D7926BE4-E79B-4263-AF3B-351DEB860174}.Release|Any CPU.ActiveCfg = Release|Any CPU
		{D7926BE4-E79B-4263-AF3B-351DEB860174}.Release|Any CPU.Build.0 = Release|Any CPU
		{D7926BE4-E79B-4263-AF3B-351DEB860174}.Release|x64.ActiveCfg = Release|Any CPU
		{D7926BE4-E79B-4263-AF3B-351DEB860174}.Release|x64.Build.0 = Release|Any CPU
		{D7926BE4-E79B-4263-AF3B-351DEB860174}.Release|x86.ActiveCfg = Release|Any CPU
		{D7926BE4-E79B-4263-AF3B-351DEB860174}.Release|x86.Build.0 = Release|Any CPU
		{7E40E3E6-BF8E-45B5-99AF-4E11DAF039FD}.Debug|Any CPU.ActiveCfg = Debug|Any CPU
		{7E40E3E6-BF8E-45B5-99AF-4E11DAF039FD}.Debug|Any CPU.Build.0 = Debug|Any CPU
		{7E40E3E6-BF8E-45B5-99AF-4E11DAF039FD}.Debug|x64.ActiveCfg = Debug|Any CPU
		{7E40E3E6-BF8E-45B5-99AF-4E11DAF039FD}.Debug|x64.Build.0 = Debug|Any CPU
		{7E40E3E6-BF8E-45B5-99AF-4E11DAF039FD}.Debug|x86.ActiveCfg = Debug|x86
		{7E40E3E6-BF8E-45B5-99AF-4E11DAF039FD}.Debug|x86.Build.0 = Debug|x86
		{7E40E3E6-BF8E-45B5-99AF-4E11DAF039FD}.Release|Any CPU.ActiveCfg = Release|Any CPU
		{7E40E3E6-BF8E-45B5-99AF-4E11DAF039FD}.Release|Any CPU.Build.0 = Release|Any CPU
		{7E40E3E6-BF8E-45B5-99AF-4E11DAF039FD}.Release|x64.ActiveCfg = Release|Any CPU
		{7E40E3E6-BF8E-45B5-99AF-4E11DAF039FD}.Release|x64.Build.0 = Release|Any CPU
		{7E40E3E6-BF8E-45B5-99AF-4E11DAF039FD}.Release|x86.ActiveCfg = Release|x86
		{7E40E3E6-BF8E-45B5-99AF-4E11DAF039FD}.Release|x86.Build.0 = Release|x86
		{5CADF1DB-6F23-40C4-A718-ADD510F58722}.Debug|Any CPU.ActiveCfg = Debug|Any CPU
		{5CADF1DB-6F23-40C4-A718-ADD510F58722}.Debug|Any CPU.Build.0 = Debug|Any CPU
		{5CADF1DB-6F23-40C4-A718-ADD510F58722}.Debug|x64.ActiveCfg = Debug|Any CPU
		{5CADF1DB-6F23-40C4-A718-ADD510F58722}.Debug|x64.Build.0 = Debug|Any CPU
		{5CADF1DB-6F23-40C4-A718-ADD510F58722}.Debug|x86.ActiveCfg = Debug|Any CPU
		{5CADF1DB-6F23-40C4-A718-ADD510F58722}.Debug|x86.Build.0 = Debug|Any CPU
		{5CADF1DB-6F23-40C4-A718-ADD510F58722}.Release|Any CPU.ActiveCfg = Release|Any CPU
		{5CADF1DB-6F23-40C4-A718-ADD510F58722}.Release|Any CPU.Build.0 = Release|Any CPU
		{5CADF1DB-6F23-40C4-A718-ADD510F58722}.Release|x64.ActiveCfg = Release|Any CPU
		{5CADF1DB-6F23-40C4-A718-ADD510F58722}.Release|x64.Build.0 = Release|Any CPU
		{5CADF1DB-6F23-40C4-A718-ADD510F58722}.Release|x86.ActiveCfg = Release|Any CPU
		{5CADF1DB-6F23-40C4-A718-ADD510F58722}.Release|x86.Build.0 = Release|Any CPU
		{8CFCA379-577F-434D-B4C7-D0ECA2459EC4}.Debug|Any CPU.ActiveCfg = Debug|Any CPU
		{8CFCA379-577F-434D-B4C7-D0ECA2459EC4}.Debug|Any CPU.Build.0 = Debug|Any CPU
		{8CFCA379-577F-434D-B4C7-D0ECA2459EC4}.Debug|x64.ActiveCfg = Debug|Any CPU
		{8CFCA379-577F-434D-B4C7-D0ECA2459EC4}.Debug|x64.Build.0 = Debug|Any CPU
		{8CFCA379-577F-434D-B4C7-D0ECA2459EC4}.Debug|x86.ActiveCfg = Debug|Any CPU
		{8CFCA379-577F-434D-B4C7-D0ECA2459EC4}.Debug|x86.Build.0 = Debug|Any CPU
		{8CFCA379-577F-434D-B4C7-D0ECA2459EC4}.Release|Any CPU.ActiveCfg = Release|Any CPU
		{8CFCA379-577F-434D-B4C7-D0ECA2459EC4}.Release|Any CPU.Build.0 = Release|Any CPU
		{8CFCA379-577F-434D-B4C7-D0ECA2459EC4}.Release|x64.ActiveCfg = Release|Any CPU
		{8CFCA379-577F-434D-B4C7-D0ECA2459EC4}.Release|x64.Build.0 = Release|Any CPU
		{8CFCA379-577F-434D-B4C7-D0ECA2459EC4}.Release|x86.ActiveCfg = Release|Any CPU
		{8CFCA379-577F-434D-B4C7-D0ECA2459EC4}.Release|x86.Build.0 = Release|Any CPU
		{770C5C40-1055-4692-A50B-59EBF588A3B9}.Debug|Any CPU.ActiveCfg = Debug|Any CPU
		{770C5C40-1055-4692-A50B-59EBF588A3B9}.Debug|Any CPU.Build.0 = Debug|Any CPU
		{770C5C40-1055-4692-A50B-59EBF588A3B9}.Debug|x64.ActiveCfg = Debug|Any CPU
		{770C5C40-1055-4692-A50B-59EBF588A3B9}.Debug|x64.Build.0 = Debug|Any CPU
		{770C5C40-1055-4692-A50B-59EBF588A3B9}.Debug|x86.ActiveCfg = Debug|Any CPU
		{770C5C40-1055-4692-A50B-59EBF588A3B9}.Debug|x86.Build.0 = Debug|Any CPU
		{770C5C40-1055-4692-A50B-59EBF588A3B9}.Release|Any CPU.ActiveCfg = Release|Any CPU
		{770C5C40-1055-4692-A50B-59EBF588A3B9}.Release|Any CPU.Build.0 = Release|Any CPU
		{770C5C40-1055-4692-A50B-59EBF588A3B9}.Release|x64.ActiveCfg = Release|Any CPU
		{770C5C40-1055-4692-A50B-59EBF588A3B9}.Release|x64.Build.0 = Release|Any CPU
		{770C5C40-1055-4692-A50B-59EBF588A3B9}.Release|x86.ActiveCfg = Release|Any CPU
		{770C5C40-1055-4692-A50B-59EBF588A3B9}.Release|x86.Build.0 = Release|Any CPU
	EndGlobalSection
	GlobalSection(SolutionProperties) = preSolution
		HideSolutionNode = FALSE
	EndGlobalSection
	GlobalSection(ExtensibilityGlobals) = postSolution
		SolutionGuid = {6D9796F3-E513-432C-9E9A-61E6E801DE3E}
	EndGlobalSection
EndGlobal
