
Microsoft Visual Studio Solution File, Format Version 12.00
# Visual Studio 14
VisualStudioVersion = 14.0.25420.1
MinimumVisualStudioVersion = 10.0.40219.1
Project("{FAE04EC0-301F-11D3-BF4B-00C04F79EFBC}") = "BatchSWTool", "BatchSW\BatchSWTool-DSC.csproj", "{07723CD8-97D3-45B0-8E06-F397C6EEA6AC}"
EndProject
Project("{F184B08F-C81C-45F6-A57F-5ABD9991F28F}") = "MapWinUtility-DSC", "..\MapWinUtility\MapWinUtility-DSC.vbproj", "{3C991AE4-9EDB-4C24-BAF3-42F7303D7DF3}"
EndProject
Project("{F184B08F-C81C-45F6-A57F-5ABD9991F28F}") = "atcUtility-DSC", "..\atcUtility\atcUtility-DSC.vbproj", "{67027820-9036-481E-80F6-077E5085F59D}"
EndProject
Project("{F184B08F-C81C-45F6-A57F-5ABD9991F28F}") = "atcData-DSC", "..\atcData\atcData-DSC.vbproj", "{A9A00CAD-9EAD-4228-AB08-6DC3BAF253AA}"
EndProject
Project("{F184B08F-C81C-45F6-A57F-5ABD9991F28F}") = "atcBasinsObsWQ-DSC", "..\atcBasinsObsWQ\atcBasinsObsWQ-DSC.vbproj", "{7DCB47A0-7B03-4B7C-BC42-B8D920D46604}"
EndProject
Project("{F184B08F-C81C-45F6-A57F-5ABD9991F28F}") = "atcBatchProcessing-DSC", "..\atcBatchProcessing\atcBatchProcessing-DSC.vbproj", "{7E95FCAA-7B7C-4585-8EE2-58DB97ED9110}"
EndProject
Project("{F184B08F-C81C-45F6-A57F-5ABD9991F28F}") = "atcControls-DSC", "..\atcControls\atcControls-DSC.vbproj", "{B219575F-1541-41DB-9FA4-D9D7CD62B4A5}"
EndProject
Project("{F184B08F-C81C-45F6-A57F-5ABD9991F28F}") = "atcD4EMLauncher-DSC", "..\atcD4EMLauncher\atcD4EMLauncher-DSC.vbproj", "{6CDE2FE3-DEBA-46BA-B395-8F71F87159B0}"
EndProject
Project("{F184B08F-C81C-45F6-A57F-5ABD9991F28F}") = "atcDataTree-DSC", "..\atcDataTree\atcDataTree-DSC.vbproj", "{F4EF0925-945B-418C-9A81-8490D89985DB}"
EndProject
Project("{F184B08F-C81C-45F6-A57F-5ABD9991F28F}") = "atcGraph-DSC", "..\atcGraphExperimental\atcGraph-DSC.vbproj", "{D52E1A9C-E219-4DF7-9CA8-B4FD1B28CEC9}"
EndProject
Project("{F184B08F-C81C-45F6-A57F-5ABD9991F28F}") = "atcIDF-DSC", "..\atcIntegratedDesignFlow\atcIDF-DSC.vbproj", "{EDB3CF95-E4DD-4D02-97E8-CD3D12CC5F86}"
EndProject
Project("{F184B08F-C81C-45F6-A57F-5ABD9991F28F}") = "atcList-DSC", "..\atcList\atcList-DSC.vbproj", "{A1A87CB8-8B9E-4C90-9549-C065357E499F}"
EndProject
Project("{F184B08F-C81C-45F6-A57F-5ABD9991F28F}") = "atcMwGisUtility-DSC", "..\atcMwGisUtility\atcMwGisUtility-DSC.vbproj", "{350D3BE7-35A4-4B09-9D28-DDE2F6B716CD}"
EndProject
Project("{F184B08F-C81C-45F6-A57F-5ABD9991F28F}") = "atcSeasons-DSC", "..\atcSeasons\atcSeasons-DSC.vbproj", "{12F7FDD0-A6EC-4ABE-A01B-790AD8CAEF03}"
EndProject
Project("{F184B08F-C81C-45F6-A57F-5ABD9991F28F}") = "atcTimeseriesBaseflow-DSC", "..\atcTimeseriesBaseflow\atcTimeseriesBaseflow-DSC.vbproj", "{F9A4070C-1FAF-4D17-A8E6-7EB19D414B05}"
EndProject
Project("{F184B08F-C81C-45F6-A57F-5ABD9991F28F}") = "atcTimeseriesMath-DSC", "..\atcTimeseriesMath\atcTimeseriesMath-DSC.vbproj", "{BD299EB7-7A62-4EF9-8806-86E9288C498F}"
EndProject
Project("{F184B08F-C81C-45F6-A57F-5ABD9991F28F}") = "atcTimeseriesNdayHighLow-DSC", "..\atcTimeseriesNdayHighLow\atcTimeseriesNdayHighLow-DSC.vbproj", "{24EEBEFB-2B19-489D-B3AF-9FE00A56346E}"
EndProject
Project("{F184B08F-C81C-45F6-A57F-5ABD9991F28F}") = "atcTimeseriesRDB-DSC", "..\atcTimeseriesRDB\atcTimeseriesRDB-DSC.vbproj", "{82530A5B-FF39-4B9F-8A04-881468DFC662}"
EndProject
Project("{F184B08F-C81C-45F6-A57F-5ABD9991F28F}") = "atcUSGSUtility-DSC", "..\atcUSGSUtility\atcUSGSUtility-DSC.vbproj", "{4DBC8159-1072-41FA-9242-933E12A88EE6}"
EndProject
Project("{F184B08F-C81C-45F6-A57F-5ABD9991F28F}") = "atcTimeseriesStatistics-DSC", "..\atcTimeseriesStatistics\atcTimeseriesStatistics-DSC.vbproj", "{7E40E3E6-BF8E-45B5-99AF-4E11DAF039FD}"
EndProject
Project("{F184B08F-C81C-45F6-A57F-5ABD9991F28F}") = "atcSeasonalAttributes-DSC", "..\atcSeasonalAttributes\atcSeasonalAttributes-DSC.vbproj", "{50FEF6BE-F961-4949-8658-2948DE7B777B}"
EndProject
Global
	GlobalSection(SolutionConfigurationPlatforms) = preSolution
		Debug|Any CPU = Debug|Any CPU
		Debug|x64 = Debug|x64
		Debug|x86 = Debug|x86
		Release|Any CPU = Release|Any CPU
		Release|x64 = Release|x64
		Release|x86 = Release|x86
	EndGlobalSection
	GlobalSection(ProjectConfigurationPlatforms) = postSolution
		{07723CD8-97D3-45B0-8E06-F397C6EEA6AC}.Debug|Any CPU.ActiveCfg = Debug|Any CPU
		{07723CD8-97D3-45B0-8E06-F397C6EEA6AC}.Debug|Any CPU.Build.0 = Debug|Any CPU
		{07723CD8-97D3-45B0-8E06-F397C6EEA6AC}.Debug|x64.ActiveCfg = Debug|Any CPU
		{07723CD8-97D3-45B0-8E06-F397C6EEA6AC}.Debug|x64.Build.0 = Debug|Any CPU
		{07723CD8-97D3-45B0-8E06-F397C6EEA6AC}.Debug|x86.ActiveCfg = Debug|Any CPU
		{07723CD8-97D3-45B0-8E06-F397C6EEA6AC}.Debug|x86.Build.0 = Debug|Any CPU
		{07723CD8-97D3-45B0-8E06-F397C6EEA6AC}.Release|Any CPU.ActiveCfg = Release|Any CPU
		{07723CD8-97D3-45B0-8E06-F397C6EEA6AC}.Release|Any CPU.Build.0 = Release|Any CPU
		{07723CD8-97D3-45B0-8E06-F397C6EEA6AC}.Release|x64.ActiveCfg = Release|Any CPU
		{07723CD8-97D3-45B0-8E06-F397C6EEA6AC}.Release|x64.Build.0 = Release|Any CPU
		{07723CD8-97D3-45B0-8E06-F397C6EEA6AC}.Release|x86.ActiveCfg = Release|Any CPU
		{07723CD8-97D3-45B0-8E06-F397C6EEA6AC}.Release|x86.Build.0 = Release|Any CPU
		{3C991AE4-9EDB-4C24-BAF3-42F7303D7DF3}.Debug|Any CPU.ActiveCfg = Debug|Any CPU
		{3C991AE4-9EDB-4C24-BAF3-42F7303D7DF3}.Debug|Any CPU.Build.0 = Debug|Any CPU
		{3C991AE4-9EDB-4C24-BAF3-42F7303D7DF3}.Debug|x64.ActiveCfg = Debug|x64
		{3C991AE4-9EDB-4C24-BAF3-42F7303D7DF3}.Debug|x64.Build.0 = Debug|x64
		{3C991AE4-9EDB-4C24-BAF3-42F7303D7DF3}.Debug|x86.ActiveCfg = Debug|x86
		{3C991AE4-9EDB-4C24-BAF3-42F7303D7DF3}.Debug|x86.Build.0 = Debug|x86
		{3C991AE4-9EDB-4C24-BAF3-42F7303D7DF3}.Release|Any CPU.ActiveCfg = Release|Any CPU
		{3C991AE4-9EDB-4C24-BAF3-42F7303D7DF3}.Release|Any CPU.Build.0 = Release|Any CPU
		{3C991AE4-9EDB-4C24-BAF3-42F7303D7DF3}.Release|x64.ActiveCfg = Release|x64
		{3C991AE4-9EDB-4C24-BAF3-42F7303D7DF3}.Release|x64.Build.0 = Release|x64
		{3C991AE4-9EDB-4C24-BAF3-42F7303D7DF3}.Release|x86.ActiveCfg = Release|x86
		{3C991AE4-9EDB-4C24-BAF3-42F7303D7DF3}.Release|x86.Build.0 = Release|x86
		{67027820-9036-481E-80F6-077E5085F59D}.Debug|Any CPU.ActiveCfg = Debug|Any CPU
		{67027820-9036-481E-80F6-077E5085F59D}.Debug|Any CPU.Build.0 = Debug|Any CPU
		{67027820-9036-481E-80F6-077E5085F59D}.Debug|x64.ActiveCfg = Debug|Any CPU
		{67027820-9036-481E-80F6-077E5085F59D}.Debug|x64.Build.0 = Debug|Any CPU
		{67027820-9036-481E-80F6-077E5085F59D}.Debug|x86.ActiveCfg = Debug|x86
		{67027820-9036-481E-80F6-077E5085F59D}.Debug|x86.Build.0 = Debug|x86
		{67027820-9036-481E-80F6-077E5085F59D}.Release|Any CPU.ActiveCfg = Release|Any CPU
		{67027820-9036-481E-80F6-077E5085F59D}.Release|Any CPU.Build.0 = Release|Any CPU
		{67027820-9036-481E-80F6-077E5085F59D}.Release|x64.ActiveCfg = Release|Any CPU
		{67027820-9036-481E-80F6-077E5085F59D}.Release|x64.Build.0 = Release|Any CPU
		{67027820-9036-481E-80F6-077E5085F59D}.Release|x86.ActiveCfg = Release|x86
		{67027820-9036-481E-80F6-077E5085F59D}.Release|x86.Build.0 = Release|x86
		{A9A00CAD-9EAD-4228-AB08-6DC3BAF253AA}.Debug|Any CPU.ActiveCfg = Debug|Any CPU
		{A9A00CAD-9EAD-4228-AB08-6DC3BAF253AA}.Debug|Any CPU.Build.0 = Debug|Any CPU
		{A9A00CAD-9EAD-4228-AB08-6DC3BAF253AA}.Debug|x64.ActiveCfg = Debug|x64
		{A9A00CAD-9EAD-4228-AB08-6DC3BAF253AA}.Debug|x64.Build.0 = Debug|x64
		{A9A00CAD-9EAD-4228-AB08-6DC3BAF253AA}.Debug|x86.ActiveCfg = Debug|x86
		{A9A00CAD-9EAD-4228-AB08-6DC3BAF253AA}.Debug|x86.Build.0 = Debug|x86
		{A9A00CAD-9EAD-4228-AB08-6DC3BAF253AA}.Release|Any CPU.ActiveCfg = Release|Any CPU
		{A9A00CAD-9EAD-4228-AB08-6DC3BAF253AA}.Release|Any CPU.Build.0 = Release|Any CPU
		{A9A00CAD-9EAD-4228-AB08-6DC3BAF253AA}.Release|x64.ActiveCfg = Release|x64
		{A9A00CAD-9EAD-4228-AB08-6DC3BAF253AA}.Release|x64.Build.0 = Release|x64
		{A9A00CAD-9EAD-4228-AB08-6DC3BAF253AA}.Release|x86.ActiveCfg = Release|x86
		{A9A00CAD-9EAD-4228-AB08-6DC3BAF253AA}.Release|x86.Build.0 = Release|x86
		{7DCB47A0-7B03-4B7C-BC42-B8D920D46604}.Debug|Any CPU.ActiveCfg = Debug|Any CPU
		{7DCB47A0-7B03-4B7C-BC42-B8D920D46604}.Debug|Any CPU.Build.0 = Debug|Any CPU
		{7DCB47A0-7B03-4B7C-BC42-B8D920D46604}.Debug|x64.ActiveCfg = Debug|x64
		{7DCB47A0-7B03-4B7C-BC42-B8D920D46604}.Debug|x64.Build.0 = Debug|x64
		{7DCB47A0-7B03-4B7C-BC42-B8D920D46604}.Debug|x86.ActiveCfg = Debug|x86
		{7DCB47A0-7B03-4B7C-BC42-B8D920D46604}.Debug|x86.Build.0 = Debug|x86
		{7DCB47A0-7B03-4B7C-BC42-B8D920D46604}.Release|Any CPU.ActiveCfg = Release|Any CPU
		{7DCB47A0-7B03-4B7C-BC42-B8D920D46604}.Release|Any CPU.Build.0 = Release|Any CPU
		{7DCB47A0-7B03-4B7C-BC42-B8D920D46604}.Release|x64.ActiveCfg = Release|x64
		{7DCB47A0-7B03-4B7C-BC42-B8D920D46604}.Release|x64.Build.0 = Release|x64
		{7DCB47A0-7B03-4B7C-BC42-B8D920D46604}.Release|x86.ActiveCfg = Release|x86
		{7DCB47A0-7B03-4B7C-BC42-B8D920D46604}.Release|x86.Build.0 = Release|x86
		{7E95FCAA-7B7C-4585-8EE2-58DB97ED9110}.Debug|Any CPU.ActiveCfg = Debug|Any CPU
		{7E95FCAA-7B7C-4585-8EE2-58DB97ED9110}.Debug|Any CPU.Build.0 = Debug|Any CPU
		{7E95FCAA-7B7C-4585-8EE2-58DB97ED9110}.Debug|x64.ActiveCfg = Debug|Any CPU
		{7E95FCAA-7B7C-4585-8EE2-58DB97ED9110}.Debug|x64.Build.0 = Debug|Any CPU
		{7E95FCAA-7B7C-4585-8EE2-58DB97ED9110}.Debug|x86.ActiveCfg = Debug|x86
		{7E95FCAA-7B7C-4585-8EE2-58DB97ED9110}.Debug|x86.Build.0 = Debug|x86
		{7E95FCAA-7B7C-4585-8EE2-58DB97ED9110}.Release|Any CPU.ActiveCfg = Release|Any CPU
		{7E95FCAA-7B7C-4585-8EE2-58DB97ED9110}.Release|Any CPU.Build.0 = Release|Any CPU
		{7E95FCAA-7B7C-4585-8EE2-58DB97ED9110}.Release|x64.ActiveCfg = Release|Any CPU
		{7E95FCAA-7B7C-4585-8EE2-58DB97ED9110}.Release|x64.Build.0 = Release|Any CPU
		{7E95FCAA-7B7C-4585-8EE2-58DB97ED9110}.Release|x86.ActiveCfg = Release|x86
		{7E95FCAA-7B7C-4585-8EE2-58DB97ED9110}.Release|x86.Build.0 = Release|x86
		{B219575F-1541-41DB-9FA4-D9D7CD62B4A5}.Debug|Any CPU.ActiveCfg = Debug|Any CPU
		{B219575F-1541-41DB-9FA4-D9D7CD62B4A5}.Debug|Any CPU.Build.0 = Debug|Any CPU
		{B219575F-1541-41DB-9FA4-D9D7CD62B4A5}.Debug|x64.ActiveCfg = Debug|x64
		{B219575F-1541-41DB-9FA4-D9D7CD62B4A5}.Debug|x64.Build.0 = Debug|x64
		{B219575F-1541-41DB-9FA4-D9D7CD62B4A5}.Debug|x86.ActiveCfg = Debug|x86
		{B219575F-1541-41DB-9FA4-D9D7CD62B4A5}.Debug|x86.Build.0 = Debug|x86
		{B219575F-1541-41DB-9FA4-D9D7CD62B4A5}.Release|Any CPU.ActiveCfg = Release|Any CPU
		{B219575F-1541-41DB-9FA4-D9D7CD62B4A5}.Release|Any CPU.Build.0 = Release|Any CPU
		{B219575F-1541-41DB-9FA4-D9D7CD62B4A5}.Release|x64.ActiveCfg = Release|x64
		{B219575F-1541-41DB-9FA4-D9D7CD62B4A5}.Release|x64.Build.0 = Release|x64
		{B219575F-1541-41DB-9FA4-D9D7CD62B4A5}.Release|x86.ActiveCfg = Release|x86
		{B219575F-1541-41DB-9FA4-D9D7CD62B4A5}.Release|x86.Build.0 = Release|x86
		{6CDE2FE3-DEBA-46BA-B395-8F71F87159B0}.Debug|Any CPU.ActiveCfg = Debug|Any CPU
		{6CDE2FE3-DEBA-46BA-B395-8F71F87159B0}.Debug|Any CPU.Build.0 = Debug|Any CPU
		{6CDE2FE3-DEBA-46BA-B395-8F71F87159B0}.Debug|x64.ActiveCfg = Debug|Any CPU
		{6CDE2FE3-DEBA-46BA-B395-8F71F87159B0}.Debug|x64.Build.0 = Debug|Any CPU
		{6CDE2FE3-DEBA-46BA-B395-8F71F87159B0}.Debug|x86.ActiveCfg = Debug|x86
		{6CDE2FE3-DEBA-46BA-B395-8F71F87159B0}.Debug|x86.Build.0 = Debug|x86
		{6CDE2FE3-DEBA-46BA-B395-8F71F87159B0}.Release|Any CPU.ActiveCfg = Release|Any CPU
		{6CDE2FE3-DEBA-46BA-B395-8F71F87159B0}.Release|Any CPU.Build.0 = Release|Any CPU
		{6CDE2FE3-DEBA-46BA-B395-8F71F87159B0}.Release|x64.ActiveCfg = Release|Any CPU
		{6CDE2FE3-DEBA-46BA-B395-8F71F87159B0}.Release|x64.Build.0 = Release|Any CPU
		{6CDE2FE3-DEBA-46BA-B395-8F71F87159B0}.Release|x86.ActiveCfg = Release|x86
		{6CDE2FE3-DEBA-46BA-B395-8F71F87159B0}.Release|x86.Build.0 = Release|x86
		{F4EF0925-945B-418C-9A81-8490D89985DB}.Debug|Any CPU.ActiveCfg = Debug|Any CPU
		{F4EF0925-945B-418C-9A81-8490D89985DB}.Debug|Any CPU.Build.0 = Debug|Any CPU
		{F4EF0925-945B-418C-9A81-8490D89985DB}.Debug|x64.ActiveCfg = Debug|Any CPU
		{F4EF0925-945B-418C-9A81-8490D89985DB}.Debug|x64.Build.0 = Debug|Any CPU
		{F4EF0925-945B-418C-9A81-8490D89985DB}.Debug|x86.ActiveCfg = Debug|x86
		{F4EF0925-945B-418C-9A81-8490D89985DB}.Debug|x86.Build.0 = Debug|x86
		{F4EF0925-945B-418C-9A81-8490D89985DB}.Release|Any CPU.ActiveCfg = Release|Any CPU
		{F4EF0925-945B-418C-9A81-8490D89985DB}.Release|Any CPU.Build.0 = Release|Any CPU
		{F4EF0925-945B-418C-9A81-8490D89985DB}.Release|x64.ActiveCfg = Release|Any CPU
		{F4EF0925-945B-418C-9A81-8490D89985DB}.Release|x64.Build.0 = Release|Any CPU
		{F4EF0925-945B-418C-9A81-8490D89985DB}.Release|x86.ActiveCfg = Release|x86
		{F4EF0925-945B-418C-9A81-8490D89985DB}.Release|x86.Build.0 = Release|x86
		{D52E1A9C-E219-4DF7-9CA8-B4FD1B28CEC9}.Debug|Any CPU.ActiveCfg = Debug|Any CPU
		{D52E1A9C-E219-4DF7-9CA8-B4FD1B28CEC9}.Debug|Any CPU.Build.0 = Debug|Any CPU
		{D52E1A9C-E219-4DF7-9CA8-B4FD1B28CEC9}.Debug|x64.ActiveCfg = Debug|Any CPU
		{D52E1A9C-E219-4DF7-9CA8-B4FD1B28CEC9}.Debug|x64.Build.0 = Debug|Any CPU
		{D52E1A9C-E219-4DF7-9CA8-B4FD1B28CEC9}.Debug|x86.ActiveCfg = Debug|x86
		{D52E1A9C-E219-4DF7-9CA8-B4FD1B28CEC9}.Debug|x86.Build.0 = Debug|x86
		{D52E1A9C-E219-4DF7-9CA8-B4FD1B28CEC9}.Release|Any CPU.ActiveCfg = Release|Any CPU
		{D52E1A9C-E219-4DF7-9CA8-B4FD1B28CEC9}.Release|Any CPU.Build.0 = Release|Any CPU
		{D52E1A9C-E219-4DF7-9CA8-B4FD1B28CEC9}.Release|x64.ActiveCfg = Release|Any CPU
		{D52E1A9C-E219-4DF7-9CA8-B4FD1B28CEC9}.Release|x64.Build.0 = Release|Any CPU
		{D52E1A9C-E219-4DF7-9CA8-B4FD1B28CEC9}.Release|x86.ActiveCfg = Release|x86
		{D52E1A9C-E219-4DF7-9CA8-B4FD1B28CEC9}.Release|x86.Build.0 = Release|x86
		{EDB3CF95-E4DD-4D02-97E8-CD3D12CC5F86}.Debug|Any CPU.ActiveCfg = Debug|Any CPU
		{EDB3CF95-E4DD-4D02-97E8-CD3D12CC5F86}.Debug|Any CPU.Build.0 = Debug|Any CPU
		{EDB3CF95-E4DD-4D02-97E8-CD3D12CC5F86}.Debug|x64.ActiveCfg = Debug|x64
		{EDB3CF95-E4DD-4D02-97E8-CD3D12CC5F86}.Debug|x64.Build.0 = Debug|x64
		{EDB3CF95-E4DD-4D02-97E8-CD3D12CC5F86}.Debug|x86.ActiveCfg = Debug|x86
		{EDB3CF95-E4DD-4D02-97E8-CD3D12CC5F86}.Debug|x86.Build.0 = Debug|x86
		{EDB3CF95-E4DD-4D02-97E8-CD3D12CC5F86}.Release|Any CPU.ActiveCfg = Release|Any CPU
		{EDB3CF95-E4DD-4D02-97E8-CD3D12CC5F86}.Release|Any CPU.Build.0 = Release|Any CPU
		{EDB3CF95-E4DD-4D02-97E8-CD3D12CC5F86}.Release|x64.ActiveCfg = Release|x64
		{EDB3CF95-E4DD-4D02-97E8-CD3D12CC5F86}.Release|x64.Build.0 = Release|x64
		{EDB3CF95-E4DD-4D02-97E8-CD3D12CC5F86}.Release|x86.ActiveCfg = Release|x86
		{EDB3CF95-E4DD-4D02-97E8-CD3D12CC5F86}.Release|x86.Build.0 = Release|x86
		{A1A87CB8-8B9E-4C90-9549-C065357E499F}.Debug|Any CPU.ActiveCfg = Debug|Any CPU
		{A1A87CB8-8B9E-4C90-9549-C065357E499F}.Debug|Any CPU.Build.0 = Debug|Any CPU
		{A1A87CB8-8B9E-4C90-9549-C065357E499F}.Debug|x64.ActiveCfg = Debug|x64
		{A1A87CB8-8B9E-4C90-9549-C065357E499F}.Debug|x64.Build.0 = Debug|x64
		{A1A87CB8-8B9E-4C90-9549-C065357E499F}.Debug|x86.ActiveCfg = Debug|x86
		{A1A87CB8-8B9E-4C90-9549-C065357E499F}.Debug|x86.Build.0 = Debug|x86
		{A1A87CB8-8B9E-4C90-9549-C065357E499F}.Release|Any CPU.ActiveCfg = Release|Any CPU
		{A1A87CB8-8B9E-4C90-9549-C065357E499F}.Release|Any CPU.Build.0 = Release|Any CPU
		{A1A87CB8-8B9E-4C90-9549-C065357E499F}.Release|x64.ActiveCfg = Release|x64
		{A1A87CB8-8B9E-4C90-9549-C065357E499F}.Release|x64.Build.0 = Release|x64
		{A1A87CB8-8B9E-4C90-9549-C065357E499F}.Release|x86.ActiveCfg = Release|x86
		{A1A87CB8-8B9E-4C90-9549-C065357E499F}.Release|x86.Build.0 = Release|x86
		{350D3BE7-35A4-4B09-9D28-DDE2F6B716CD}.Debug|Any CPU.ActiveCfg = Debug|Any CPU
		{350D3BE7-35A4-4B09-9D28-DDE2F6B716CD}.Debug|Any CPU.Build.0 = Debug|Any CPU
		{350D3BE7-35A4-4B09-9D28-DDE2F6B716CD}.Debug|x64.ActiveCfg = Debug|x64
		{350D3BE7-35A4-4B09-9D28-DDE2F6B716CD}.Debug|x64.Build.0 = Debug|x64
		{350D3BE7-35A4-4B09-9D28-DDE2F6B716CD}.Debug|x86.ActiveCfg = Debug|x86
		{350D3BE7-35A4-4B09-9D28-DDE2F6B716CD}.Debug|x86.Build.0 = Debug|x86
		{350D3BE7-35A4-4B09-9D28-DDE2F6B716CD}.Release|Any CPU.ActiveCfg = Release|Any CPU
		{350D3BE7-35A4-4B09-9D28-DDE2F6B716CD}.Release|Any CPU.Build.0 = Release|Any CPU
		{350D3BE7-35A4-4B09-9D28-DDE2F6B716CD}.Release|x64.ActiveCfg = Release|x64
		{350D3BE7-35A4-4B09-9D28-DDE2F6B716CD}.Release|x64.Build.0 = Release|x64
		{350D3BE7-35A4-4B09-9D28-DDE2F6B716CD}.Release|x86.ActiveCfg = Release|x86
		{350D3BE7-35A4-4B09-9D28-DDE2F6B716CD}.Release|x86.Build.0 = Release|x86
		{12F7FDD0-A6EC-4ABE-A01B-790AD8CAEF03}.Debug|Any CPU.ActiveCfg = Debug|Any CPU
		{12F7FDD0-A6EC-4ABE-A01B-790AD8CAEF03}.Debug|Any CPU.Build.0 = Debug|Any CPU
		{12F7FDD0-A6EC-4ABE-A01B-790AD8CAEF03}.Debug|x64.ActiveCfg = Debug|Any CPU
		{12F7FDD0-A6EC-4ABE-A01B-790AD8CAEF03}.Debug|x64.Build.0 = Debug|Any CPU
		{12F7FDD0-A6EC-4ABE-A01B-790AD8CAEF03}.Debug|x86.ActiveCfg = Debug|x86
		{12F7FDD0-A6EC-4ABE-A01B-790AD8CAEF03}.Debug|x86.Build.0 = Debug|x86
		{12F7FDD0-A6EC-4ABE-A01B-790AD8CAEF03}.Release|Any CPU.ActiveCfg = Release|Any CPU
		{12F7FDD0-A6EC-4ABE-A01B-790AD8CAEF03}.Release|Any CPU.Build.0 = Release|Any CPU
		{12F7FDD0-A6EC-4ABE-A01B-790AD8CAEF03}.Release|x64.ActiveCfg = Release|Any CPU
		{12F7FDD0-A6EC-4ABE-A01B-790AD8CAEF03}.Release|x64.Build.0 = Release|Any CPU
		{12F7FDD0-A6EC-4ABE-A01B-790AD8CAEF03}.Release|x86.ActiveCfg = Release|x86
		{12F7FDD0-A6EC-4ABE-A01B-790AD8CAEF03}.Release|x86.Build.0 = Release|x86
		{F9A4070C-1FAF-4D17-A8E6-7EB19D414B05}.Debug|Any CPU.ActiveCfg = Debug|Any CPU
		{F9A4070C-1FAF-4D17-A8E6-7EB19D414B05}.Debug|Any CPU.Build.0 = Debug|Any CPU
		{F9A4070C-1FAF-4D17-A8E6-7EB19D414B05}.Debug|x64.ActiveCfg = Debug|Any CPU
		{F9A4070C-1FAF-4D17-A8E6-7EB19D414B05}.Debug|x64.Build.0 = Debug|Any CPU
		{F9A4070C-1FAF-4D17-A8E6-7EB19D414B05}.Debug|x86.ActiveCfg = Debug|x86
		{F9A4070C-1FAF-4D17-A8E6-7EB19D414B05}.Debug|x86.Build.0 = Debug|x86
		{F9A4070C-1FAF-4D17-A8E6-7EB19D414B05}.Release|Any CPU.ActiveCfg = Release|Any CPU
		{F9A4070C-1FAF-4D17-A8E6-7EB19D414B05}.Release|Any CPU.Build.0 = Release|Any CPU
		{F9A4070C-1FAF-4D17-A8E6-7EB19D414B05}.Release|x64.ActiveCfg = Release|Any CPU
		{F9A4070C-1FAF-4D17-A8E6-7EB19D414B05}.Release|x64.Build.0 = Release|Any CPU
		{F9A4070C-1FAF-4D17-A8E6-7EB19D414B05}.Release|x86.ActiveCfg = Release|x86
		{F9A4070C-1FAF-4D17-A8E6-7EB19D414B05}.Release|x86.Build.0 = Release|x86
		{BD299EB7-7A62-4EF9-8806-86E9288C498F}.Debug|Any CPU.ActiveCfg = Debug|Any CPU
		{BD299EB7-7A62-4EF9-8806-86E9288C498F}.Debug|Any CPU.Build.0 = Debug|Any CPU
		{BD299EB7-7A62-4EF9-8806-86E9288C498F}.Debug|x64.ActiveCfg = Debug|x64
		{BD299EB7-7A62-4EF9-8806-86E9288C498F}.Debug|x64.Build.0 = Debug|x64
		{BD299EB7-7A62-4EF9-8806-86E9288C498F}.Debug|x86.ActiveCfg = Debug|x86
		{BD299EB7-7A62-4EF9-8806-86E9288C498F}.Debug|x86.Build.0 = Debug|x86
		{BD299EB7-7A62-4EF9-8806-86E9288C498F}.Release|Any CPU.ActiveCfg = Release|Any CPU
		{BD299EB7-7A62-4EF9-8806-86E9288C498F}.Release|Any CPU.Build.0 = Release|Any CPU
		{BD299EB7-7A62-4EF9-8806-86E9288C498F}.Release|x64.ActiveCfg = Release|x64
		{BD299EB7-7A62-4EF9-8806-86E9288C498F}.Release|x64.Build.0 = Release|x64
		{BD299EB7-7A62-4EF9-8806-86E9288C498F}.Release|x86.ActiveCfg = Release|x86
		{BD299EB7-7A62-4EF9-8806-86E9288C498F}.Release|x86.Build.0 = Release|x86
		{24EEBEFB-2B19-489D-B3AF-9FE00A56346E}.Debug|Any CPU.ActiveCfg = Debug|Any CPU
		{24EEBEFB-2B19-489D-B3AF-9FE00A56346E}.Debug|Any CPU.Build.0 = Debug|Any CPU
		{24EEBEFB-2B19-489D-B3AF-9FE00A56346E}.Debug|x64.ActiveCfg = Debug|Any CPU
		{24EEBEFB-2B19-489D-B3AF-9FE00A56346E}.Debug|x64.Build.0 = Debug|Any CPU
		{24EEBEFB-2B19-489D-B3AF-9FE00A56346E}.Debug|x86.ActiveCfg = Debug|x86
		{24EEBEFB-2B19-489D-B3AF-9FE00A56346E}.Debug|x86.Build.0 = Debug|x86
		{24EEBEFB-2B19-489D-B3AF-9FE00A56346E}.Release|Any CPU.ActiveCfg = Release|Any CPU
		{24EEBEFB-2B19-489D-B3AF-9FE00A56346E}.Release|Any CPU.Build.0 = Release|Any CPU
		{24EEBEFB-2B19-489D-B3AF-9FE00A56346E}.Release|x64.ActiveCfg = Release|Any CPU
		{24EEBEFB-2B19-489D-B3AF-9FE00A56346E}.Release|x64.Build.0 = Release|Any CPU
		{24EEBEFB-2B19-489D-B3AF-9FE00A56346E}.Release|x86.ActiveCfg = Release|x86
		{24EEBEFB-2B19-489D-B3AF-9FE00A56346E}.Release|x86.Build.0 = Release|x86
		{82530A5B-FF39-4B9F-8A04-881468DFC662}.Debug|Any CPU.ActiveCfg = Debug|Any CPU
		{82530A5B-FF39-4B9F-8A04-881468DFC662}.Debug|Any CPU.Build.0 = Debug|Any CPU
		{82530A5B-FF39-4B9F-8A04-881468DFC662}.Debug|x64.ActiveCfg = Debug|x64
		{82530A5B-FF39-4B9F-8A04-881468DFC662}.Debug|x64.Build.0 = Debug|x64
		{82530A5B-FF39-4B9F-8A04-881468DFC662}.Debug|x86.ActiveCfg = Debug|x86
		{82530A5B-FF39-4B9F-8A04-881468DFC662}.Debug|x86.Build.0 = Debug|x86
		{82530A5B-FF39-4B9F-8A04-881468DFC662}.Release|Any CPU.ActiveCfg = Release|Any CPU
		{82530A5B-FF39-4B9F-8A04-881468DFC662}.Release|Any CPU.Build.0 = Release|Any CPU
		{82530A5B-FF39-4B9F-8A04-881468DFC662}.Release|x64.ActiveCfg = Release|x64
		{82530A5B-FF39-4B9F-8A04-881468DFC662}.Release|x64.Build.0 = Release|x64
		{82530A5B-FF39-4B9F-8A04-881468DFC662}.Release|x86.ActiveCfg = Release|x86
		{82530A5B-FF39-4B9F-8A04-881468DFC662}.Release|x86.Build.0 = Release|x86
		{4DBC8159-1072-41FA-9242-933E12A88EE6}.Debug|Any CPU.ActiveCfg = Debug|Any CPU
		{4DBC8159-1072-41FA-9242-933E12A88EE6}.Debug|Any CPU.Build.0 = Debug|Any CPU
		{4DBC8159-1072-41FA-9242-933E12A88EE6}.Debug|x64.ActiveCfg = Debug|Any CPU
		{4DBC8159-1072-41FA-9242-933E12A88EE6}.Debug|x64.Build.0 = Debug|Any CPU
		{4DBC8159-1072-41FA-9242-933E12A88EE6}.Debug|x86.ActiveCfg = Debug|x86
		{4DBC8159-1072-41FA-9242-933E12A88EE6}.Debug|x86.Build.0 = Debug|x86
		{4DBC8159-1072-41FA-9242-933E12A88EE6}.Release|Any CPU.ActiveCfg = Release|Any CPU
		{4DBC8159-1072-41FA-9242-933E12A88EE6}.Release|Any CPU.Build.0 = Release|Any CPU
		{4DBC8159-1072-41FA-9242-933E12A88EE6}.Release|x64.ActiveCfg = Release|Any CPU
		{4DBC8159-1072-41FA-9242-933E12A88EE6}.Release|x64.Build.0 = Release|Any CPU
		{4DBC8159-1072-41FA-9242-933E12A88EE6}.Release|x86.ActiveCfg = Release|x86
		{4DBC8159-1072-41FA-9242-933E12A88EE6}.Release|x86.Build.0 = Release|x86
		{7E40E3E6-BF8E-45B5-99AF-4E11DAF039FD}.Debug|Any CPU.ActiveCfg = Debug|Any CPU
		{7E40E3E6-BF8E-45B5-99AF-4E11DAF039FD}.Debug|Any CPU.Build.0 = Debug|Any CPU
		{7E40E3E6-BF8E-45B5-99AF-4E11DAF039FD}.Debug|x64.ActiveCfg = Debug|Any CPU
		{7E40E3E6-BF8E-45B5-99AF-4E11DAF039FD}.Debug|x64.Build.0 = Debug|Any CPU
		{7E40E3E6-BF8E-45B5-99AF-4E11DAF039FD}.Debug|x86.ActiveCfg = Debug|x86
		{7E40E3E6-BF8E-45B5-99AF-4E11DAF039FD}.Debug|x86.Build.0 = Debug|x86
		{7E40E3E6-BF8E-45B5-99AF-4E11DAF039FD}.Release|Any CPU.ActiveCfg = Release|Any CPU
		{7E40E3E6-BF8E-45B5-99AF-4E11DAF039FD}.Release|Any CPU.Build.0 = Release|Any CPU
		{7E40E3E6-BF8E-45B5-99AF-4E11DAF039FD}.Release|x64.ActiveCfg = Release|Any CPU
		{7E40E3E6-BF8E-45B5-99AF-4E11DAF039FD}.Release|x64.Build.0 = Release|Any CPU
		{7E40E3E6-BF8E-45B5-99AF-4E11DAF039FD}.Release|x86.ActiveCfg = Release|x86
		{7E40E3E6-BF8E-45B5-99AF-4E11DAF039FD}.Release|x86.Build.0 = Release|x86
		{50FEF6BE-F961-4949-8658-2948DE7B777B}.Debug|Any CPU.ActiveCfg = Debug|Any CPU
		{50FEF6BE-F961-4949-8658-2948DE7B777B}.Debug|Any CPU.Build.0 = Debug|Any CPU
		{50FEF6BE-F961-4949-8658-2948DE7B777B}.Debug|x64.ActiveCfg = Debug|Any CPU
		{50FEF6BE-F961-4949-8658-2948DE7B777B}.Debug|x64.Build.0 = Debug|Any CPU
		{50FEF6BE-F961-4949-8658-2948DE7B777B}.Debug|x86.ActiveCfg = Debug|x86
		{50FEF6BE-F961-4949-8658-2948DE7B777B}.Debug|x86.Build.0 = Debug|x86
		{50FEF6BE-F961-4949-8658-2948DE7B777B}.Release|Any CPU.ActiveCfg = Release|Any CPU
		{50FEF6BE-F961-4949-8658-2948DE7B777B}.Release|Any CPU.Build.0 = Release|Any CPU
		{50FEF6BE-F961-4949-8658-2948DE7B777B}.Release|x64.ActiveCfg = Release|Any CPU
		{50FEF6BE-F961-4949-8658-2948DE7B777B}.Release|x64.Build.0 = Release|Any CPU
		{50FEF6BE-F961-4949-8658-2948DE7B777B}.Release|x86.ActiveCfg = Release|x86
		{50FEF6BE-F961-4949-8658-2948DE7B777B}.Release|x86.Build.0 = Release|x86
	EndGlobalSection
	GlobalSection(SolutionProperties) = preSolution
		HideSolutionNode = FALSE
	EndGlobalSection
	GlobalSection(ExtensibilityGlobals) = postSolution
		SolutionGuid = {87A187B8-0840-4AB4-B69A-BEEB3455F4DB}
	EndGlobalSection
EndGlobal
