Microsoft Visual Studio Solution File, Format Version 9.00
# Visual Basic Express 2005
Project("{F184B08F-C81C-45F6-A57F-5ABD9991F28F}") = "StatusMonitor", "StatusMonitor.vbproj", "{241DE3DB-4EE8-4839-948E-DE366DF0BD9F}"
EndProject
Global
	GlobalSection(SolutionConfigurationPlatforms) = preSolution
		Debug|Any CPU = Debug|Any CPU
		Release|Any CPU = Release|Any CPU
	EndGlobalSection
	GlobalSection(ProjectConfigurationPlatforms) = postSolution
		{241DE3DB-4EE8-4839-948E-DE366DF0BD9F}.Debug|Any CPU.ActiveCfg = Debug|Any CPU
		{241DE3DB-4EE8-4839-948E-DE366DF0BD9F}.Debug|Any CPU.Build.0 = Debug|Any CPU
		{241DE3DB-4EE8-4839-948E-DE366DF0BD9F}.Release|Any CPU.ActiveCfg = Release|Any CPU
		{241DE3DB-4EE8-4839-948E-DE366DF0BD9F}.Release|Any CPU.Build.0 = Release|Any CPU
	EndGlobalSection
	GlobalSection(SolutionProperties) = preSolution
		HideSolutionNode = FALSE
	EndGlobalSection
EndGlobal
