
Microsoft Visual Studio Solution File, Format Version 12.00
# Visual Studio Version 16
VisualStudioVersion = 16.0.30611.23
MinimumVisualStudioVersion = 10.0.40219.1
Project("{FAE04EC0-301F-11D3-BF4B-00C04F79EFBC}") = "D4EMDownloadDebugger", "D4EMDownloadDebugger.csproj", "{2457C094-AFB0-4DF7-AE68-B750878B0096}"
EndProject
Global
	GlobalSection(SolutionConfigurationPlatforms) = preSolution
		Debug|Any CPU = Debug|Any CPU
		Release|Any CPU = Release|Any CPU
	EndGlobalSection
	GlobalSection(ProjectConfigurationPlatforms) = postSolution
		{2457C094-AFB0-4DF7-AE68-B750878B0096}.Debug|Any CPU.ActiveCfg = Debug|Any CPU
		{2457C094-AFB0-4DF7-AE68-B750878B0096}.Debug|Any CPU.Build.0 = Debug|Any CPU
		{2457C094-AFB0-4DF7-AE68-B750878B0096}.Release|Any CPU.ActiveCfg = Release|Any CPU
		{2457C094-AFB0-4DF7-AE68-B750878B0096}.Release|Any CPU.Build.0 = Release|Any CPU
	EndGlobalSection
	GlobalSection(SolutionProperties) = preSolution
		HideSolutionNode = FALSE
	EndGlobalSection
	GlobalSection(ExtensibilityGlobals) = postSolution
		SolutionGuid = {97286CC3-320F-4BB6-B19C-CC2D6408D6D4}
	EndGlobalSection
EndGlobal
